// !$*UTF8*$!
{
	archiveVersion = 1;
	classes = {
	};
	objectVersion = 56;
	objects = {

/* Begin PBXBuildFile section */
		81E7FF232C6C6C2700200CF2 /* Enum+Text.swift in Sources */ = {isa = PBXBuildFile; fileRef = 81E7FF112C6C6C2700200CF2 /* Enum+Text.swift */; };
		81E7FF242C6C6C2700200CF2 /* Extension+UIView.swift in Sources */ = {isa = PBXBuildFile; fileRef = 81E7FF132C6C6C2700200CF2 /* Extension+UIView.swift */; };
		81E7FF252C6C6C2700200CF2 /* ViewController.swift in Sources */ = {isa = PBXBuildFile; fileRef = 81E7FF152C6C6C2700200CF2 /* ViewController.swift */; };
		81E7FF262C6C6C2700200CF2 /* AppDelegate.swift in Sources */ = {isa = PBXBuildFile; fileRef = 81E7FF172C6C6C2700200CF2 /* AppDelegate.swift */; };
		81E7FF272C6C6C2700200CF2 /* Assets.xcassets in Resources */ = {isa = PBXBuildFile; fileRef = 81E7FF182C6C6C2700200CF2 /* Assets.xcassets */; };
		81E7FF292C6C6C2700200CF2 /* LaunchScreen.storyboard in Resources */ = {isa = PBXBuildFile; fileRef = 81E7FF1B2C6C6C2700200CF2 /* LaunchScreen.storyboard */; };
		81E7FF2A2C6C6C2700200CF2 /* SceneDelegate.swift in Sources */ = {isa = PBXBuildFile; fileRef = 81E7FF1C2C6C6C2700200CF2 /* SceneDelegate.swift */; };
		81E7FF2B2C6C6C2700200CF2 /* InputType.swift in Sources */ = {isa = PBXBuildFile; fileRef = 81E7FF1E2C6C6C2700200CF2 /* InputType.swift */; };
		81E7FF2D2C6C6C4D00200CF2 /* README.md in Resources */ = {isa = PBXBuildFile; fileRef = 81E7FF2C2C6C6C4D00200CF2 /* README.md */; };
		81E7FF2F2C6C6C9800200CF2 /* .gitignore in Resources */ = {isa = PBXBuildFile; fileRef = 81E7FF2E2C6C6C9800200CF2 /* .gitignore */; };
		81E7FF312C6C6CA200200CF2 /* ENV.swift in Sources */ = {isa = PBXBuildFile; fileRef = 81E7FF302C6C6CA200200CF2 /* ENV.swift */; };
/* End PBXBuildFile section */

/* Begin PBXFileReference section */
		81E7FEFA2C6C6BBD00200CF2 /* runwithu.app */ = {isa = PBXFileReference; explicitFileType = wrapper.application; includeInIndex = 0; path = runwithu.app; sourceTree = BUILT_PRODUCTS_DIR; };
		81E7FF0B2C6C6BBE00200CF2 /* Info.plist */ = {isa = PBXFileReference; lastKnownFileType = text.plist.xml; path = Info.plist; sourceTree = "<group>"; };
		81E7FF112C6C6C2700200CF2 /* Enum+Text.swift */ = {isa = PBXFileReference; fileEncoding = 4; lastKnownFileType = sourcecode.swift; path = "Enum+Text.swift"; sourceTree = "<group>"; };
		81E7FF132C6C6C2700200CF2 /* Extension+UIView.swift */ = {isa = PBXFileReference; fileEncoding = 4; lastKnownFileType = sourcecode.swift; path = "Extension+UIView.swift"; sourceTree = "<group>"; };
		81E7FF152C6C6C2700200CF2 /* ViewController.swift */ = {isa = PBXFileReference; fileEncoding = 4; lastKnownFileType = sourcecode.swift; path = ViewController.swift; sourceTree = "<group>"; };
		81E7FF172C6C6C2700200CF2 /* AppDelegate.swift */ = {isa = PBXFileReference; fileEncoding = 4; lastKnownFileType = sourcecode.swift; path = AppDelegate.swift; sourceTree = "<group>"; };
		81E7FF182C6C6C2700200CF2 /* Assets.xcassets */ = {isa = PBXFileReference; lastKnownFileType = folder.assetcatalog; path = Assets.xcassets; sourceTree = "<group>"; };
		81E7FF1A2C6C6C2700200CF2 /* Base */ = {isa = PBXFileReference; lastKnownFileType = file.storyboard; name = Base; path = Base.lproj/LaunchScreen.storyboard; sourceTree = "<group>"; };
		81E7FF1C2C6C6C2700200CF2 /* SceneDelegate.swift */ = {isa = PBXFileReference; fileEncoding = 4; lastKnownFileType = sourcecode.swift; path = SceneDelegate.swift; sourceTree = "<group>"; };
		81E7FF1E2C6C6C2700200CF2 /* InputType.swift */ = {isa = PBXFileReference; fileEncoding = 4; lastKnownFileType = sourcecode.swift; path = InputType.swift; sourceTree = "<group>"; };
		81E7FF2C2C6C6C4D00200CF2 /* README.md */ = {isa = PBXFileReference; fileEncoding = 4; lastKnownFileType = net.daringfireball.markdown; path = README.md; sourceTree = "<group>"; };
		81E7FF2E2C6C6C9800200CF2 /* .gitignore */ = {isa = PBXFileReference; lastKnownFileType = text; path = .gitignore; sourceTree = "<group>"; };
		81E7FF302C6C6CA200200CF2 /* ENV.swift */ = {isa = PBXFileReference; lastKnownFileType = sourcecode.swift; path = ENV.swift; sourceTree = "<group>"; };
/* End PBXFileReference section */

/* Begin PBXFrameworksBuildPhase section */
		81E7FEF72C6C6BBD00200CF2 /* Frameworks */ = {
			isa = PBXFrameworksBuildPhase;
			buildActionMask = 2147483647;
			files = (
			);
			runOnlyForDeploymentPostprocessing = 0;
		};
/* End PBXFrameworksBuildPhase section */

/* Begin PBXGroup section */
		81E7FEF12C6C6BBD00200CF2 = {
			isa = PBXGroup;
			children = (
				81E7FF2E2C6C6C9800200CF2 /* .gitignore */,
				81E7FF2C2C6C6C4D00200CF2 /* README.md */,
				81E7FEFC2C6C6BBD00200CF2 /* runwithu */,
				81E7FEFB2C6C6BBD00200CF2 /* Products */,
			);
			sourceTree = "<group>";
		};
		81E7FEFB2C6C6BBD00200CF2 /* Products */ = {
			isa = PBXGroup;
			children = (
				81E7FEFA2C6C6BBD00200CF2 /* runwithu.app */,
			);
			name = Products;
			sourceTree = "<group>";
		};
		81E7FEFC2C6C6BBD00200CF2 /* runwithu */ = {
			isa = PBXGroup;
			children = (
				81E7FF1D2C6C6C2700200CF2 /* App */,
				81E7FF122C6C6C2700200CF2 /* Constant */,
				81E7FF142C6C6C2700200CF2 /* Extension */,
				81E7FF222C6C6C2700200CF2 /* Model */,
				81E7FF162C6C6C2700200CF2 /* Presentation */,
				81E7FF1F2C6C6C2700200CF2 /* Protocol */,
				81E7FF0B2C6C6BBE00200CF2 /* Info.plist */,
			);
			path = runwithu;
			sourceTree = "<group>";
		};
		81E7FF122C6C6C2700200CF2 /* Constant */ = {
			isa = PBXGroup;
			children = (
				81E7FF112C6C6C2700200CF2 /* Enum+Text.swift */,
			);
			path = Constant;
			sourceTree = "<group>";
		};
		81E7FF142C6C6C2700200CF2 /* Extension */ = {
			isa = PBXGroup;
			children = (
				81E7FF132C6C6C2700200CF2 /* Extension+UIView.swift */,
			);
			path = Extension;
			sourceTree = "<group>";
		};
		81E7FF162C6C6C2700200CF2 /* Presentation */ = {
			isa = PBXGroup;
			children = (
				81E7FF152C6C6C2700200CF2 /* ViewController.swift */,
			);
			path = Presentation;
			sourceTree = "<group>";
		};
		81E7FF1D2C6C6C2700200CF2 /* App */ = {
			isa = PBXGroup;
			children = (
				81E7FF172C6C6C2700200CF2 /* AppDelegate.swift */,
				81E7FF182C6C6C2700200CF2 /* Assets.xcassets */,
				81E7FF1B2C6C6C2700200CF2 /* LaunchScreen.storyboard */,
				81E7FF1C2C6C6C2700200CF2 /* SceneDelegate.swift */,
				81E7FF302C6C6CA200200CF2 /* ENV.swift */,
			);
			path = App;
			sourceTree = "<group>";
		};
		81E7FF1F2C6C6C2700200CF2 /* Protocol */ = {
			isa = PBXGroup;
			children = (
				81E7FF1E2C6C6C2700200CF2 /* InputType.swift */,
			);
			path = Protocol;
			sourceTree = "<group>";
		};
		81E7FF202C6C6C2700200CF2 /* Input */ = {
			isa = PBXGroup;
			children = (
			);
			path = Input;
			sourceTree = "<group>";
		};
		81E7FF212C6C6C2700200CF2 /* Output */ = {
			isa = PBXGroup;
			children = (
			);
			path = Output;
			sourceTree = "<group>";
		};
		81E7FF222C6C6C2700200CF2 /* Model */ = {
			isa = PBXGroup;
			children = (
				81E7FF202C6C6C2700200CF2 /* Input */,
				81E7FF212C6C6C2700200CF2 /* Output */,
			);
			path = Model;
			sourceTree = "<group>";
		};
/* End PBXGroup section */

/* Begin PBXNativeTarget section */
		81E7FEF92C6C6BBD00200CF2 /* runwithu */ = {
			isa = PBXNativeTarget;
			buildConfigurationList = 81E7FF0E2C6C6BBE00200CF2 /* Build configuration list for PBXNativeTarget "runwithu" */;
			buildPhases = (
				81E7FEF62C6C6BBD00200CF2 /* Sources */,
				81E7FEF72C6C6BBD00200CF2 /* Frameworks */,
				81E7FEF82C6C6BBD00200CF2 /* Resources */,
			);
			buildRules = (
			);
			dependencies = (
			);
			name = runwithu;
			productName = runwithu;
			productReference = 81E7FEFA2C6C6BBD00200CF2 /* runwithu.app */;
			productType = "com.apple.product-type.application";
		};
/* End PBXNativeTarget section */

/* Begin PBXProject section */
		81E7FEF22C6C6BBD00200CF2 /* Project object */ = {
			isa = PBXProject;
			attributes = {
				BuildIndependentTargetsInParallel = 1;
				LastSwiftUpdateCheck = 1540;
				LastUpgradeCheck = 1540;
				TargetAttributes = {
					81E7FEF92C6C6BBD00200CF2 = {
						CreatedOnToolsVersion = 15.4;
					};
				};
			};
			buildConfigurationList = 81E7FEF52C6C6BBD00200CF2 /* Build configuration list for PBXProject "runwithu" */;
			compatibilityVersion = "Xcode 14.0";
			developmentRegion = en;
			hasScannedForEncodings = 0;
			knownRegions = (
				en,
				Base,
			);
			mainGroup = 81E7FEF12C6C6BBD00200CF2;
			productRefGroup = 81E7FEFB2C6C6BBD00200CF2 /* Products */;
			projectDirPath = "";
			projectRoot = "";
			targets = (
				81E7FEF92C6C6BBD00200CF2 /* runwithu */,
			);
		};
/* End PBXProject section */

/* Begin PBXResourcesBuildPhase section */
		81E7FEF82C6C6BBD00200CF2 /* Resources */ = {
			isa = PBXResourcesBuildPhase;
			buildActionMask = 2147483647;
			files = (
				81E7FF2F2C6C6C9800200CF2 /* .gitignore in Resources */,
				81E7FF2D2C6C6C4D00200CF2 /* README.md in Resources */,
				81E7FF272C6C6C2700200CF2 /* Assets.xcassets in Resources */,
				81E7FF292C6C6C2700200CF2 /* LaunchScreen.storyboard in Resources */,
			);
			runOnlyForDeploymentPostprocessing = 0;
		};
/* End PBXResourcesBuildPhase section */

/* Begin PBXSourcesBuildPhase section */
		81E7FEF62C6C6BBD00200CF2 /* Sources */ = {
			isa = PBXSourcesBuildPhase;
			buildActionMask = 2147483647;
			files = (
				81E7FF312C6C6CA200200CF2 /* ENV.swift in Sources */,
				81E7FF252C6C6C2700200CF2 /* ViewController.swift in Sources */,
				81E7FF2A2C6C6C2700200CF2 /* SceneDelegate.swift in Sources */,
				81E7FF242C6C6C2700200CF2 /* Extension+UIView.swift in Sources */,
				81E7FF262C6C6C2700200CF2 /* AppDelegate.swift in Sources */,
				81E7FF2B2C6C6C2700200CF2 /* InputType.swift in Sources */,
				81E7FF232C6C6C2700200CF2 /* Enum+Text.swift in Sources */,
			);
			runOnlyForDeploymentPostprocessing = 0;
		};
/* End PBXSourcesBuildPhase section */

/* Begin PBXVariantGroup section */
		81E7FF1B2C6C6C2700200CF2 /* LaunchScreen.storyboard */ = {
			isa = PBXVariantGroup;
			children = (
				81E7FF1A2C6C6C2700200CF2 /* Base */,
			);
			name = LaunchScreen.storyboard;
			sourceTree = "<group>";
		};
/* End PBXVariantGroup section */

/* Begin XCBuildConfiguration section */
		81E7FF0C2C6C6BBE00200CF2 /* Debug */ = {
			isa = XCBuildConfiguration;
			buildSettings = {
				ALWAYS_SEARCH_USER_PATHS = NO;
				ASSETCATALOG_COMPILER_GENERATE_SWIFT_ASSET_SYMBOL_EXTENSIONS = YES;
				CLANG_ANALYZER_NONNULL = YES;
				CLANG_ANALYZER_NUMBER_OBJECT_CONVERSION = YES_AGGRESSIVE;
				CLANG_CXX_LANGUAGE_STANDARD = "gnu++20";
				CLANG_ENABLE_MODULES = YES;
				CLANG_ENABLE_OBJC_ARC = YES;
				CLANG_ENABLE_OBJC_WEAK = YES;
				CLANG_WARN_BLOCK_CAPTURE_AUTORELEASING = YES;
				CLANG_WARN_BOOL_CONVERSION = YES;
				CLANG_WARN_COMMA = YES;
				CLANG_WARN_CONSTANT_CONVERSION = YES;
				CLANG_WARN_DEPRECATED_OBJC_IMPLEMENTATIONS = YES;
				CLANG_WARN_DIRECT_OBJC_ISA_USAGE = YES_ERROR;
				CLANG_WARN_DOCUMENTATION_COMMENTS = YES;
				CLANG_WARN_EMPTY_BODY = YES;
				CLANG_WARN_ENUM_CONVERSION = YES;
				CLANG_WARN_INFINITE_RECURSION = YES;
				CLANG_WARN_INT_CONVERSION = YES;
				CLANG_WARN_NON_LITERAL_NULL_CONVERSION = YES;
				CLANG_WARN_OBJC_IMPLICIT_RETAIN_SELF = YES;
				CLANG_WARN_OBJC_LITERAL_CONVERSION = YES;
				CLANG_WARN_OBJC_ROOT_CLASS = YES_ERROR;
				CLANG_WARN_QUOTED_INCLUDE_IN_FRAMEWORK_HEADER = YES;
				CLANG_WARN_RANGE_LOOP_ANALYSIS = YES;
				CLANG_WARN_STRICT_PROTOTYPES = YES;
				CLANG_WARN_SUSPICIOUS_MOVE = YES;
				CLANG_WARN_UNGUARDED_AVAILABILITY = YES_AGGRESSIVE;
				CLANG_WARN_UNREACHABLE_CODE = YES;
				CLANG_WARN__DUPLICATE_METHOD_MATCH = YES;
				COPY_PHASE_STRIP = NO;
				DEBUG_INFORMATION_FORMAT = dwarf;
				ENABLE_STRICT_OBJC_MSGSEND = YES;
				ENABLE_TESTABILITY = YES;
				ENABLE_USER_SCRIPT_SANDBOXING = YES;
				GCC_C_LANGUAGE_STANDARD = gnu17;
				GCC_DYNAMIC_NO_PIC = NO;
				GCC_NO_COMMON_BLOCKS = YES;
				GCC_OPTIMIZATION_LEVEL = 0;
				GCC_PREPROCESSOR_DEFINITIONS = (
					"DEBUG=1",
					"$(inherited)",
				);
				GCC_WARN_64_TO_32_BIT_CONVERSION = YES;
				GCC_WARN_ABOUT_RETURN_TYPE = YES_ERROR;
				GCC_WARN_UNDECLARED_SELECTOR = YES;
				GCC_WARN_UNINITIALIZED_AUTOS = YES_AGGRESSIVE;
				GCC_WARN_UNUSED_FUNCTION = YES;
				GCC_WARN_UNUSED_VARIABLE = YES;
				IPHONEOS_DEPLOYMENT_TARGET = 16.0;
				LOCALIZATION_PREFERS_STRING_CATALOGS = YES;
				MTL_ENABLE_DEBUG_INFO = INCLUDE_SOURCE;
				MTL_FAST_MATH = YES;
				ONLY_ACTIVE_ARCH = YES;
				SDKROOT = iphoneos;
				SWIFT_ACTIVE_COMPILATION_CONDITIONS = "DEBUG $(inherited)";
				SWIFT_OPTIMIZATION_LEVEL = "-Onone";
			};
			name = Debug;
		};
		81E7FF0D2C6C6BBE00200CF2 /* Release */ = {
			isa = XCBuildConfiguration;
			buildSettings = {
				ALWAYS_SEARCH_USER_PATHS = NO;
				ASSETCATALOG_COMPILER_GENERATE_SWIFT_ASSET_SYMBOL_EXTENSIONS = YES;
				CLANG_ANALYZER_NONNULL = YES;
				CLANG_ANALYZER_NUMBER_OBJECT_CONVERSION = YES_AGGRESSIVE;
				CLANG_CXX_LANGUAGE_STANDARD = "gnu++20";
				CLANG_ENABLE_MODULES = YES;
				CLANG_ENABLE_OBJC_ARC = YES;
				CLANG_ENABLE_OBJC_WEAK = YES;
				CLANG_WARN_BLOCK_CAPTURE_AUTORELEASING = YES;
				CLANG_WARN_BOOL_CONVERSION = YES;
				CLANG_WARN_COMMA = YES;
				CLANG_WARN_CONSTANT_CONVERSION = YES;
				CLANG_WARN_DEPRECATED_OBJC_IMPLEMENTATIONS = YES;
				CLANG_WARN_DIRECT_OBJC_ISA_USAGE = YES_ERROR;
				CLANG_WARN_DOCUMENTATION_COMMENTS = YES;
				CLANG_WARN_EMPTY_BODY = YES;
				CLANG_WARN_ENUM_CONVERSION = YES;
				CLANG_WARN_INFINITE_RECURSION = YES;
				CLANG_WARN_INT_CONVERSION = YES;
				CLANG_WARN_NON_LITERAL_NULL_CONVERSION = YES;
				CLANG_WARN_OBJC_IMPLICIT_RETAIN_SELF = YES;
				CLANG_WARN_OBJC_LITERAL_CONVERSION = YES;
				CLANG_WARN_OBJC_ROOT_CLASS = YES_ERROR;
				CLANG_WARN_QUOTED_INCLUDE_IN_FRAMEWORK_HEADER = YES;
				CLANG_WARN_RANGE_LOOP_ANALYSIS = YES;
				CLANG_WARN_STRICT_PROTOTYPES = YES;
				CLANG_WARN_SUSPICIOUS_MOVE = YES;
				CLANG_WARN_UNGUARDED_AVAILABILITY = YES_AGGRESSIVE;
				CLANG_WARN_UNREACHABLE_CODE = YES;
				CLANG_WARN__DUPLICATE_METHOD_MATCH = YES;
				COPY_PHASE_STRIP = NO;
				DEBUG_INFORMATION_FORMAT = "dwarf-with-dsym";
				ENABLE_NS_ASSERTIONS = NO;
				ENABLE_STRICT_OBJC_MSGSEND = YES;
				ENABLE_USER_SCRIPT_SANDBOXING = YES;
				GCC_C_LANGUAGE_STANDARD = gnu17;
				GCC_NO_COMMON_BLOCKS = YES;
				GCC_WARN_64_TO_32_BIT_CONVERSION = YES;
				GCC_WARN_ABOUT_RETURN_TYPE = YES_ERROR;
				GCC_WARN_UNDECLARED_SELECTOR = YES;
				GCC_WARN_UNINITIALIZED_AUTOS = YES_AGGRESSIVE;
				GCC_WARN_UNUSED_FUNCTION = YES;
				GCC_WARN_UNUSED_VARIABLE = YES;
				IPHONEOS_DEPLOYMENT_TARGET = 16.0;
				LOCALIZATION_PREFERS_STRING_CATALOGS = YES;
				MTL_ENABLE_DEBUG_INFO = NO;
				MTL_FAST_MATH = YES;
				SDKROOT = iphoneos;
				SWIFT_COMPILATION_MODE = wholemodule;
				VALIDATE_PRODUCT = YES;
			};
			name = Release;
		};
		81E7FF0F2C6C6BBE00200CF2 /* Debug */ = {
			isa = XCBuildConfiguration;
			buildSettings = {
				ASSETCATALOG_COMPILER_APPICON_NAME = AppIcon;
				ASSETCATALOG_COMPILER_GLOBAL_ACCENT_COLOR_NAME = AccentColor;
				CODE_SIGN_STYLE = Automatic;
				CURRENT_PROJECT_VERSION = 1;
				DEVELOPMENT_TEAM = YM49LMS87D;
				GENERATE_INFOPLIST_FILE = YES;
				INFOPLIST_FILE = runwithu/Info.plist;
				INFOPLIST_KEY_CFBundleDisplayName = "런윗유 - 함께 달려요";
				INFOPLIST_KEY_UIApplicationSupportsIndirectInputEvents = YES;
				INFOPLIST_KEY_UILaunchStoryboardName = LaunchScreen;
				INFOPLIST_KEY_UISupportedInterfaceOrientations = UIInterfaceOrientationPortrait;
				INFOPLIST_KEY_UISupportedInterfaceOrientations_iPad = UIInterfaceOrientationPortrait;
				IPHONEOS_DEPLOYMENT_TARGET = 16.0;
				LD_RUNPATH_SEARCH_PATHS = (
					"$(inherited)",
					"@executable_path/Frameworks",
				);
				MARKETING_VERSION = 0.0.1;
				PRODUCT_BUNDLE_IDENTIFIER = teamhk.runwithu;
				PRODUCT_NAME = "$(TARGET_NAME)";
				SUPPORTED_PLATFORMS = "iphoneos iphonesimulator";
				SUPPORTS_MACCATALYST = NO;
				SUPPORTS_MAC_DESIGNED_FOR_IPHONE_IPAD = NO;
				SUPPORTS_XR_DESIGNED_FOR_IPHONE_IPAD = NO;
				SWIFT_EMIT_LOC_STRINGS = YES;
				SWIFT_VERSION = 5.0;
				TARGETED_DEVICE_FAMILY = 1;
			};
			name = Debug;
		};
		81E7FF102C6C6BBE00200CF2 /* Release */ = {
			isa = XCBuildConfiguration;
			buildSettings = {
				ASSETCATALOG_COMPILER_APPICON_NAME = AppIcon;
				ASSETCATALOG_COMPILER_GLOBAL_ACCENT_COLOR_NAME = AccentColor;
				CODE_SIGN_STYLE = Automatic;
				CURRENT_PROJECT_VERSION = 1;
				DEVELOPMENT_TEAM = YM49LMS87D;
				GENERATE_INFOPLIST_FILE = YES;
				INFOPLIST_FILE = runwithu/Info.plist;
				INFOPLIST_KEY_CFBundleDisplayName = "런윗유 - 함께 달려요";
				INFOPLIST_KEY_UIApplicationSupportsIndirectInputEvents = YES;
				INFOPLIST_KEY_UILaunchStoryboardName = LaunchScreen;
				INFOPLIST_KEY_UISupportedInterfaceOrientations = UIInterfaceOrientationPortrait;
				INFOPLIST_KEY_UISupportedInterfaceOrientations_iPad = UIInterfaceOrientationPortrait;
				IPHONEOS_DEPLOYMENT_TARGET = 16.0;
				LD_RUNPATH_SEARCH_PATHS = (
					"$(inherited)",
					"@executable_path/Frameworks",
				);
				MARKETING_VERSION = 0.0.1;
				PRODUCT_BUNDLE_IDENTIFIER = teamhk.runwithu;
				PRODUCT_NAME = "$(TARGET_NAME)";
				SUPPORTED_PLATFORMS = "iphoneos iphonesimulator";
				SUPPORTS_MACCATALYST = NO;
				SUPPORTS_MAC_DESIGNED_FOR_IPHONE_IPAD = NO;
				SUPPORTS_XR_DESIGNED_FOR_IPHONE_IPAD = NO;
				SWIFT_EMIT_LOC_STRINGS = YES;
				SWIFT_VERSION = 5.0;
				TARGETED_DEVICE_FAMILY = 1;
			};
			name = Release;
		};
/* End XCBuildConfiguration section */

/* Begin XCConfigurationList section */
		81E7FEF52C6C6BBD00200CF2 /* Build configuration list for PBXProject "runwithu" */ = {
			isa = XCConfigurationList;
			buildConfigurations = (
				81E7FF0C2C6C6BBE00200CF2 /* Debug */,
				81E7FF0D2C6C6BBE00200CF2 /* Release */,
			);
			defaultConfigurationIsVisible = 0;
			defaultConfigurationName = Release;
		};
		81E7FF0E2C6C6BBE00200CF2 /* Build configuration list for PBXNativeTarget "runwithu" */ = {
			isa = XCConfigurationList;
			buildConfigurations = (
				81E7FF0F2C6C6BBE00200CF2 /* Debug */,
				81E7FF102C6C6BBE00200CF2 /* Release */,
			);
			defaultConfigurationIsVisible = 0;
			defaultConfigurationName = Release;
		};
/* End XCConfigurationList section */
	};
	rootObject = 81E7FEF22C6C6BBD00200CF2 /* Project object */;
}
