// !$*UTF8*$!
{
	archiveVersion = 1;
	classes = {
	};
	objectVersion = 56;
	objects = {

/* Begin PBXBuildFile section */
		811D37712C737DA70017E17C /* BottomSheetTableCell.swift in Sources */ = {isa = PBXBuildFile; fileRef = 811D37702C737DA70017E17C /* BottomSheetTableCell.swift */; };
		811D37732C737DCB0017E17C /* BaseTableViewCell.swift in Sources */ = {isa = PBXBuildFile; fileRef = 811D37722C737DCB0017E17C /* BaseTableViewCell.swift */; };
		811D37782C7382420017E17C /* RunningGroupCreateViewController.swift in Sources */ = {isa = PBXBuildFile; fileRef = 811D37772C7382420017E17C /* RunningGroupCreateViewController.swift */; };
		811D377A2C73824D0017E17C /* RunningGroupCreateView.swift in Sources */ = {isa = PBXBuildFile; fileRef = 811D37792C73824D0017E17C /* RunningGroupCreateView.swift */; };
		811D377C2C73825D0017E17C /* RunningGroupCreateViewModel.swift in Sources */ = {isa = PBXBuildFile; fileRef = 811D377B2C73825D0017E17C /* RunningGroupCreateViewModel.swift */; };
		811D377E2C7390C00017E17C /* RoundedInputViewWithTitle.swift in Sources */ = {isa = PBXBuildFile; fileRef = 811D377D2C7390C00017E17C /* RoundedInputViewWithTitle.swift */; };
		811D37802C73912D0017E17C /* BaseTextFieldRounded.swift in Sources */ = {isa = PBXBuildFile; fileRef = 811D377F2C73912D0017E17C /* BaseTextFieldRounded.swift */; };
		811D37822C7404170017E17C /* RoundedTextViewWithTitle.swift in Sources */ = {isa = PBXBuildFile; fileRef = 811D37812C7404170017E17C /* RoundedTextViewWithTitle.swift */; };
		813548FD2C8033E800F975FB /* ProductPostCell.swift in Sources */ = {isa = PBXBuildFile; fileRef = 813548FC2C8033E800F975FB /* ProductPostCell.swift */; };
		813548FF2C80348D00F975FB /* CapsuledLabel.swift in Sources */ = {isa = PBXBuildFile; fileRef = 813548FE2C80348D00F975FB /* CapsuledLabel.swift */; };
		813549022C8062D300F975FB /* MCEmojiPicker in Frameworks */ = {isa = PBXBuildFile; productRef = 813549012C8062D300F975FB /* MCEmojiPicker */; };
		813549052C80BDBE00F975FB /* ImageTestVC.swift in Sources */ = {isa = PBXBuildFile; fileRef = 813549042C80BDBE00F975FB /* ImageTestVC.swift */; };
		813FC4DA2C7DE7A0003E23B3 /* EpilogueImageCollectionCell.swift in Sources */ = {isa = PBXBuildFile; fileRef = 813FC4D92C7DE7A0003E23B3 /* EpilogueImageCollectionCell.swift */; };
		8157F1672C7C3A3E00661BB6 /* BaseCommentsView.swift in Sources */ = {isa = PBXBuildFile; fileRef = 8157F1662C7C3A3E00661BB6 /* BaseCommentsView.swift */; };
		8157F1692C7C516D00661BB6 /* CommentsDTO.swift in Sources */ = {isa = PBXBuildFile; fileRef = 8157F1682C7C516D00661BB6 /* CommentsDTO.swift */; };
		8157F16C2C7C78F200661BB6 /* RunningGroupDetailView.swift in Sources */ = {isa = PBXBuildFile; fileRef = 8157F16B2C7C78F200661BB6 /* RunningGroupDetailView.swift */; };
		8157F16E2C7C791100661BB6 /* RunningGroupDetailViewModel.swift in Sources */ = {isa = PBXBuildFile; fileRef = 8157F16D2C7C791100661BB6 /* RunningGroupDetailViewModel.swift */; };
		8157F1702C7C796800661BB6 /* RunningGroupDetailViewController.swift in Sources */ = {isa = PBXBuildFile; fileRef = 8157F16F2C7C796800661BB6 /* RunningGroupDetailViewController.swift */; };
		8157F1722C7CA4EF00661BB6 /* RunningGroupDetailInfoViewController.swift in Sources */ = {isa = PBXBuildFile; fileRef = 8157F1712C7CA4EF00661BB6 /* RunningGroupDetailInfoViewController.swift */; };
		8157F1742C7CA8D700661BB6 /* RunningGroupDetailInfoView.swift in Sources */ = {isa = PBXBuildFile; fileRef = 8157F1732C7CA8D700661BB6 /* RunningGroupDetailInfoView.swift */; };
		8157F1762C7CA8E500661BB6 /* RunnigGroupDetailInfoViewModel.swift in Sources */ = {isa = PBXBuildFile; fileRef = 8157F1752C7CA8E500661BB6 /* RunnigGroupDetailInfoViewModel.swift */; };
		8157F1782C7CC10900661BB6 /* RunningGroupEntryCell.swift in Sources */ = {isa = PBXBuildFile; fileRef = 8157F1772C7CC10900661BB6 /* RunningGroupEntryCell.swift */; };
		8157F17B2C7CC6B100661BB6 /* InvitationDetailView.swift in Sources */ = {isa = PBXBuildFile; fileRef = 8157F17A2C7CC6B100661BB6 /* InvitationDetailView.swift */; };
		8157F17D2C7CC6B900661BB6 /* InvitationDetailViewModel.swift in Sources */ = {isa = PBXBuildFile; fileRef = 8157F17C2C7CC6B900661BB6 /* InvitationDetailViewModel.swift */; };
		8157F17F2C7CC6C300661BB6 /* InvitationDetailViewController.swift in Sources */ = {isa = PBXBuildFile; fileRef = 8157F17E2C7CC6C300661BB6 /* InvitationDetailViewController.swift */; };
		8157F1812C7D35C200661BB6 /* BaseUserImage.swift in Sources */ = {isa = PBXBuildFile; fileRef = 8157F1802C7D35C200661BB6 /* BaseUserImage.swift */; };
		8157F18D2C7D9EFB00661BB6 /* iamport-ios in Frameworks */ = {isa = PBXBuildFile; productRef = 8157F18C2C7D9EFB00661BB6 /* iamport-ios */; };
		8157F1912C7DB84300661BB6 /* PostLikeDTO.swift in Sources */ = {isa = PBXBuildFile; fileRef = 8157F1902C7DB84300661BB6 /* PostLikeDTO.swift */; };
		8157F1942C7DC82200661BB6 /* RunningEpilogueDetailView.swift in Sources */ = {isa = PBXBuildFile; fileRef = 8157F1932C7DC82200661BB6 /* RunningEpilogueDetailView.swift */; };
		8157F1962C7DC84000661BB6 /* RunningEpilogueDetailViewModel.swift in Sources */ = {isa = PBXBuildFile; fileRef = 8157F1952C7DC84000661BB6 /* RunningEpilogueDetailViewModel.swift */; };
		8157F1982C7DC88000661BB6 /* RunningEpilogueDetailViewController.swift in Sources */ = {isa = PBXBuildFile; fileRef = 8157F1972C7DC88000661BB6 /* RunningEpilogueDetailViewController.swift */; };
		818533A02C7EF88A00647F97 /* UserDefaultsManager.swift in Sources */ = {isa = PBXBuildFile; fileRef = 8185339F2C7EF88A00647F97 /* UserDefaultsManager.swift */; };
		818533A22C7F3C5200647F97 /* CommunityMenuCell.swift in Sources */ = {isa = PBXBuildFile; fileRef = 818533A12C7F3C5200647F97 /* CommunityMenuCell.swift */; };
		818533A52C7F5B8B00647F97 /* QnaPostCell.swift in Sources */ = {isa = PBXBuildFile; fileRef = 818533A42C7F5B8B00647F97 /* QnaPostCell.swift */; };
		818533A72C7F7AAD00647F97 /* EpiloguePostCell.swift in Sources */ = {isa = PBXBuildFile; fileRef = 818533A62C7F7AAD00647F97 /* EpiloguePostCell.swift */; };
		81876E592C80C84B00381427 /* RxDataSources in Frameworks */ = {isa = PBXBuildFile; productRef = 81876E582C80C84B00381427 /* RxDataSources */; };
		81876E5C2C81872E00381427 /* GroupListCollectionCell.swift in Sources */ = {isa = PBXBuildFile; fileRef = 81876E5B2C81872E00381427 /* GroupListCollectionCell.swift */; };
		81876E5E2C818F6600381427 /* GroupListTableCell.swift in Sources */ = {isa = PBXBuildFile; fileRef = 81876E5D2C818F6600381427 /* GroupListTableCell.swift */; };
		81876E612C81FA0A00381427 /* ProductDetailView.swift in Sources */ = {isa = PBXBuildFile; fileRef = 81876E602C81FA0A00381427 /* ProductDetailView.swift */; };
		81876E632C81FA2A00381427 /* ProductDetailViewModel.swift in Sources */ = {isa = PBXBuildFile; fileRef = 81876E622C81FA2A00381427 /* ProductDetailViewModel.swift */; };
		81876E652C81FA6F00381427 /* ProducteDetailViewController.swift in Sources */ = {isa = PBXBuildFile; fileRef = 81876E642C81FA6F00381427 /* ProducteDetailViewController.swift */; };
		81876E672C8407CE00381427 /* RunningGroupPostStack.swift in Sources */ = {isa = PBXBuildFile; fileRef = 81876E662C8407CE00381427 /* RunningGroupPostStack.swift */; };
		81A3B8EB2C744972009AD659 /* RunningGroupPreviewView.swift in Sources */ = {isa = PBXBuildFile; fileRef = 81A3B8EA2C744972009AD659 /* RunningGroupPreviewView.swift */; };
		81A3B8ED2C745054009AD659 /* StepBar.swift in Sources */ = {isa = PBXBuildFile; fileRef = 81A3B8EC2C745054009AD659 /* StepBar.swift */; };
		81A3B8EF2C74AFB6009AD659 /* RunningGroupListViewController.swift in Sources */ = {isa = PBXBuildFile; fileRef = 81A3B8EE2C74AFB6009AD659 /* RunningGroupListViewController.swift */; };
		81A3B8F12C74AFCE009AD659 /* RunningGroupListViewModel.swift in Sources */ = {isa = PBXBuildFile; fileRef = 81A3B8F02C74AFCE009AD659 /* RunningGroupListViewModel.swift */; };
		81A3B8F32C74B003009AD659 /* RunningGroupListView.swift in Sources */ = {isa = PBXBuildFile; fileRef = 81A3B8F22C74B003009AD659 /* RunningGroupListView.swift */; };
		81A3B8F52C74B18D009AD659 /* PlusButton.swift in Sources */ = {isa = PBXBuildFile; fileRef = 81A3B8F42C74B18D009AD659 /* PlusButton.swift */; };
		81A3B8F72C74B77E009AD659 /* Extension+UIImage.swift in Sources */ = {isa = PBXBuildFile; fileRef = 81A3B8F62C74B77E009AD659 /* Extension+UIImage.swift */; };
		81A3B90A2C74E45D009AD659 /* ENV.swift in Sources */ = {isa = PBXBuildFile; fileRef = 81A3B9092C74E45D009AD659 /* ENV.swift */; };
		81A3B90F2C74EB97009AD659 /* RunningInvitationCreateView.swift in Sources */ = {isa = PBXBuildFile; fileRef = 81A3B90E2C74EB97009AD659 /* RunningInvitationCreateView.swift */; };
		81A3B9112C74EBBA009AD659 /* RunningInvitationCreateViewModel.swift in Sources */ = {isa = PBXBuildFile; fileRef = 81A3B9102C74EBBA009AD659 /* RunningInvitationCreateViewModel.swift */; };
		81A3B9142C74EBEA009AD659 /* RunningInvitationCreateViewController.swift in Sources */ = {isa = PBXBuildFile; fileRef = 81A3B9132C74EBEA009AD659 /* RunningInvitationCreateViewController.swift */; };
		81A3B9162C74EE19009AD659 /* Extension+UIButton.swift in Sources */ = {isa = PBXBuildFile; fileRef = 81A3B9152C74EE19009AD659 /* Extension+UIButton.swift */; };
		81A3B9182C7565D2009AD659 /* RoundedDatePickerView.swift in Sources */ = {isa = PBXBuildFile; fileRef = 81A3B9172C7565D2009AD659 /* RoundedDatePickerView.swift */; };
		81A3B9342C757F6A009AD659 /* RectangleView.swift in Sources */ = {isa = PBXBuildFile; fileRef = 81A3B9332C757F6A009AD659 /* RectangleView.swift */; };
		81A3B9382C759B4C009AD659 /* RoundedAddUserView.swift in Sources */ = {isa = PBXBuildFile; fileRef = 81A3B9372C759B4C009AD659 /* RoundedAddUserView.swift */; };
		81A3B93A2C75BC52009AD659 /* BaseCollectionViewCell.swift in Sources */ = {isa = PBXBuildFile; fileRef = 81A3B9392C75BC52009AD659 /* BaseCollectionViewCell.swift */; };
		81A3B93C2C75BC8D009AD659 /* RunningInvitedUserCell.swift in Sources */ = {isa = PBXBuildFile; fileRef = 81A3B93B2C75BC8D009AD659 /* RunningInvitedUserCell.swift */; };
		81A3B93E2C75CC2D009AD659 /* Extension+UITextField.swift in Sources */ = {isa = PBXBuildFile; fileRef = 81A3B93D2C75CC2D009AD659 /* Extension+UITextField.swift */; };
		81A3B9452C75E077009AD659 /* ProfileView.swift in Sources */ = {isa = PBXBuildFile; fileRef = 81A3B9442C75E076009AD659 /* ProfileView.swift */; };
		81A3B9482C75E080009AD659 /* ProfileViewModel.swift in Sources */ = {isa = PBXBuildFile; fileRef = 81A3B9472C75E080009AD659 /* ProfileViewModel.swift */; };
		81A3B94A2C75E357009AD659 /* ProfileViewController.swift in Sources */ = {isa = PBXBuildFile; fileRef = 81A3B9492C75E357009AD659 /* ProfileViewController.swift */; };
		81A3B94C2C75EAD0009AD659 /* RoundedMenuView.swift in Sources */ = {isa = PBXBuildFile; fileRef = 81A3B94B2C75EAD0009AD659 /* RoundedMenuView.swift */; };
		81A3B9552C773955009AD659 /* TestViewController.swift in Sources */ = {isa = PBXBuildFile; fileRef = 81A3B9542C773955009AD659 /* TestViewController.swift */; };
		81A3B9582C7745C6009AD659 /* BaseAlertBuilder.swift in Sources */ = {isa = PBXBuildFile; fileRef = 81A3B9572C7745C6009AD659 /* BaseAlertBuilder.swift */; };
		81A3B95A2C774818009AD659 /* BaseAlertViewController.swift in Sources */ = {isa = PBXBuildFile; fileRef = 81A3B9592C774818009AD659 /* BaseAlertViewController.swift */; };
		81A3B95C2C7764B1009AD659 /* BottomSheetViewController.swift in Sources */ = {isa = PBXBuildFile; fileRef = 81A3B95B2C7764B1009AD659 /* BottomSheetViewController.swift */; };
		81A3B95E2C7824A9009AD659 /* SearchUserDTO.swift in Sources */ = {isa = PBXBuildFile; fileRef = 81A3B95D2C7824A9009AD659 /* SearchUserDTO.swift */; };
		81A3B9602C7836B4009AD659 /* BaseTabItem.swift in Sources */ = {isa = PBXBuildFile; fileRef = 81A3B95F2C7836B4009AD659 /* BaseTabItem.swift */; };
		81A3B9632C783F69009AD659 /* TabItems.swift in Sources */ = {isa = PBXBuildFile; fileRef = 81A3B9622C783F69009AD659 /* TabItems.swift */; };
		81A3B9652C784772009AD659 /* BaseTabBar.swift in Sources */ = {isa = PBXBuildFile; fileRef = 81A3B9642C784772009AD659 /* BaseTabBar.swift */; };
		81A3B9682C7847E3009AD659 /* RxGesture in Frameworks */ = {isa = PBXBuildFile; productRef = 81A3B9672C7847E3009AD659 /* RxGesture */; };
		81A3B96D2C784B4D009AD659 /* RunningCommunityView.swift in Sources */ = {isa = PBXBuildFile; fileRef = 81A3B96C2C784B4D009AD659 /* RunningCommunityView.swift */; };
		81A3B96F2C784B69009AD659 /* RunningCommunityViewModel.swift in Sources */ = {isa = PBXBuildFile; fileRef = 81A3B96E2C784B69009AD659 /* RunningCommunityViewModel.swift */; };
		81A3B9712C784F1F009AD659 /* RunningCommunityViewController.swift in Sources */ = {isa = PBXBuildFile; fileRef = 81A3B9702C784F1F009AD659 /* RunningCommunityViewController.swift */; };
		81A3B9742C7855CB009AD659 /* MainTabbarController.swift in Sources */ = {isa = PBXBuildFile; fileRef = 81A3B9732C7855CB009AD659 /* MainTabbarController.swift */; };
		81A3B9772C7865D7009AD659 /* RunningEpiloguePostView.swift in Sources */ = {isa = PBXBuildFile; fileRef = 81A3B9762C7865D7009AD659 /* RunningEpiloguePostView.swift */; };
		81A3B97A2C7865E8009AD659 /* RunningEpiloguePostViewModel.swift in Sources */ = {isa = PBXBuildFile; fileRef = 81A3B9792C7865E8009AD659 /* RunningEpiloguePostViewModel.swift */; };
		81A3B97C2C78660A009AD659 /* RunningEpiloguePostViewController.swift in Sources */ = {isa = PBXBuildFile; fileRef = 81A3B97B2C78660A009AD659 /* RunningEpiloguePostViewController.swift */; };
		81A3B97E2C786668009AD659 /* ProductEpiloguePostViewModel.swift in Sources */ = {isa = PBXBuildFile; fileRef = 81A3B97D2C786668009AD659 /* ProductEpiloguePostViewModel.swift */; };
		81A3B9802C78668D009AD659 /* QnaPostViewModel.swift in Sources */ = {isa = PBXBuildFile; fileRef = 81A3B97F2C78668D009AD659 /* QnaPostViewModel.swift */; };
		81A3B9822C7866B2009AD659 /* SelfMarathonPostViewModel.swift in Sources */ = {isa = PBXBuildFile; fileRef = 81A3B9812C7866B2009AD659 /* SelfMarathonPostViewModel.swift */; };
		81A3B9842C786E56009AD659 /* BaseScrollViewWithCloseButton.swift in Sources */ = {isa = PBXBuildFile; fileRef = 81A3B9832C786E56009AD659 /* BaseScrollViewWithCloseButton.swift */; };
		81A3B98A2C798E18009AD659 /* BaseWithImageCollectionViewCell.swift in Sources */ = {isa = PBXBuildFile; fileRef = 81A3B9892C798E18009AD659 /* BaseWithImageCollectionViewCell.swift */; };
		81A3B98D2C7B209C009AD659 /* ProductEpiloguePostView.swift in Sources */ = {isa = PBXBuildFile; fileRef = 81A3B98C2C7B209C009AD659 /* ProductEpiloguePostView.swift */; };
		81A3B98F2C7B20B5009AD659 /* ProductEpiloguePostViewController.swift in Sources */ = {isa = PBXBuildFile; fileRef = 81A3B98E2C7B20B5009AD659 /* ProductEpiloguePostViewController.swift */; };
		81A3B9922C7B2C43009AD659 /* QnaPostView.swift in Sources */ = {isa = PBXBuildFile; fileRef = 81A3B9912C7B2C43009AD659 /* QnaPostView.swift */; };
		81A3B9942C7B2C69009AD659 /* QnaPostViewController.swift in Sources */ = {isa = PBXBuildFile; fileRef = 81A3B9932C7B2C69009AD659 /* QnaPostViewController.swift */; };
		81A3B9962C7B4EE5009AD659 /* RunningQnaType.swift in Sources */ = {isa = PBXBuildFile; fileRef = 81A3B9952C7B4EE5009AD659 /* RunningQnaType.swift */; };
		81A3B99A2C7B78B1009AD659 /* QnaDetailView.swift in Sources */ = {isa = PBXBuildFile; fileRef = 81A3B9992C7B78B1009AD659 /* QnaDetailView.swift */; };
		81A3B99C2C7B7A55009AD659 /* BaseCreatorView.swift in Sources */ = {isa = PBXBuildFile; fileRef = 81A3B99B2C7B7A55009AD659 /* BaseCreatorView.swift */; };
		81A3B99F2C7B7A9D009AD659 /* Kingfisher in Frameworks */ = {isa = PBXBuildFile; productRef = 81A3B99E2C7B7A9D009AD659 /* Kingfisher */; };
		81A3B9A12C7B7B9B009AD659 /* QnaDetailViewController.swift in Sources */ = {isa = PBXBuildFile; fileRef = 81A3B9A02C7B7B9B009AD659 /* QnaDetailViewController.swift */; };
		81A3B9A42C7B7C00009AD659 /* QnaDetailViewModel.swift in Sources */ = {isa = PBXBuildFile; fileRef = 81A3B9A32C7B7C00009AD659 /* QnaDetailViewModel.swift */; };
		81A3B9A62C7C00A8009AD659 /* BaseScrollView.swift in Sources */ = {isa = PBXBuildFile; fileRef = 81A3B9A52C7C00A8009AD659 /* BaseScrollView.swift */; };
		81E7FF232C6C6C2700200CF2 /* Enum+Text.swift in Sources */ = {isa = PBXBuildFile; fileRef = 81E7FF112C6C6C2700200CF2 /* Enum+Text.swift */; };
		81E7FF242C6C6C2700200CF2 /* Extension+UIView.swift in Sources */ = {isa = PBXBuildFile; fileRef = 81E7FF132C6C6C2700200CF2 /* Extension+UIView.swift */; };
		81E7FF262C6C6C2700200CF2 /* AppDelegate.swift in Sources */ = {isa = PBXBuildFile; fileRef = 81E7FF172C6C6C2700200CF2 /* AppDelegate.swift */; };
		81E7FF272C6C6C2700200CF2 /* Assets.xcassets in Resources */ = {isa = PBXBuildFile; fileRef = 81E7FF182C6C6C2700200CF2 /* Assets.xcassets */; };
		81E7FF292C6C6C2700200CF2 /* LaunchScreen.storyboard in Resources */ = {isa = PBXBuildFile; fileRef = 81E7FF1B2C6C6C2700200CF2 /* LaunchScreen.storyboard */; };
		81E7FF2A2C6C6C2700200CF2 /* SceneDelegate.swift in Sources */ = {isa = PBXBuildFile; fileRef = 81E7FF1C2C6C6C2700200CF2 /* SceneDelegate.swift */; };
		81E7FF2D2C6C6C4D00200CF2 /* README.md in Resources */ = {isa = PBXBuildFile; fileRef = 81E7FF2C2C6C6C4D00200CF2 /* README.md */; };
		81E7FF2F2C6C6C9800200CF2 /* .gitignore in Resources */ = {isa = PBXBuildFile; fileRef = 81E7FF2E2C6C6C9800200CF2 /* .gitignore */; };
		81E7FF352C6C723E00200CF2 /* UserEndPoint.swift in Sources */ = {isa = PBXBuildFile; fileRef = 81E7FF342C6C723E00200CF2 /* UserEndPoint.swift */; };
		81E7FF372C6C736100200CF2 /* Network.swift in Sources */ = {isa = PBXBuildFile; fileRef = 81E7FF362C6C736100200CF2 /* Network.swift */; };
		81E7FF392C6C738B00200CF2 /* EndPoint.swift in Sources */ = {isa = PBXBuildFile; fileRef = 81E7FF382C6C738B00200CF2 /* EndPoint.swift */; };
		81E7FF3B2C6C743400200CF2 /* NetworkMethod.swift in Sources */ = {isa = PBXBuildFile; fileRef = 81E7FF3A2C6C743400200CF2 /* NetworkMethod.swift */; };
		81E7FF3D2C6C762F00200CF2 /* JoinDTO.swift in Sources */ = {isa = PBXBuildFile; fileRef = 81E7FF3C2C6C762F00200CF2 /* JoinDTO.swift */; };
		81E7FF3F2C6C769D00200CF2 /* LoginDTO.swift in Sources */ = {isa = PBXBuildFile; fileRef = 81E7FF3E2C6C769D00200CF2 /* LoginDTO.swift */; };
		81E7FF412C6C76E100200CF2 /* ValidEmailDTO.swift in Sources */ = {isa = PBXBuildFile; fileRef = 81E7FF402C6C76E100200CF2 /* ValidEmailDTO.swift */; };
		81E7FF442C6C7B6D00200CF2 /* NetworkErrors.swift in Sources */ = {isa = PBXBuildFile; fileRef = 81E7FF432C6C7B6D00200CF2 /* NetworkErrors.swift */; };
		81E7FF462C6C7C0100200CF2 /* Extension+Encodable.swift in Sources */ = {isa = PBXBuildFile; fileRef = 81E7FF452C6C7C0100200CF2 /* Extension+Encodable.swift */; };
		81E7FF552C6CAD0700200CF2 /* RefreshTokenDTO.swift in Sources */ = {isa = PBXBuildFile; fileRef = 81E7FF542C6CAD0700200CF2 /* RefreshTokenDTO.swift */; };
		81E7FF592C6CB25900200CF2 /* AuthEndPoint.swift in Sources */ = {isa = PBXBuildFile; fileRef = 81E7FF582C6CB25900200CF2 /* AuthEndPoint.swift */; };
		81E7FF5B2C6D7FF400200CF2 /* TokenManager.swift in Sources */ = {isa = PBXBuildFile; fileRef = 81E7FF5A2C6D7FF400200CF2 /* TokenManager.swift */; };
		81E7FF5D2C6D8F9B00200CF2 /* TokenErrors.swift in Sources */ = {isa = PBXBuildFile; fileRef = 81E7FF5C2C6D8F9B00200CF2 /* TokenErrors.swift */; };
		81E7FF612C6DB8F000200CF2 /* ProfileDTO.swift in Sources */ = {isa = PBXBuildFile; fileRef = 81E7FF602C6DB8F000200CF2 /* ProfileDTO.swift */; };
		81E7FF632C6EDF8800200CF2 /* PostEndPoint.swift in Sources */ = {isa = PBXBuildFile; fileRef = 81E7FF622C6EDF8800200CF2 /* PostEndPoint.swift */; };
		81E7FF672C6EDFEB00200CF2 /* ImageUploadDTO.swift in Sources */ = {isa = PBXBuildFile; fileRef = 81E7FF662C6EDFEB00200CF2 /* ImageUploadDTO.swift */; };
		81E7FF6B2C6EE7AD00200CF2 /* PostsDTO.swift in Sources */ = {isa = PBXBuildFile; fileRef = 81E7FF6A2C6EE7AD00200CF2 /* PostsDTO.swift */; };
		81E7FF6F2C6EF55A00200CF2 /* ProductIds.swift in Sources */ = {isa = PBXBuildFile; fileRef = 81E7FF6E2C6EF55A00200CF2 /* ProductIds.swift */; };
		81E7FF712C6EF67300200CF2 /* PostsCommunityType.swift in Sources */ = {isa = PBXBuildFile; fileRef = 81E7FF702C6EF67300200CF2 /* PostsCommunityType.swift */; };
		81E7FF732C6EF74E00200CF2 /* RunningInfo.swift in Sources */ = {isa = PBXBuildFile; fileRef = 81E7FF722C6EF74E00200CF2 /* RunningInfo.swift */; };
		81E7FF762C6EF86000200CF2 /* RunningHardType.swift in Sources */ = {isa = PBXBuildFile; fileRef = 81E7FF752C6EF86000200CF2 /* RunningHardType.swift */; };
		81E7FF782C6EFE2100200CF2 /* GetPostDTO.swift in Sources */ = {isa = PBXBuildFile; fileRef = 81E7FF772C6EFE2100200CF2 /* GetPostDTO.swift */; };
		81E7FF7A2C6F07E600200CF2 /* UpdatePostDTO.swift in Sources */ = {isa = PBXBuildFile; fileRef = 81E7FF792C6F07E600200CF2 /* UpdatePostDTO.swift */; };
		81E7FF7E2C6F16F400200CF2 /* EpilogueInput.swift in Sources */ = {isa = PBXBuildFile; fileRef = 81E7FF7D2C6F16F400200CF2 /* EpilogueInput.swift */; };
		81E7FF802C6F183700200CF2 /* Extension+Date.swift in Sources */ = {isa = PBXBuildFile; fileRef = 81E7FF7F2C6F183700200CF2 /* Extension+Date.swift */; };
		81E7FF822C6F1C8700200CF2 /* ProductEpilogueInput.swift in Sources */ = {isa = PBXBuildFile; fileRef = 81E7FF812C6F1C8700200CF2 /* ProductEpilogueInput.swift */; };
		81E7FF842C6F1CBC00200CF2 /* RunningProductType.swift in Sources */ = {isa = PBXBuildFile; fileRef = 81E7FF832C6F1CBC00200CF2 /* RunningProductType.swift */; };
		81E7FF862C6F215E00200CF2 /* PostInputType.swift in Sources */ = {isa = PBXBuildFile; fileRef = 81E7FF852C6F215E00200CF2 /* PostInputType.swift */; };
		81E7FF882C6F21AF00200CF2 /* QnaInput.swift in Sources */ = {isa = PBXBuildFile; fileRef = 81E7FF872C6F21AF00200CF2 /* QnaInput.swift */; };
		81E7FF8A2C6F21E100200CF2 /* OpenMarathonInput.swift in Sources */ = {isa = PBXBuildFile; fileRef = 81E7FF892C6F21E100200CF2 /* OpenMarathonInput.swift */; };
		81E7FF8C2C6F22BE00200CF2 /* CreateRunningGroupInput.swift in Sources */ = {isa = PBXBuildFile; fileRef = 81E7FF8B2C6F22BE00200CF2 /* CreateRunningGroupInput.swift */; };
		81E7FF8E2C6F249000200CF2 /* CreateInvitationInput.swift in Sources */ = {isa = PBXBuildFile; fileRef = 81E7FF8D2C6F249000200CF2 /* CreateInvitationInput.swift */; };
		81E7FF912C6F2B5300200CF2 /* SnapKit in Frameworks */ = {isa = PBXBuildFile; productRef = 81E7FF902C6F2B5300200CF2 /* SnapKit */; };
		81E7FF942C6F2B6200200CF2 /* RxCocoa in Frameworks */ = {isa = PBXBuildFile; productRef = 81E7FF932C6F2B6200200CF2 /* RxCocoa */; };
		81E7FF962C6F2B6200200CF2 /* RxSwift in Frameworks */ = {isa = PBXBuildFile; productRef = 81E7FF952C6F2B6200200CF2 /* RxSwift */; };
		81E7FF992C6F304500200CF2 /* PinLayout in Frameworks */ = {isa = PBXBuildFile; productRef = 81E7FF982C6F304500200CF2 /* PinLayout */; };
		81E7FF9C2C6F308600200CF2 /* FlexLayout in Frameworks */ = {isa = PBXBuildFile; productRef = 81E7FF9B2C6F308600200CF2 /* FlexLayout */; };
		81E7FFA12C6F311E00200CF2 /* LoginViewController.swift in Sources */ = {isa = PBXBuildFile; fileRef = 81E7FFA02C6F311E00200CF2 /* LoginViewController.swift */; };
		81E7FFA42C6F405300200CF2 /* BaseLabel.swift in Sources */ = {isa = PBXBuildFile; fileRef = 81E7FFA32C6F405300200CF2 /* BaseLabel.swift */; };
		81E7FFA62C6F413400200CF2 /* InputWithTitleView.swift in Sources */ = {isa = PBXBuildFile; fileRef = 81E7FFA52C6F413400200CF2 /* InputWithTitleView.swift */; };
		81E7FFA92C6F42C200200CF2 /* BaseTextFieldWithLine.swift in Sources */ = {isa = PBXBuildFile; fileRef = 81E7FFA82C6F42C200200CF2 /* BaseTextFieldWithLine.swift */; };
		81E7FFAB2C6F6EF400200CF2 /* BaseView.swift in Sources */ = {isa = PBXBuildFile; fileRef = 81E7FFAA2C6F6EF400200CF2 /* BaseView.swift */; };
		81E7FFAE2C6F701400200CF2 /* IQKeyboardManagerSwift in Frameworks */ = {isa = PBXBuildFile; productRef = 81E7FFAD2C6F701400200CF2 /* IQKeyboardManagerSwift */; };
		81E7FFB02C6F72F300200CF2 /* RoundedButtonView.swift in Sources */ = {isa = PBXBuildFile; fileRef = 81E7FFAF2C6F72F300200CF2 /* RoundedButtonView.swift */; };
		81E7FFB22C7005EF00200CF2 /* LoginView.swift in Sources */ = {isa = PBXBuildFile; fileRef = 81E7FFB12C7005EF00200CF2 /* LoginView.swift */; };
		81E7FFB42C70061200200CF2 /* BaseViewController.swift in Sources */ = {isa = PBXBuildFile; fileRef = 81E7FFB32C70061200200CF2 /* BaseViewController.swift */; };
		81E7FFB82C70073800200CF2 /* Protocol+BaseView.swift in Sources */ = {isa = PBXBuildFile; fileRef = 81E7FFB72C70073800200CF2 /* Protocol+BaseView.swift */; };
		81E7FFBA2C700C2200200CF2 /* LoginViewModel.swift in Sources */ = {isa = PBXBuildFile; fileRef = 81E7FFB92C700C2200200CF2 /* LoginViewModel.swift */; };
		81E7FFBC2C700DCA00200CF2 /* JoinView.swift in Sources */ = {isa = PBXBuildFile; fileRef = 81E7FFBB2C700DCA00200CF2 /* JoinView.swift */; };
		81E7FFBE2C7019B300200CF2 /* JoinViewController.swift in Sources */ = {isa = PBXBuildFile; fileRef = 81E7FFBD2C7019B300200CF2 /* JoinViewController.swift */; };
		81E7FFC02C7019D200200CF2 /* JoinViewModel.swift in Sources */ = {isa = PBXBuildFile; fileRef = 81E7FFBF2C7019D200200CF2 /* JoinViewModel.swift */; };
/* End PBXBuildFile section */

/* Begin PBXFileReference section */
		811D37702C737DA70017E17C /* BottomSheetTableCell.swift */ = {isa = PBXFileReference; lastKnownFileType = sourcecode.swift; path = BottomSheetTableCell.swift; sourceTree = "<group>"; };
		811D37722C737DCB0017E17C /* BaseTableViewCell.swift */ = {isa = PBXFileReference; lastKnownFileType = sourcecode.swift; path = BaseTableViewCell.swift; sourceTree = "<group>"; };
		811D37772C7382420017E17C /* RunningGroupCreateViewController.swift */ = {isa = PBXFileReference; lastKnownFileType = sourcecode.swift; path = RunningGroupCreateViewController.swift; sourceTree = "<group>"; };
		811D37792C73824D0017E17C /* RunningGroupCreateView.swift */ = {isa = PBXFileReference; lastKnownFileType = sourcecode.swift; path = RunningGroupCreateView.swift; sourceTree = "<group>"; };
		811D377B2C73825D0017E17C /* RunningGroupCreateViewModel.swift */ = {isa = PBXFileReference; lastKnownFileType = sourcecode.swift; path = RunningGroupCreateViewModel.swift; sourceTree = "<group>"; };
		811D377D2C7390C00017E17C /* RoundedInputViewWithTitle.swift */ = {isa = PBXFileReference; lastKnownFileType = sourcecode.swift; path = RoundedInputViewWithTitle.swift; sourceTree = "<group>"; };
		811D377F2C73912D0017E17C /* BaseTextFieldRounded.swift */ = {isa = PBXFileReference; lastKnownFileType = sourcecode.swift; path = BaseTextFieldRounded.swift; sourceTree = "<group>"; };
		811D37812C7404170017E17C /* RoundedTextViewWithTitle.swift */ = {isa = PBXFileReference; lastKnownFileType = sourcecode.swift; path = RoundedTextViewWithTitle.swift; sourceTree = "<group>"; };
		813548FC2C8033E800F975FB /* ProductPostCell.swift */ = {isa = PBXFileReference; lastKnownFileType = sourcecode.swift; path = ProductPostCell.swift; sourceTree = "<group>"; };
		813548FE2C80348D00F975FB /* CapsuledLabel.swift */ = {isa = PBXFileReference; lastKnownFileType = sourcecode.swift; path = CapsuledLabel.swift; sourceTree = "<group>"; };
		813549042C80BDBE00F975FB /* ImageTestVC.swift */ = {isa = PBXFileReference; lastKnownFileType = sourcecode.swift; path = ImageTestVC.swift; sourceTree = "<group>"; };
		813FC4D92C7DE7A0003E23B3 /* EpilogueImageCollectionCell.swift */ = {isa = PBXFileReference; lastKnownFileType = sourcecode.swift; path = EpilogueImageCollectionCell.swift; sourceTree = "<group>"; };
		8157F1662C7C3A3E00661BB6 /* BaseCommentsView.swift */ = {isa = PBXFileReference; lastKnownFileType = sourcecode.swift; path = BaseCommentsView.swift; sourceTree = "<group>"; };
		8157F1682C7C516D00661BB6 /* CommentsDTO.swift */ = {isa = PBXFileReference; lastKnownFileType = sourcecode.swift; path = CommentsDTO.swift; sourceTree = "<group>"; };
		8157F16B2C7C78F200661BB6 /* RunningGroupDetailView.swift */ = {isa = PBXFileReference; lastKnownFileType = sourcecode.swift; path = RunningGroupDetailView.swift; sourceTree = "<group>"; };
		8157F16D2C7C791100661BB6 /* RunningGroupDetailViewModel.swift */ = {isa = PBXFileReference; lastKnownFileType = sourcecode.swift; path = RunningGroupDetailViewModel.swift; sourceTree = "<group>"; };
		8157F16F2C7C796800661BB6 /* RunningGroupDetailViewController.swift */ = {isa = PBXFileReference; lastKnownFileType = sourcecode.swift; path = RunningGroupDetailViewController.swift; sourceTree = "<group>"; };
		8157F1712C7CA4EF00661BB6 /* RunningGroupDetailInfoViewController.swift */ = {isa = PBXFileReference; lastKnownFileType = sourcecode.swift; path = RunningGroupDetailInfoViewController.swift; sourceTree = "<group>"; };
		8157F1732C7CA8D700661BB6 /* RunningGroupDetailInfoView.swift */ = {isa = PBXFileReference; lastKnownFileType = sourcecode.swift; path = RunningGroupDetailInfoView.swift; sourceTree = "<group>"; };
		8157F1752C7CA8E500661BB6 /* RunnigGroupDetailInfoViewModel.swift */ = {isa = PBXFileReference; lastKnownFileType = sourcecode.swift; path = RunnigGroupDetailInfoViewModel.swift; sourceTree = "<group>"; };
		8157F1772C7CC10900661BB6 /* RunningGroupEntryCell.swift */ = {isa = PBXFileReference; lastKnownFileType = sourcecode.swift; path = RunningGroupEntryCell.swift; sourceTree = "<group>"; };
		8157F17A2C7CC6B100661BB6 /* InvitationDetailView.swift */ = {isa = PBXFileReference; lastKnownFileType = sourcecode.swift; path = InvitationDetailView.swift; sourceTree = "<group>"; };
		8157F17C2C7CC6B900661BB6 /* InvitationDetailViewModel.swift */ = {isa = PBXFileReference; lastKnownFileType = sourcecode.swift; path = InvitationDetailViewModel.swift; sourceTree = "<group>"; };
		8157F17E2C7CC6C300661BB6 /* InvitationDetailViewController.swift */ = {isa = PBXFileReference; lastKnownFileType = sourcecode.swift; path = InvitationDetailViewController.swift; sourceTree = "<group>"; };
		8157F1802C7D35C200661BB6 /* BaseUserImage.swift */ = {isa = PBXFileReference; lastKnownFileType = sourcecode.swift; path = BaseUserImage.swift; sourceTree = "<group>"; };
		8157F1902C7DB84300661BB6 /* PostLikeDTO.swift */ = {isa = PBXFileReference; lastKnownFileType = sourcecode.swift; path = PostLikeDTO.swift; sourceTree = "<group>"; };
		8157F1932C7DC82200661BB6 /* RunningEpilogueDetailView.swift */ = {isa = PBXFileReference; lastKnownFileType = sourcecode.swift; path = RunningEpilogueDetailView.swift; sourceTree = "<group>"; };
		8157F1952C7DC84000661BB6 /* RunningEpilogueDetailViewModel.swift */ = {isa = PBXFileReference; lastKnownFileType = sourcecode.swift; path = RunningEpilogueDetailViewModel.swift; sourceTree = "<group>"; };
		8157F1972C7DC88000661BB6 /* RunningEpilogueDetailViewController.swift */ = {isa = PBXFileReference; lastKnownFileType = sourcecode.swift; path = RunningEpilogueDetailViewController.swift; sourceTree = "<group>"; };
		8185339F2C7EF88A00647F97 /* UserDefaultsManager.swift */ = {isa = PBXFileReference; lastKnownFileType = sourcecode.swift; path = UserDefaultsManager.swift; sourceTree = "<group>"; };
		818533A12C7F3C5200647F97 /* CommunityMenuCell.swift */ = {isa = PBXFileReference; lastKnownFileType = sourcecode.swift; path = CommunityMenuCell.swift; sourceTree = "<group>"; };
		818533A42C7F5B8B00647F97 /* QnaPostCell.swift */ = {isa = PBXFileReference; lastKnownFileType = sourcecode.swift; path = QnaPostCell.swift; sourceTree = "<group>"; };
		818533A62C7F7AAD00647F97 /* EpiloguePostCell.swift */ = {isa = PBXFileReference; lastKnownFileType = sourcecode.swift; path = EpiloguePostCell.swift; sourceTree = "<group>"; };
		81876E562C80C25200381427 /* runwithu.entitlements */ = {isa = PBXFileReference; fileEncoding = 4; lastKnownFileType = text.plist.entitlements; path = runwithu.entitlements; sourceTree = "<group>"; };
		81876E5B2C81872E00381427 /* GroupListCollectionCell.swift */ = {isa = PBXFileReference; lastKnownFileType = sourcecode.swift; path = GroupListCollectionCell.swift; sourceTree = "<group>"; };
		81876E5D2C818F6600381427 /* GroupListTableCell.swift */ = {isa = PBXFileReference; lastKnownFileType = sourcecode.swift; path = GroupListTableCell.swift; sourceTree = "<group>"; };
		81876E602C81FA0A00381427 /* ProductDetailView.swift */ = {isa = PBXFileReference; lastKnownFileType = sourcecode.swift; path = ProductDetailView.swift; sourceTree = "<group>"; };
		81876E622C81FA2A00381427 /* ProductDetailViewModel.swift */ = {isa = PBXFileReference; lastKnownFileType = sourcecode.swift; path = ProductDetailViewModel.swift; sourceTree = "<group>"; };
		81876E642C81FA6F00381427 /* ProducteDetailViewController.swift */ = {isa = PBXFileReference; lastKnownFileType = sourcecode.swift; path = ProducteDetailViewController.swift; sourceTree = "<group>"; };
		81876E662C8407CE00381427 /* RunningGroupPostStack.swift */ = {isa = PBXFileReference; lastKnownFileType = sourcecode.swift; path = RunningGroupPostStack.swift; sourceTree = "<group>"; };
		81A3B8EA2C744972009AD659 /* RunningGroupPreviewView.swift */ = {isa = PBXFileReference; lastKnownFileType = sourcecode.swift; path = RunningGroupPreviewView.swift; sourceTree = "<group>"; };
		81A3B8EC2C745054009AD659 /* StepBar.swift */ = {isa = PBXFileReference; lastKnownFileType = sourcecode.swift; path = StepBar.swift; sourceTree = "<group>"; };
		81A3B8EE2C74AFB6009AD659 /* RunningGroupListViewController.swift */ = {isa = PBXFileReference; lastKnownFileType = sourcecode.swift; path = RunningGroupListViewController.swift; sourceTree = "<group>"; };
		81A3B8F02C74AFCE009AD659 /* RunningGroupListViewModel.swift */ = {isa = PBXFileReference; lastKnownFileType = sourcecode.swift; path = RunningGroupListViewModel.swift; sourceTree = "<group>"; };
		81A3B8F22C74B003009AD659 /* RunningGroupListView.swift */ = {isa = PBXFileReference; lastKnownFileType = sourcecode.swift; path = RunningGroupListView.swift; sourceTree = "<group>"; };
		81A3B8F42C74B18D009AD659 /* PlusButton.swift */ = {isa = PBXFileReference; lastKnownFileType = sourcecode.swift; path = PlusButton.swift; sourceTree = "<group>"; };
		81A3B8F62C74B77E009AD659 /* Extension+UIImage.swift */ = {isa = PBXFileReference; lastKnownFileType = sourcecode.swift; path = "Extension+UIImage.swift"; sourceTree = "<group>"; };
		81A3B9092C74E45D009AD659 /* ENV.swift */ = {isa = PBXFileReference; lastKnownFileType = sourcecode.swift; path = ENV.swift; sourceTree = "<group>"; };
		81A3B90E2C74EB97009AD659 /* RunningInvitationCreateView.swift */ = {isa = PBXFileReference; lastKnownFileType = sourcecode.swift; path = RunningInvitationCreateView.swift; sourceTree = "<group>"; };
		81A3B9102C74EBBA009AD659 /* RunningInvitationCreateViewModel.swift */ = {isa = PBXFileReference; lastKnownFileType = sourcecode.swift; path = RunningInvitationCreateViewModel.swift; sourceTree = "<group>"; };
		81A3B9132C74EBEA009AD659 /* RunningInvitationCreateViewController.swift */ = {isa = PBXFileReference; lastKnownFileType = sourcecode.swift; path = RunningInvitationCreateViewController.swift; sourceTree = "<group>"; };
		81A3B9152C74EE19009AD659 /* Extension+UIButton.swift */ = {isa = PBXFileReference; lastKnownFileType = sourcecode.swift; path = "Extension+UIButton.swift"; sourceTree = "<group>"; };
		81A3B9172C7565D2009AD659 /* RoundedDatePickerView.swift */ = {isa = PBXFileReference; lastKnownFileType = sourcecode.swift; path = RoundedDatePickerView.swift; sourceTree = "<group>"; };
		81A3B9332C757F6A009AD659 /* RectangleView.swift */ = {isa = PBXFileReference; lastKnownFileType = sourcecode.swift; path = RectangleView.swift; sourceTree = "<group>"; };
		81A3B9372C759B4C009AD659 /* RoundedAddUserView.swift */ = {isa = PBXFileReference; lastKnownFileType = sourcecode.swift; path = RoundedAddUserView.swift; sourceTree = "<group>"; };
		81A3B9392C75BC52009AD659 /* BaseCollectionViewCell.swift */ = {isa = PBXFileReference; lastKnownFileType = sourcecode.swift; path = BaseCollectionViewCell.swift; sourceTree = "<group>"; };
		81A3B93B2C75BC8D009AD659 /* RunningInvitedUserCell.swift */ = {isa = PBXFileReference; lastKnownFileType = sourcecode.swift; path = RunningInvitedUserCell.swift; sourceTree = "<group>"; };
		81A3B93D2C75CC2D009AD659 /* Extension+UITextField.swift */ = {isa = PBXFileReference; lastKnownFileType = sourcecode.swift; path = "Extension+UITextField.swift"; sourceTree = "<group>"; };
		81A3B9442C75E076009AD659 /* ProfileView.swift */ = {isa = PBXFileReference; lastKnownFileType = sourcecode.swift; path = ProfileView.swift; sourceTree = "<group>"; };
		81A3B9472C75E080009AD659 /* ProfileViewModel.swift */ = {isa = PBXFileReference; lastKnownFileType = sourcecode.swift; path = ProfileViewModel.swift; sourceTree = "<group>"; };
		81A3B9492C75E357009AD659 /* ProfileViewController.swift */ = {isa = PBXFileReference; lastKnownFileType = sourcecode.swift; path = ProfileViewController.swift; sourceTree = "<group>"; };
		81A3B94B2C75EAD0009AD659 /* RoundedMenuView.swift */ = {isa = PBXFileReference; lastKnownFileType = sourcecode.swift; path = RoundedMenuView.swift; sourceTree = "<group>"; };
		81A3B9542C773955009AD659 /* TestViewController.swift */ = {isa = PBXFileReference; lastKnownFileType = sourcecode.swift; path = TestViewController.swift; sourceTree = "<group>"; };
		81A3B9572C7745C6009AD659 /* BaseAlertBuilder.swift */ = {isa = PBXFileReference; lastKnownFileType = sourcecode.swift; path = BaseAlertBuilder.swift; sourceTree = "<group>"; };
		81A3B9592C774818009AD659 /* BaseAlertViewController.swift */ = {isa = PBXFileReference; lastKnownFileType = sourcecode.swift; path = BaseAlertViewController.swift; sourceTree = "<group>"; };
		81A3B95B2C7764B1009AD659 /* BottomSheetViewController.swift */ = {isa = PBXFileReference; lastKnownFileType = sourcecode.swift; path = BottomSheetViewController.swift; sourceTree = "<group>"; };
		81A3B95D2C7824A9009AD659 /* SearchUserDTO.swift */ = {isa = PBXFileReference; lastKnownFileType = sourcecode.swift; path = SearchUserDTO.swift; sourceTree = "<group>"; };
		81A3B95F2C7836B4009AD659 /* BaseTabItem.swift */ = {isa = PBXFileReference; lastKnownFileType = sourcecode.swift; path = BaseTabItem.swift; sourceTree = "<group>"; };
		81A3B9622C783F69009AD659 /* TabItems.swift */ = {isa = PBXFileReference; lastKnownFileType = sourcecode.swift; path = TabItems.swift; sourceTree = "<group>"; };
		81A3B9642C784772009AD659 /* BaseTabBar.swift */ = {isa = PBXFileReference; lastKnownFileType = sourcecode.swift; path = BaseTabBar.swift; sourceTree = "<group>"; };
		81A3B96C2C784B4D009AD659 /* RunningCommunityView.swift */ = {isa = PBXFileReference; lastKnownFileType = sourcecode.swift; path = RunningCommunityView.swift; sourceTree = "<group>"; };
		81A3B96E2C784B69009AD659 /* RunningCommunityViewModel.swift */ = {isa = PBXFileReference; lastKnownFileType = sourcecode.swift; path = RunningCommunityViewModel.swift; sourceTree = "<group>"; };
		81A3B9702C784F1F009AD659 /* RunningCommunityViewController.swift */ = {isa = PBXFileReference; lastKnownFileType = sourcecode.swift; path = RunningCommunityViewController.swift; sourceTree = "<group>"; };
		81A3B9732C7855CB009AD659 /* MainTabbarController.swift */ = {isa = PBXFileReference; lastKnownFileType = sourcecode.swift; path = MainTabbarController.swift; sourceTree = "<group>"; };
		81A3B9762C7865D7009AD659 /* RunningEpiloguePostView.swift */ = {isa = PBXFileReference; lastKnownFileType = sourcecode.swift; path = RunningEpiloguePostView.swift; sourceTree = "<group>"; };
		81A3B9792C7865E8009AD659 /* RunningEpiloguePostViewModel.swift */ = {isa = PBXFileReference; lastKnownFileType = sourcecode.swift; path = RunningEpiloguePostViewModel.swift; sourceTree = "<group>"; };
		81A3B97B2C78660A009AD659 /* RunningEpiloguePostViewController.swift */ = {isa = PBXFileReference; lastKnownFileType = sourcecode.swift; path = RunningEpiloguePostViewController.swift; sourceTree = "<group>"; };
		81A3B97D2C786668009AD659 /* ProductEpiloguePostViewModel.swift */ = {isa = PBXFileReference; lastKnownFileType = sourcecode.swift; path = ProductEpiloguePostViewModel.swift; sourceTree = "<group>"; };
		81A3B97F2C78668D009AD659 /* QnaPostViewModel.swift */ = {isa = PBXFileReference; lastKnownFileType = sourcecode.swift; path = QnaPostViewModel.swift; sourceTree = "<group>"; };
		81A3B9812C7866B2009AD659 /* SelfMarathonPostViewModel.swift */ = {isa = PBXFileReference; lastKnownFileType = sourcecode.swift; path = SelfMarathonPostViewModel.swift; sourceTree = "<group>"; };
		81A3B9832C786E56009AD659 /* BaseScrollViewWithCloseButton.swift */ = {isa = PBXFileReference; lastKnownFileType = sourcecode.swift; path = BaseScrollViewWithCloseButton.swift; sourceTree = "<group>"; };
		81A3B9892C798E18009AD659 /* BaseWithImageCollectionViewCell.swift */ = {isa = PBXFileReference; lastKnownFileType = sourcecode.swift; path = BaseWithImageCollectionViewCell.swift; sourceTree = "<group>"; };
		81A3B98C2C7B209C009AD659 /* ProductEpiloguePostView.swift */ = {isa = PBXFileReference; lastKnownFileType = sourcecode.swift; path = ProductEpiloguePostView.swift; sourceTree = "<group>"; };
		81A3B98E2C7B20B5009AD659 /* ProductEpiloguePostViewController.swift */ = {isa = PBXFileReference; lastKnownFileType = sourcecode.swift; path = ProductEpiloguePostViewController.swift; sourceTree = "<group>"; };
		81A3B9912C7B2C43009AD659 /* QnaPostView.swift */ = {isa = PBXFileReference; lastKnownFileType = sourcecode.swift; path = QnaPostView.swift; sourceTree = "<group>"; };
		81A3B9932C7B2C69009AD659 /* QnaPostViewController.swift */ = {isa = PBXFileReference; lastKnownFileType = sourcecode.swift; path = QnaPostViewController.swift; sourceTree = "<group>"; };
		81A3B9952C7B4EE5009AD659 /* RunningQnaType.swift */ = {isa = PBXFileReference; lastKnownFileType = sourcecode.swift; path = RunningQnaType.swift; sourceTree = "<group>"; };
		81A3B9992C7B78B1009AD659 /* QnaDetailView.swift */ = {isa = PBXFileReference; lastKnownFileType = sourcecode.swift; path = QnaDetailView.swift; sourceTree = "<group>"; };
		81A3B99B2C7B7A55009AD659 /* BaseCreatorView.swift */ = {isa = PBXFileReference; lastKnownFileType = sourcecode.swift; path = BaseCreatorView.swift; sourceTree = "<group>"; };
		81A3B9A02C7B7B9B009AD659 /* QnaDetailViewController.swift */ = {isa = PBXFileReference; lastKnownFileType = sourcecode.swift; path = QnaDetailViewController.swift; sourceTree = "<group>"; };
		81A3B9A32C7B7C00009AD659 /* QnaDetailViewModel.swift */ = {isa = PBXFileReference; lastKnownFileType = sourcecode.swift; path = QnaDetailViewModel.swift; sourceTree = "<group>"; };
		81A3B9A52C7C00A8009AD659 /* BaseScrollView.swift */ = {isa = PBXFileReference; lastKnownFileType = sourcecode.swift; path = BaseScrollView.swift; sourceTree = "<group>"; };
		81E7FEFA2C6C6BBD00200CF2 /* runwithu.app */ = {isa = PBXFileReference; explicitFileType = wrapper.application; includeInIndex = 0; path = runwithu.app; sourceTree = BUILT_PRODUCTS_DIR; };
		81E7FF0B2C6C6BBE00200CF2 /* Info.plist */ = {isa = PBXFileReference; lastKnownFileType = text.plist.xml; path = Info.plist; sourceTree = "<group>"; };
		81E7FF112C6C6C2700200CF2 /* Enum+Text.swift */ = {isa = PBXFileReference; fileEncoding = 4; lastKnownFileType = sourcecode.swift; path = "Enum+Text.swift"; sourceTree = "<group>"; };
		81E7FF132C6C6C2700200CF2 /* Extension+UIView.swift */ = {isa = PBXFileReference; fileEncoding = 4; lastKnownFileType = sourcecode.swift; path = "Extension+UIView.swift"; sourceTree = "<group>"; };
		81E7FF172C6C6C2700200CF2 /* AppDelegate.swift */ = {isa = PBXFileReference; fileEncoding = 4; lastKnownFileType = sourcecode.swift; path = AppDelegate.swift; sourceTree = "<group>"; };
		81E7FF182C6C6C2700200CF2 /* Assets.xcassets */ = {isa = PBXFileReference; lastKnownFileType = folder.assetcatalog; path = Assets.xcassets; sourceTree = "<group>"; };
		81E7FF1A2C6C6C2700200CF2 /* Base */ = {isa = PBXFileReference; lastKnownFileType = file.storyboard; name = Base; path = Base.lproj/LaunchScreen.storyboard; sourceTree = "<group>"; };
		81E7FF1C2C6C6C2700200CF2 /* SceneDelegate.swift */ = {isa = PBXFileReference; fileEncoding = 4; lastKnownFileType = sourcecode.swift; path = SceneDelegate.swift; sourceTree = "<group>"; };
		81E7FF2C2C6C6C4D00200CF2 /* README.md */ = {isa = PBXFileReference; fileEncoding = 4; lastKnownFileType = net.daringfireball.markdown; path = README.md; sourceTree = "<group>"; };
		81E7FF2E2C6C6C9800200CF2 /* .gitignore */ = {isa = PBXFileReference; lastKnownFileType = text; path = .gitignore; sourceTree = "<group>"; };
		81E7FF342C6C723E00200CF2 /* UserEndPoint.swift */ = {isa = PBXFileReference; lastKnownFileType = sourcecode.swift; path = UserEndPoint.swift; sourceTree = "<group>"; };
		81E7FF362C6C736100200CF2 /* Network.swift */ = {isa = PBXFileReference; lastKnownFileType = sourcecode.swift; path = Network.swift; sourceTree = "<group>"; };
		81E7FF382C6C738B00200CF2 /* EndPoint.swift */ = {isa = PBXFileReference; lastKnownFileType = sourcecode.swift; path = EndPoint.swift; sourceTree = "<group>"; };
		81E7FF3A2C6C743400200CF2 /* NetworkMethod.swift */ = {isa = PBXFileReference; lastKnownFileType = sourcecode.swift; path = NetworkMethod.swift; sourceTree = "<group>"; };
		81E7FF3C2C6C762F00200CF2 /* JoinDTO.swift */ = {isa = PBXFileReference; lastKnownFileType = sourcecode.swift; path = JoinDTO.swift; sourceTree = "<group>"; };
		81E7FF3E2C6C769D00200CF2 /* LoginDTO.swift */ = {isa = PBXFileReference; lastKnownFileType = sourcecode.swift; path = LoginDTO.swift; sourceTree = "<group>"; };
		81E7FF402C6C76E100200CF2 /* ValidEmailDTO.swift */ = {isa = PBXFileReference; lastKnownFileType = sourcecode.swift; path = ValidEmailDTO.swift; sourceTree = "<group>"; };
		81E7FF432C6C7B6D00200CF2 /* NetworkErrors.swift */ = {isa = PBXFileReference; lastKnownFileType = sourcecode.swift; path = NetworkErrors.swift; sourceTree = "<group>"; };
		81E7FF452C6C7C0100200CF2 /* Extension+Encodable.swift */ = {isa = PBXFileReference; lastKnownFileType = sourcecode.swift; path = "Extension+Encodable.swift"; sourceTree = "<group>"; };
		81E7FF542C6CAD0700200CF2 /* RefreshTokenDTO.swift */ = {isa = PBXFileReference; lastKnownFileType = sourcecode.swift; path = RefreshTokenDTO.swift; sourceTree = "<group>"; };
		81E7FF582C6CB25900200CF2 /* AuthEndPoint.swift */ = {isa = PBXFileReference; lastKnownFileType = sourcecode.swift; path = AuthEndPoint.swift; sourceTree = "<group>"; };
		81E7FF5A2C6D7FF400200CF2 /* TokenManager.swift */ = {isa = PBXFileReference; lastKnownFileType = sourcecode.swift; path = TokenManager.swift; sourceTree = "<group>"; };
		81E7FF5C2C6D8F9B00200CF2 /* TokenErrors.swift */ = {isa = PBXFileReference; lastKnownFileType = sourcecode.swift; path = TokenErrors.swift; sourceTree = "<group>"; };
		81E7FF602C6DB8F000200CF2 /* ProfileDTO.swift */ = {isa = PBXFileReference; lastKnownFileType = sourcecode.swift; path = ProfileDTO.swift; sourceTree = "<group>"; };
		81E7FF622C6EDF8800200CF2 /* PostEndPoint.swift */ = {isa = PBXFileReference; lastKnownFileType = sourcecode.swift; path = PostEndPoint.swift; sourceTree = "<group>"; };
		81E7FF662C6EDFEB00200CF2 /* ImageUploadDTO.swift */ = {isa = PBXFileReference; lastKnownFileType = sourcecode.swift; path = ImageUploadDTO.swift; sourceTree = "<group>"; };
		81E7FF6A2C6EE7AD00200CF2 /* PostsDTO.swift */ = {isa = PBXFileReference; lastKnownFileType = sourcecode.swift; path = PostsDTO.swift; sourceTree = "<group>"; };
		81E7FF6E2C6EF55A00200CF2 /* ProductIds.swift */ = {isa = PBXFileReference; lastKnownFileType = sourcecode.swift; path = ProductIds.swift; sourceTree = "<group>"; };
		81E7FF702C6EF67300200CF2 /* PostsCommunityType.swift */ = {isa = PBXFileReference; lastKnownFileType = sourcecode.swift; path = PostsCommunityType.swift; sourceTree = "<group>"; };
		81E7FF722C6EF74E00200CF2 /* RunningInfo.swift */ = {isa = PBXFileReference; lastKnownFileType = sourcecode.swift; path = RunningInfo.swift; sourceTree = "<group>"; };
		81E7FF752C6EF86000200CF2 /* RunningHardType.swift */ = {isa = PBXFileReference; lastKnownFileType = sourcecode.swift; path = RunningHardType.swift; sourceTree = "<group>"; };
		81E7FF772C6EFE2100200CF2 /* GetPostDTO.swift */ = {isa = PBXFileReference; lastKnownFileType = sourcecode.swift; path = GetPostDTO.swift; sourceTree = "<group>"; };
		81E7FF792C6F07E600200CF2 /* UpdatePostDTO.swift */ = {isa = PBXFileReference; lastKnownFileType = sourcecode.swift; path = UpdatePostDTO.swift; sourceTree = "<group>"; };
		81E7FF7D2C6F16F400200CF2 /* EpilogueInput.swift */ = {isa = PBXFileReference; lastKnownFileType = sourcecode.swift; path = EpilogueInput.swift; sourceTree = "<group>"; };
		81E7FF7F2C6F183700200CF2 /* Extension+Date.swift */ = {isa = PBXFileReference; lastKnownFileType = sourcecode.swift; path = "Extension+Date.swift"; sourceTree = "<group>"; };
		81E7FF812C6F1C8700200CF2 /* ProductEpilogueInput.swift */ = {isa = PBXFileReference; lastKnownFileType = sourcecode.swift; path = ProductEpilogueInput.swift; sourceTree = "<group>"; };
		81E7FF832C6F1CBC00200CF2 /* RunningProductType.swift */ = {isa = PBXFileReference; lastKnownFileType = sourcecode.swift; path = RunningProductType.swift; sourceTree = "<group>"; };
		81E7FF852C6F215E00200CF2 /* PostInputType.swift */ = {isa = PBXFileReference; lastKnownFileType = sourcecode.swift; path = PostInputType.swift; sourceTree = "<group>"; };
		81E7FF872C6F21AF00200CF2 /* QnaInput.swift */ = {isa = PBXFileReference; lastKnownFileType = sourcecode.swift; path = QnaInput.swift; sourceTree = "<group>"; };
		81E7FF892C6F21E100200CF2 /* OpenMarathonInput.swift */ = {isa = PBXFileReference; lastKnownFileType = sourcecode.swift; path = OpenMarathonInput.swift; sourceTree = "<group>"; };
		81E7FF8B2C6F22BE00200CF2 /* CreateRunningGroupInput.swift */ = {isa = PBXFileReference; lastKnownFileType = sourcecode.swift; path = CreateRunningGroupInput.swift; sourceTree = "<group>"; };
		81E7FF8D2C6F249000200CF2 /* CreateInvitationInput.swift */ = {isa = PBXFileReference; lastKnownFileType = sourcecode.swift; path = CreateInvitationInput.swift; sourceTree = "<group>"; };
		81E7FFA02C6F311E00200CF2 /* LoginViewController.swift */ = {isa = PBXFileReference; lastKnownFileType = sourcecode.swift; path = LoginViewController.swift; sourceTree = "<group>"; };
		81E7FFA32C6F405300200CF2 /* BaseLabel.swift */ = {isa = PBXFileReference; lastKnownFileType = sourcecode.swift; path = BaseLabel.swift; sourceTree = "<group>"; };
		81E7FFA52C6F413400200CF2 /* InputWithTitleView.swift */ = {isa = PBXFileReference; lastKnownFileType = sourcecode.swift; path = InputWithTitleView.swift; sourceTree = "<group>"; };
		81E7FFA82C6F42C200200CF2 /* BaseTextFieldWithLine.swift */ = {isa = PBXFileReference; lastKnownFileType = sourcecode.swift; path = BaseTextFieldWithLine.swift; sourceTree = "<group>"; };
		81E7FFAA2C6F6EF400200CF2 /* BaseView.swift */ = {isa = PBXFileReference; lastKnownFileType = sourcecode.swift; path = BaseView.swift; sourceTree = "<group>"; };
		81E7FFAF2C6F72F300200CF2 /* RoundedButtonView.swift */ = {isa = PBXFileReference; lastKnownFileType = sourcecode.swift; path = RoundedButtonView.swift; sourceTree = "<group>"; };
		81E7FFB12C7005EF00200CF2 /* LoginView.swift */ = {isa = PBXFileReference; lastKnownFileType = sourcecode.swift; path = LoginView.swift; sourceTree = "<group>"; };
		81E7FFB32C70061200200CF2 /* BaseViewController.swift */ = {isa = PBXFileReference; lastKnownFileType = sourcecode.swift; path = BaseViewController.swift; sourceTree = "<group>"; };
		81E7FFB72C70073800200CF2 /* Protocol+BaseView.swift */ = {isa = PBXFileReference; lastKnownFileType = sourcecode.swift; path = "Protocol+BaseView.swift"; sourceTree = "<group>"; };
		81E7FFB92C700C2200200CF2 /* LoginViewModel.swift */ = {isa = PBXFileReference; lastKnownFileType = sourcecode.swift; path = LoginViewModel.swift; sourceTree = "<group>"; };
		81E7FFBB2C700DCA00200CF2 /* JoinView.swift */ = {isa = PBXFileReference; lastKnownFileType = sourcecode.swift; path = JoinView.swift; sourceTree = "<group>"; };
		81E7FFBD2C7019B300200CF2 /* JoinViewController.swift */ = {isa = PBXFileReference; lastKnownFileType = sourcecode.swift; path = JoinViewController.swift; sourceTree = "<group>"; };
		81E7FFBF2C7019D200200CF2 /* JoinViewModel.swift */ = {isa = PBXFileReference; lastKnownFileType = sourcecode.swift; path = JoinViewModel.swift; sourceTree = "<group>"; };
/* End PBXFileReference section */

/* Begin PBXFrameworksBuildPhase section */
		81E7FEF72C6C6BBD00200CF2 /* Frameworks */ = {
			isa = PBXFrameworksBuildPhase;
			buildActionMask = 2147483647;
			files = (
				8157F18D2C7D9EFB00661BB6 /* iamport-ios in Frameworks */,
				813549022C8062D300F975FB /* MCEmojiPicker in Frameworks */,
				81E7FF962C6F2B6200200CF2 /* RxSwift in Frameworks */,
				81E7FF942C6F2B6200200CF2 /* RxCocoa in Frameworks */,
				81E7FF9C2C6F308600200CF2 /* FlexLayout in Frameworks */,
				81876E592C80C84B00381427 /* RxDataSources in Frameworks */,
				81E7FF992C6F304500200CF2 /* PinLayout in Frameworks */,
				81A3B99F2C7B7A9D009AD659 /* Kingfisher in Frameworks */,
				81E7FF912C6F2B5300200CF2 /* SnapKit in Frameworks */,
				81E7FFAE2C6F701400200CF2 /* IQKeyboardManagerSwift in Frameworks */,
				81A3B9682C7847E3009AD659 /* RxGesture in Frameworks */,
			);
			runOnlyForDeploymentPostprocessing = 0;
		};
/* End PBXFrameworksBuildPhase section */

/* Begin PBXGroup section */
		811D376B2C7379730017E17C /* BottomSheet */ = {
			isa = PBXGroup;
			children = (
				811D376C2C73797E0017E17C /* View */,
			);
			path = BottomSheet;
			sourceTree = "<group>";
		};
		811D376C2C73797E0017E17C /* View */ = {
			isa = PBXGroup;
			children = (
				811D37702C737DA70017E17C /* BottomSheetTableCell.swift */,
				81A3B95B2C7764B1009AD659 /* BottomSheetViewController.swift */,
			);
			path = View;
			sourceTree = "<group>";
		};
		811D37742C73821F0017E17C /* RunningGroup */ = {
			isa = PBXGroup;
			children = (
				811D37762C73822F0017E17C /* View */,
				811D37752C73822A0017E17C /* ViewModel */,
			);
			path = RunningGroup;
			sourceTree = "<group>";
		};
		811D37752C73822A0017E17C /* ViewModel */ = {
			isa = PBXGroup;
			children = (
				811D377B2C73825D0017E17C /* RunningGroupCreateViewModel.swift */,
				81A3B8F02C74AFCE009AD659 /* RunningGroupListViewModel.swift */,
			);
			path = ViewModel;
			sourceTree = "<group>";
		};
		811D37762C73822F0017E17C /* View */ = {
			isa = PBXGroup;
			children = (
				81876E5A2C81871400381427 /* Cell */,
				811D37792C73824D0017E17C /* RunningGroupCreateView.swift */,
				811D37772C7382420017E17C /* RunningGroupCreateViewController.swift */,
				81A3B8EA2C744972009AD659 /* RunningGroupPreviewView.swift */,
				81A3B8EE2C74AFB6009AD659 /* RunningGroupListViewController.swift */,
				81A3B8F22C74B003009AD659 /* RunningGroupListView.swift */,
			);
			path = View;
			sourceTree = "<group>";
		};
		8157F16A2C7C78E700661BB6 /* RunningGroup */ = {
			isa = PBXGroup;
			children = (
				8157F16B2C7C78F200661BB6 /* RunningGroupDetailView.swift */,
				8157F16D2C7C791100661BB6 /* RunningGroupDetailViewModel.swift */,
				8157F16F2C7C796800661BB6 /* RunningGroupDetailViewController.swift */,
				8157F1732C7CA8D700661BB6 /* RunningGroupDetailInfoView.swift */,
				8157F1752C7CA8E500661BB6 /* RunnigGroupDetailInfoViewModel.swift */,
				8157F1712C7CA4EF00661BB6 /* RunningGroupDetailInfoViewController.swift */,
				8157F1772C7CC10900661BB6 /* RunningGroupEntryCell.swift */,
				81876E662C8407CE00381427 /* RunningGroupPostStack.swift */,
			);
			path = RunningGroup;
			sourceTree = "<group>";
		};
		8157F1792C7CC69D00661BB6 /* Invitation */ = {
			isa = PBXGroup;
			children = (
				8157F17A2C7CC6B100661BB6 /* InvitationDetailView.swift */,
				8157F17C2C7CC6B900661BB6 /* InvitationDetailViewModel.swift */,
				8157F17E2C7CC6C300661BB6 /* InvitationDetailViewController.swift */,
			);
			path = Invitation;
			sourceTree = "<group>";
		};
		8157F1922C7DC81000661BB6 /* Epilogue */ = {
			isa = PBXGroup;
			children = (
				8157F1932C7DC82200661BB6 /* RunningEpilogueDetailView.swift */,
				8157F1952C7DC84000661BB6 /* RunningEpilogueDetailViewModel.swift */,
				8157F1972C7DC88000661BB6 /* RunningEpilogueDetailViewController.swift */,
				813FC4D92C7DE7A0003E23B3 /* EpilogueImageCollectionCell.swift */,
			);
			path = Epilogue;
			sourceTree = "<group>";
		};
		818533A32C7F5B7B00647F97 /* Cell */ = {
			isa = PBXGroup;
			children = (
				818533A12C7F3C5200647F97 /* CommunityMenuCell.swift */,
				818533A42C7F5B8B00647F97 /* QnaPostCell.swift */,
				818533A62C7F7AAD00647F97 /* EpiloguePostCell.swift */,
				813548FC2C8033E800F975FB /* ProductPostCell.swift */,
			);
			path = Cell;
			sourceTree = "<group>";
		};
		81876E5A2C81871400381427 /* Cell */ = {
			isa = PBXGroup;
			children = (
				81876E5B2C81872E00381427 /* GroupListCollectionCell.swift */,
				81876E5D2C818F6600381427 /* GroupListTableCell.swift */,
			);
			path = Cell;
			sourceTree = "<group>";
		};
		81876E5F2C81F90500381427 /* Product */ = {
			isa = PBXGroup;
			children = (
				81876E602C81FA0A00381427 /* ProductDetailView.swift */,
				81876E622C81FA2A00381427 /* ProductDetailViewModel.swift */,
				81876E642C81FA6F00381427 /* ProducteDetailViewController.swift */,
			);
			path = Product;
			sourceTree = "<group>";
		};
		81A3B90B2C74EB36009AD659 /* RunningInvitation */ = {
			isa = PBXGroup;
			children = (
				81A3B90C2C74EB44009AD659 /* View */,
				81A3B90D2C74EB49009AD659 /* ViewMoel */,
			);
			path = RunningInvitation;
			sourceTree = "<group>";
		};
		81A3B90C2C74EB44009AD659 /* View */ = {
			isa = PBXGroup;
			children = (
				81A3B90E2C74EB97009AD659 /* RunningInvitationCreateView.swift */,
				81A3B9132C74EBEA009AD659 /* RunningInvitationCreateViewController.swift */,
				81A3B93B2C75BC8D009AD659 /* RunningInvitedUserCell.swift */,
			);
			path = View;
			sourceTree = "<group>";
		};
		81A3B90D2C74EB49009AD659 /* ViewMoel */ = {
			isa = PBXGroup;
			children = (
				81A3B9102C74EBBA009AD659 /* RunningInvitationCreateViewModel.swift */,
			);
			path = ViewMoel;
			sourceTree = "<group>";
		};
		81A3B9412C75E065009AD659 /* Profile */ = {
			isa = PBXGroup;
			children = (
				81A3B9432C75E070009AD659 /* View */,
				81A3B9422C75E06D009AD659 /* ViewModel */,
			);
			path = Profile;
			sourceTree = "<group>";
		};
		81A3B9422C75E06D009AD659 /* ViewModel */ = {
			isa = PBXGroup;
			children = (
				81A3B9472C75E080009AD659 /* ProfileViewModel.swift */,
			);
			path = ViewModel;
			sourceTree = "<group>";
		};
		81A3B9432C75E070009AD659 /* View */ = {
			isa = PBXGroup;
			children = (
				81A3B9442C75E076009AD659 /* ProfileView.swift */,
				81A3B9492C75E357009AD659 /* ProfileViewController.swift */,
			);
			path = View;
			sourceTree = "<group>";
		};
		81A3B9692C784B35009AD659 /* RunningCommunity */ = {
			isa = PBXGroup;
			children = (
				81A3B96B2C784B40009AD659 /* View */,
				81A3B96A2C784B3D009AD659 /* ViewModel */,
			);
			path = RunningCommunity;
			sourceTree = "<group>";
		};
		81A3B96A2C784B3D009AD659 /* ViewModel */ = {
			isa = PBXGroup;
			children = (
				81A3B9882C798DE1009AD659 /* SelfMarathon */,
				81A3B9872C798DD8009AD659 /* Qna */,
				81A3B9862C798DC9009AD659 /* ProductEpilogue */,
				81A3B9782C7865DA009AD659 /* RunningEpilogue */,
				81A3B96E2C784B69009AD659 /* RunningCommunityViewModel.swift */,
			);
			path = ViewModel;
			sourceTree = "<group>";
		};
		81A3B96B2C784B40009AD659 /* View */ = {
			isa = PBXGroup;
			children = (
				818533A32C7F5B7B00647F97 /* Cell */,
				81A3B9902C7B2C39009AD659 /* Qna */,
				81A3B98B2C7B2080009AD659 /* ProductEpilogue */,
				81A3B9752C7865BC009AD659 /* RunningEpilogue */,
				81A3B96C2C784B4D009AD659 /* RunningCommunityView.swift */,
				81A3B9702C784F1F009AD659 /* RunningCommunityViewController.swift */,
			);
			path = View;
			sourceTree = "<group>";
		};
		81A3B9722C7855B5009AD659 /* Tabbar */ = {
			isa = PBXGroup;
			children = (
				81A3B9732C7855CB009AD659 /* MainTabbarController.swift */,
			);
			path = Tabbar;
			sourceTree = "<group>";
		};
		81A3B9752C7865BC009AD659 /* RunningEpilogue */ = {
			isa = PBXGroup;
			children = (
				81A3B9762C7865D7009AD659 /* RunningEpiloguePostView.swift */,
				81A3B97B2C78660A009AD659 /* RunningEpiloguePostViewController.swift */,
			);
			path = RunningEpilogue;
			sourceTree = "<group>";
		};
		81A3B9782C7865DA009AD659 /* RunningEpilogue */ = {
			isa = PBXGroup;
			children = (
				81A3B9792C7865E8009AD659 /* RunningEpiloguePostViewModel.swift */,
			);
			path = RunningEpilogue;
			sourceTree = "<group>";
		};
		81A3B9862C798DC9009AD659 /* ProductEpilogue */ = {
			isa = PBXGroup;
			children = (
				81A3B97D2C786668009AD659 /* ProductEpiloguePostViewModel.swift */,
			);
			path = ProductEpilogue;
			sourceTree = "<group>";
		};
		81A3B9872C798DD8009AD659 /* Qna */ = {
			isa = PBXGroup;
			children = (
				81A3B97F2C78668D009AD659 /* QnaPostViewModel.swift */,
			);
			path = Qna;
			sourceTree = "<group>";
		};
		81A3B9882C798DE1009AD659 /* SelfMarathon */ = {
			isa = PBXGroup;
			children = (
				81A3B9812C7866B2009AD659 /* SelfMarathonPostViewModel.swift */,
			);
			path = SelfMarathon;
			sourceTree = "<group>";
		};
		81A3B98B2C7B2080009AD659 /* ProductEpilogue */ = {
			isa = PBXGroup;
			children = (
				81A3B98C2C7B209C009AD659 /* ProductEpiloguePostView.swift */,
				81A3B98E2C7B20B5009AD659 /* ProductEpiloguePostViewController.swift */,
			);
			path = ProductEpilogue;
			sourceTree = "<group>";
		};
		81A3B9902C7B2C39009AD659 /* Qna */ = {
			isa = PBXGroup;
			children = (
				81A3B9912C7B2C43009AD659 /* QnaPostView.swift */,
				81A3B9932C7B2C69009AD659 /* QnaPostViewController.swift */,
			);
			path = Qna;
			sourceTree = "<group>";
		};
		81A3B9972C7B7889009AD659 /* Detail */ = {
			isa = PBXGroup;
			children = (
				81876E5F2C81F90500381427 /* Product */,
				8157F1922C7DC81000661BB6 /* Epilogue */,
				8157F1792C7CC69D00661BB6 /* Invitation */,
				8157F16A2C7C78E700661BB6 /* RunningGroup */,
				81A3B9982C7B789C009AD659 /* Qna */,
			);
			path = Detail;
			sourceTree = "<group>";
		};
		81A3B9982C7B789C009AD659 /* Qna */ = {
			isa = PBXGroup;
			children = (
				81A3B9992C7B78B1009AD659 /* QnaDetailView.swift */,
				81A3B9A02C7B7B9B009AD659 /* QnaDetailViewController.swift */,
				81A3B9A32C7B7C00009AD659 /* QnaDetailViewModel.swift */,
			);
			path = Qna;
			sourceTree = "<group>";
		};
		81E7FEF12C6C6BBD00200CF2 = {
			isa = PBXGroup;
			children = (
				81E7FF2E2C6C6C9800200CF2 /* .gitignore */,
				81E7FF2C2C6C6C4D00200CF2 /* README.md */,
				81E7FEFC2C6C6BBD00200CF2 /* runwithu */,
				81E7FEFB2C6C6BBD00200CF2 /* Products */,
			);
			sourceTree = "<group>";
		};
		81E7FEFB2C6C6BBD00200CF2 /* Products */ = {
			isa = PBXGroup;
			children = (
				81E7FEFA2C6C6BBD00200CF2 /* runwithu.app */,
			);
			name = Products;
			sourceTree = "<group>";
		};
		81E7FEFC2C6C6BBD00200CF2 /* runwithu */ = {
			isa = PBXGroup;
			children = (
				81E7FF1D2C6C6C2700200CF2 /* App */,
				81E7FF122C6C6C2700200CF2 /* Constant */,
				81E7FF422C6C7B4E00200CF2 /* Enum */,
				81E7FF142C6C6C2700200CF2 /* Extension */,
				81E7FF222C6C6C2700200CF2 /* Model */,
				81E7FF162C6C6C2700200CF2 /* Presentation */,
				81E7FF1F2C6C6C2700200CF2 /* Protocol */,
				81E7FF322C6C722B00200CF2 /* Service */,
			);
			path = runwithu;
			sourceTree = "<group>";
		};
		81E7FF122C6C6C2700200CF2 /* Constant */ = {
			isa = PBXGroup;
			children = (
				81E7FF112C6C6C2700200CF2 /* Enum+Text.swift */,
			);
			path = Constant;
			sourceTree = "<group>";
		};
		81E7FF142C6C6C2700200CF2 /* Extension */ = {
			isa = PBXGroup;
			children = (
				81E7FF132C6C6C2700200CF2 /* Extension+UIView.swift */,
				81E7FF452C6C7C0100200CF2 /* Extension+Encodable.swift */,
				81E7FF7F2C6F183700200CF2 /* Extension+Date.swift */,
				81A3B8F62C74B77E009AD659 /* Extension+UIImage.swift */,
				81A3B9152C74EE19009AD659 /* Extension+UIButton.swift */,
				81A3B93D2C75CC2D009AD659 /* Extension+UITextField.swift */,
			);
			path = Extension;
			sourceTree = "<group>";
		};
		81E7FF162C6C6C2700200CF2 /* Presentation */ = {
			isa = PBXGroup;
			children = (
				81E7FFA72C6F42AC00200CF2 /* BaseView */,
				811D376B2C7379730017E17C /* BottomSheet */,
				81E7FFA22C6F404500200CF2 /* CustomView */,
				81A3B9972C7B7889009AD659 /* Detail */,
				81A3B9412C75E065009AD659 /* Profile */,
				81A3B9692C784B35009AD659 /* RunningCommunity */,
				811D37742C73821F0017E17C /* RunningGroup */,
				81A3B90B2C74EB36009AD659 /* RunningInvitation */,
				81E7FF9D2C6F30D500200CF2 /* Sign */,
				81A3B9722C7855B5009AD659 /* Tabbar */,
			);
			path = Presentation;
			sourceTree = "<group>";
		};
		81E7FF1D2C6C6C2700200CF2 /* App */ = {
			isa = PBXGroup;
			children = (
				81876E562C80C25200381427 /* runwithu.entitlements */,
				81E7FF0B2C6C6BBE00200CF2 /* Info.plist */,
				81E7FF172C6C6C2700200CF2 /* AppDelegate.swift */,
				81E7FF182C6C6C2700200CF2 /* Assets.xcassets */,
				81E7FF1B2C6C6C2700200CF2 /* LaunchScreen.storyboard */,
				81E7FF1C2C6C6C2700200CF2 /* SceneDelegate.swift */,
				81A3B9092C74E45D009AD659 /* ENV.swift */,
				81A3B9542C773955009AD659 /* TestViewController.swift */,
				813549042C80BDBE00F975FB /* ImageTestVC.swift */,
			);
			path = App;
			sourceTree = "<group>";
		};
		81E7FF1F2C6C6C2700200CF2 /* Protocol */ = {
			isa = PBXGroup;
			children = (
				81E7FF382C6C738B00200CF2 /* EndPoint.swift */,
				81E7FF852C6F215E00200CF2 /* PostInputType.swift */,
				81E7FFB72C70073800200CF2 /* Protocol+BaseView.swift */,
			);
			path = Protocol;
			sourceTree = "<group>";
		};
		81E7FF222C6C6C2700200CF2 /* Model */ = {
			isa = PBXGroup;
			children = (
				81E7FF6C2C6EF46A00200CF2 /* Posts */,
				81E7FF532C6CA7D800200CF2 /* DTO */,
			);
			path = Model;
			sourceTree = "<group>";
		};
		81E7FF322C6C722B00200CF2 /* Service */ = {
			isa = PBXGroup;
			children = (
				81E7FF642C6EDF9800200CF2 /* Auth */,
				81E7FF332C6C723700200CF2 /* API */,
			);
			path = Service;
			sourceTree = "<group>";
		};
		81E7FF332C6C723700200CF2 /* API */ = {
			isa = PBXGroup;
			children = (
				81E7FF582C6CB25900200CF2 /* AuthEndPoint.swift */,
				81E7FF622C6EDF8800200CF2 /* PostEndPoint.swift */,
				81E7FF342C6C723E00200CF2 /* UserEndPoint.swift */,
				81E7FF362C6C736100200CF2 /* Network.swift */,
			);
			path = API;
			sourceTree = "<group>";
		};
		81E7FF422C6C7B4E00200CF2 /* Enum */ = {
			isa = PBXGroup;
			children = (
				81E7FF742C6EF85400200CF2 /* Posts */,
				81E7FF3A2C6C743400200CF2 /* NetworkMethod.swift */,
				81E7FF432C6C7B6D00200CF2 /* NetworkErrors.swift */,
				81E7FF5C2C6D8F9B00200CF2 /* TokenErrors.swift */,
				81A3B9622C783F69009AD659 /* TabItems.swift */,
			);
			path = Enum;
			sourceTree = "<group>";
		};
		81E7FF532C6CA7D800200CF2 /* DTO */ = {
			isa = PBXGroup;
			children = (
				81E7FF5F2C6DB8DC00200CF2 /* Auth */,
				81E7FF652C6EDFCF00200CF2 /* Post */,
				81E7FF5E2C6DB8D300200CF2 /* User */,
			);
			path = DTO;
			sourceTree = "<group>";
		};
		81E7FF5E2C6DB8D300200CF2 /* User */ = {
			isa = PBXGroup;
			children = (
				81E7FF3C2C6C762F00200CF2 /* JoinDTO.swift */,
				81E7FF3E2C6C769D00200CF2 /* LoginDTO.swift */,
				81E7FF402C6C76E100200CF2 /* ValidEmailDTO.swift */,
				81E7FF602C6DB8F000200CF2 /* ProfileDTO.swift */,
				81A3B95D2C7824A9009AD659 /* SearchUserDTO.swift */,
			);
			path = User;
			sourceTree = "<group>";
		};
		81E7FF5F2C6DB8DC00200CF2 /* Auth */ = {
			isa = PBXGroup;
			children = (
				81E7FF542C6CAD0700200CF2 /* RefreshTokenDTO.swift */,
			);
			path = Auth;
			sourceTree = "<group>";
		};
		81E7FF642C6EDF9800200CF2 /* Auth */ = {
			isa = PBXGroup;
			children = (
				81E7FF5A2C6D7FF400200CF2 /* TokenManager.swift */,
				8185339F2C7EF88A00647F97 /* UserDefaultsManager.swift */,
			);
			path = Auth;
			sourceTree = "<group>";
		};
		81E7FF652C6EDFCF00200CF2 /* Post */ = {
			isa = PBXGroup;
			children = (
				81E7FF662C6EDFEB00200CF2 /* ImageUploadDTO.swift */,
				81E7FF6A2C6EE7AD00200CF2 /* PostsDTO.swift */,
				81E7FF772C6EFE2100200CF2 /* GetPostDTO.swift */,
				81E7FF792C6F07E600200CF2 /* UpdatePostDTO.swift */,
				8157F1682C7C516D00661BB6 /* CommentsDTO.swift */,
				8157F1902C7DB84300661BB6 /* PostLikeDTO.swift */,
			);
			path = Post;
			sourceTree = "<group>";
		};
		81E7FF6C2C6EF46A00200CF2 /* Posts */ = {
			isa = PBXGroup;
			children = (
				81E7FF722C6EF74E00200CF2 /* RunningInfo.swift */,
				81E7FF7D2C6F16F400200CF2 /* EpilogueInput.swift */,
				81E7FF812C6F1C8700200CF2 /* ProductEpilogueInput.swift */,
				81E7FF872C6F21AF00200CF2 /* QnaInput.swift */,
				81E7FF892C6F21E100200CF2 /* OpenMarathonInput.swift */,
				81E7FF8B2C6F22BE00200CF2 /* CreateRunningGroupInput.swift */,
				81E7FF8D2C6F249000200CF2 /* CreateInvitationInput.swift */,
			);
			path = Posts;
			sourceTree = "<group>";
		};
		81E7FF742C6EF85400200CF2 /* Posts */ = {
			isa = PBXGroup;
			children = (
				81E7FF6E2C6EF55A00200CF2 /* ProductIds.swift */,
				81E7FF702C6EF67300200CF2 /* PostsCommunityType.swift */,
				81E7FF752C6EF86000200CF2 /* RunningHardType.swift */,
				81E7FF832C6F1CBC00200CF2 /* RunningProductType.swift */,
				81A3B9952C7B4EE5009AD659 /* RunningQnaType.swift */,
			);
			path = Posts;
			sourceTree = "<group>";
		};
		81E7FF9D2C6F30D500200CF2 /* Sign */ = {
			isa = PBXGroup;
			children = (
				81E7FF9E2C6F30FA00200CF2 /* View */,
				81E7FF9F2C6F30FD00200CF2 /* ViewModel */,
			);
			path = Sign;
			sourceTree = "<group>";
		};
		81E7FF9E2C6F30FA00200CF2 /* View */ = {
			isa = PBXGroup;
			children = (
				81E7FFA02C6F311E00200CF2 /* LoginViewController.swift */,
				81E7FFB12C7005EF00200CF2 /* LoginView.swift */,
				81E7FFBD2C7019B300200CF2 /* JoinViewController.swift */,
				81E7FFBB2C700DCA00200CF2 /* JoinView.swift */,
			);
			path = View;
			sourceTree = "<group>";
		};
		81E7FF9F2C6F30FD00200CF2 /* ViewModel */ = {
			isa = PBXGroup;
			children = (
				81E7FFB92C700C2200200CF2 /* LoginViewModel.swift */,
				81E7FFBF2C7019D200200CF2 /* JoinViewModel.swift */,
			);
			path = ViewModel;
			sourceTree = "<group>";
		};
		81E7FFA22C6F404500200CF2 /* CustomView */ = {
			isa = PBXGroup;
			children = (
				81E7FFA52C6F413400200CF2 /* InputWithTitleView.swift */,
				81E7FFAF2C6F72F300200CF2 /* RoundedButtonView.swift */,
				811D377D2C7390C00017E17C /* RoundedInputViewWithTitle.swift */,
				811D37812C7404170017E17C /* RoundedTextViewWithTitle.swift */,
				81A3B9172C7565D2009AD659 /* RoundedDatePickerView.swift */,
				81A3B9372C759B4C009AD659 /* RoundedAddUserView.swift */,
				81A3B8EC2C745054009AD659 /* StepBar.swift */,
				81A3B8F42C74B18D009AD659 /* PlusButton.swift */,
				81A3B9332C757F6A009AD659 /* RectangleView.swift */,
				81A3B94B2C75EAD0009AD659 /* RoundedMenuView.swift */,
				813548FE2C80348D00F975FB /* CapsuledLabel.swift */,
			);
			path = CustomView;
			sourceTree = "<group>";
		};
		81E7FFA72C6F42AC00200CF2 /* BaseView */ = {
			isa = PBXGroup;
			children = (
				81E7FFA32C6F405300200CF2 /* BaseLabel.swift */,
				81E7FFA82C6F42C200200CF2 /* BaseTextFieldWithLine.swift */,
				81E7FFAA2C6F6EF400200CF2 /* BaseView.swift */,
				81E7FFB32C70061200200CF2 /* BaseViewController.swift */,
				811D37722C737DCB0017E17C /* BaseTableViewCell.swift */,
				811D377F2C73912D0017E17C /* BaseTextFieldRounded.swift */,
				81A3B9392C75BC52009AD659 /* BaseCollectionViewCell.swift */,
				81A3B9572C7745C6009AD659 /* BaseAlertBuilder.swift */,
				81A3B9592C774818009AD659 /* BaseAlertViewController.swift */,
				81A3B95F2C7836B4009AD659 /* BaseTabItem.swift */,
				81A3B9642C784772009AD659 /* BaseTabBar.swift */,
				81A3B9832C786E56009AD659 /* BaseScrollViewWithCloseButton.swift */,
				81A3B9892C798E18009AD659 /* BaseWithImageCollectionViewCell.swift */,
				81A3B99B2C7B7A55009AD659 /* BaseCreatorView.swift */,
				81A3B9A52C7C00A8009AD659 /* BaseScrollView.swift */,
				8157F1662C7C3A3E00661BB6 /* BaseCommentsView.swift */,
				8157F1802C7D35C200661BB6 /* BaseUserImage.swift */,
			);
			path = BaseView;
			sourceTree = "<group>";
		};
/* End PBXGroup section */

/* Begin PBXNativeTarget section */
		81E7FEF92C6C6BBD00200CF2 /* runwithu */ = {
			isa = PBXNativeTarget;
			buildConfigurationList = 81E7FF0E2C6C6BBE00200CF2 /* Build configuration list for PBXNativeTarget "runwithu" */;
			buildPhases = (
				81E7FEF62C6C6BBD00200CF2 /* Sources */,
				81E7FEF72C6C6BBD00200CF2 /* Frameworks */,
				81E7FEF82C6C6BBD00200CF2 /* Resources */,
			);
			buildRules = (
			);
			dependencies = (
			);
			name = runwithu;
			packageProductDependencies = (
				81E7FF902C6F2B5300200CF2 /* SnapKit */,
				81E7FF932C6F2B6200200CF2 /* RxCocoa */,
				81E7FF952C6F2B6200200CF2 /* RxSwift */,
				81E7FF982C6F304500200CF2 /* PinLayout */,
				81E7FF9B2C6F308600200CF2 /* FlexLayout */,
				81E7FFAD2C6F701400200CF2 /* IQKeyboardManagerSwift */,
				81A3B9672C7847E3009AD659 /* RxGesture */,
				81A3B99E2C7B7A9D009AD659 /* Kingfisher */,
				8157F18C2C7D9EFB00661BB6 /* iamport-ios */,
				813549012C8062D300F975FB /* MCEmojiPicker */,
				81876E582C80C84B00381427 /* RxDataSources */,
			);
			productName = runwithu;
			productReference = 81E7FEFA2C6C6BBD00200CF2 /* runwithu.app */;
			productType = "com.apple.product-type.application";
		};
/* End PBXNativeTarget section */

/* Begin PBXProject section */
		81E7FEF22C6C6BBD00200CF2 /* Project object */ = {
			isa = PBXProject;
			attributes = {
				BuildIndependentTargetsInParallel = 1;
				LastSwiftUpdateCheck = 1540;
				LastUpgradeCheck = 1540;
				TargetAttributes = {
					81E7FEF92C6C6BBD00200CF2 = {
						CreatedOnToolsVersion = 15.4;
					};
				};
			};
			buildConfigurationList = 81E7FEF52C6C6BBD00200CF2 /* Build configuration list for PBXProject "runwithu" */;
			compatibilityVersion = "Xcode 14.0";
			developmentRegion = en;
			hasScannedForEncodings = 0;
			knownRegions = (
				en,
				Base,
			);
			mainGroup = 81E7FEF12C6C6BBD00200CF2;
			packageReferences = (
				81E7FF8F2C6F2B5300200CF2 /* XCRemoteSwiftPackageReference "SnapKit" */,
				81E7FF922C6F2B6200200CF2 /* XCRemoteSwiftPackageReference "RxSwift" */,
				81E7FF972C6F304500200CF2 /* XCRemoteSwiftPackageReference "PinLayout" */,
				81E7FF9A2C6F308600200CF2 /* XCRemoteSwiftPackageReference "FlexLayout" */,
				81E7FFAC2C6F701400200CF2 /* XCRemoteSwiftPackageReference "IQKeyboardManager" */,
				81A3B9662C7847E3009AD659 /* XCRemoteSwiftPackageReference "RxGesture" */,
				81A3B99D2C7B7A9D009AD659 /* XCRemoteSwiftPackageReference "Kingfisher" */,
				8157F18B2C7D9EFB00661BB6 /* XCRemoteSwiftPackageReference "iamport-ios" */,
				813549002C8062D300F975FB /* XCRemoteSwiftPackageReference "MCEmojiPicker" */,
				81876E572C80C84B00381427 /* XCRemoteSwiftPackageReference "RxDataSources" */,
			);
			productRefGroup = 81E7FEFB2C6C6BBD00200CF2 /* Products */;
			projectDirPath = "";
			projectRoot = "";
			targets = (
				81E7FEF92C6C6BBD00200CF2 /* runwithu */,
			);
		};
/* End PBXProject section */

/* Begin PBXResourcesBuildPhase section */
		81E7FEF82C6C6BBD00200CF2 /* Resources */ = {
			isa = PBXResourcesBuildPhase;
			buildActionMask = 2147483647;
			files = (
				81E7FF2F2C6C6C9800200CF2 /* .gitignore in Resources */,
				81E7FF2D2C6C6C4D00200CF2 /* README.md in Resources */,
				81E7FF272C6C6C2700200CF2 /* Assets.xcassets in Resources */,
				81E7FF292C6C6C2700200CF2 /* LaunchScreen.storyboard in Resources */,
			);
			runOnlyForDeploymentPostprocessing = 0;
		};
/* End PBXResourcesBuildPhase section */

/* Begin PBXSourcesBuildPhase section */
		81E7FEF62C6C6BBD00200CF2 /* Sources */ = {
			isa = PBXSourcesBuildPhase;
			buildActionMask = 2147483647;
			files = (
				8157F1782C7CC10900661BB6 /* RunningGroupEntryCell.swift in Sources */,
				81A3B97A2C7865E8009AD659 /* RunningEpiloguePostViewModel.swift in Sources */,
				81E7FF822C6F1C8700200CF2 /* ProductEpilogueInput.swift in Sources */,
				81A3B90A2C74E45D009AD659 /* ENV.swift in Sources */,
				81E7FF3B2C6C743400200CF2 /* NetworkMethod.swift in Sources */,
				81A3B9482C75E080009AD659 /* ProfileViewModel.swift in Sources */,
				81E7FF5B2C6D7FF400200CF2 /* TokenManager.swift in Sources */,
				81E7FFB42C70061200200CF2 /* BaseViewController.swift in Sources */,
				81A3B9802C78668D009AD659 /* QnaPostViewModel.swift in Sources */,
				811D377E2C7390C00017E17C /* RoundedInputViewWithTitle.swift in Sources */,
				81A3B9962C7B4EE5009AD659 /* RunningQnaType.swift in Sources */,
				81A3B9922C7B2C43009AD659 /* QnaPostView.swift in Sources */,
				81A3B95A2C774818009AD659 /* BaseAlertViewController.swift in Sources */,
				81876E5C2C81872E00381427 /* GroupListCollectionCell.swift in Sources */,
				81E7FFB22C7005EF00200CF2 /* LoginView.swift in Sources */,
				81E7FFC02C7019D200200CF2 /* JoinViewModel.swift in Sources */,
				81E7FF762C6EF86000200CF2 /* RunningHardType.swift in Sources */,
				81876E632C81FA2A00381427 /* ProductDetailViewModel.swift in Sources */,
				81A3B8EB2C744972009AD659 /* RunningGroupPreviewView.swift in Sources */,
				81A3B9582C7745C6009AD659 /* BaseAlertBuilder.swift in Sources */,
				81876E672C8407CE00381427 /* RunningGroupPostStack.swift in Sources */,
				81A3B9842C786E56009AD659 /* BaseScrollViewWithCloseButton.swift in Sources */,
				811D377A2C73824D0017E17C /* RunningGroupCreateView.swift in Sources */,
				81E7FF7E2C6F16F400200CF2 /* EpilogueInput.swift in Sources */,
				81A3B9602C7836B4009AD659 /* BaseTabItem.swift in Sources */,
				81A3B93C2C75BC8D009AD659 /* RunningInvitedUserCell.swift in Sources */,
				81E7FFB02C6F72F300200CF2 /* RoundedButtonView.swift in Sources */,
				81A3B8EF2C74AFB6009AD659 /* RunningGroupListViewController.swift in Sources */,
				81E7FFB82C70073800200CF2 /* Protocol+BaseView.swift in Sources */,
				8157F1692C7C516D00661BB6 /* CommentsDTO.swift in Sources */,
				81A3B93A2C75BC52009AD659 /* BaseCollectionViewCell.swift in Sources */,
				81A3B95C2C7764B1009AD659 /* BottomSheetViewController.swift in Sources */,
				81A3B9142C74EBEA009AD659 /* RunningInvitationCreateViewController.swift in Sources */,
				81E7FF462C6C7C0100200CF2 /* Extension+Encodable.swift in Sources */,
				81E7FF672C6EDFEB00200CF2 /* ImageUploadDTO.swift in Sources */,
				8157F1812C7D35C200661BB6 /* BaseUserImage.swift in Sources */,
				81E7FF802C6F183700200CF2 /* Extension+Date.swift in Sources */,
				8157F1742C7CA8D700661BB6 /* RunningGroupDetailInfoView.swift in Sources */,
				81876E5E2C818F6600381427 /* GroupListTableCell.swift in Sources */,
				81E7FF442C6C7B6D00200CF2 /* NetworkErrors.swift in Sources */,
				81E7FF7A2C6F07E600200CF2 /* UpdatePostDTO.swift in Sources */,
				81A3B94C2C75EAD0009AD659 /* RoundedMenuView.swift in Sources */,
				81A3B93E2C75CC2D009AD659 /* Extension+UITextField.swift in Sources */,
				81E7FF392C6C738B00200CF2 /* EndPoint.swift in Sources */,
				81A3B8F32C74B003009AD659 /* RunningGroupListView.swift in Sources */,
				81A3B90F2C74EB97009AD659 /* RunningInvitationCreateView.swift in Sources */,
				81A3B9712C784F1F009AD659 /* RunningCommunityViewController.swift in Sources */,
				81E7FF612C6DB8F000200CF2 /* ProfileDTO.swift in Sources */,
				811D37712C737DA70017E17C /* BottomSheetTableCell.swift in Sources */,
				81876E652C81FA6F00381427 /* ProducteDetailViewController.swift in Sources */,
				81E7FFA92C6F42C200200CF2 /* BaseTextFieldWithLine.swift in Sources */,
				81A3B8ED2C745054009AD659 /* StepBar.swift in Sources */,
				81E7FF2A2C6C6C2700200CF2 /* SceneDelegate.swift in Sources */,
				818533A72C7F7AAD00647F97 /* EpiloguePostCell.swift in Sources */,
				81A3B94A2C75E357009AD659 /* ProfileViewController.swift in Sources */,
				81E7FFBA2C700C2200200CF2 /* LoginViewModel.swift in Sources */,
				8157F1942C7DC82200661BB6 /* RunningEpilogueDetailView.swift in Sources */,
				81E7FF552C6CAD0700200CF2 /* RefreshTokenDTO.swift in Sources */,
				8157F1962C7DC84000661BB6 /* RunningEpilogueDetailViewModel.swift in Sources */,
				81E7FF732C6EF74E00200CF2 /* RunningInfo.swift in Sources */,
				81A3B8F12C74AFCE009AD659 /* RunningGroupListViewModel.swift in Sources */,
				811D377C2C73825D0017E17C /* RunningGroupCreateViewModel.swift in Sources */,
				81A3B8F52C74B18D009AD659 /* PlusButton.swift in Sources */,
				81A3B9772C7865D7009AD659 /* RunningEpiloguePostView.swift in Sources */,
				813548FD2C8033E800F975FB /* ProductPostCell.swift in Sources */,
				81E7FF3D2C6C762F00200CF2 /* JoinDTO.swift in Sources */,
				8157F17D2C7CC6B900661BB6 /* InvitationDetailViewModel.swift in Sources */,
				81A3B97E2C786668009AD659 /* ProductEpiloguePostViewModel.swift in Sources */,
				81E7FF412C6C76E100200CF2 /* ValidEmailDTO.swift in Sources */,
				811D37822C7404170017E17C /* RoundedTextViewWithTitle.swift in Sources */,
				81E7FF8E2C6F249000200CF2 /* CreateInvitationInput.swift in Sources */,
				81A3B9A12C7B7B9B009AD659 /* QnaDetailViewController.swift in Sources */,
				81A3B9632C783F69009AD659 /* TabItems.swift in Sources */,
				81E7FFBC2C700DCA00200CF2 /* JoinView.swift in Sources */,
				813548FF2C80348D00F975FB /* CapsuledLabel.swift in Sources */,
				818533A02C7EF88A00647F97 /* UserDefaultsManager.swift in Sources */,
				818533A52C7F5B8B00647F97 /* QnaPostCell.swift in Sources */,
				8157F17B2C7CC6B100661BB6 /* InvitationDetailView.swift in Sources */,
				81876E612C81FA0A00381427 /* ProductDetailView.swift in Sources */,
				81E7FF8C2C6F22BE00200CF2 /* CreateRunningGroupInput.swift in Sources */,
				81A3B9342C757F6A009AD659 /* RectangleView.swift in Sources */,
				81A3B97C2C78660A009AD659 /* RunningEpiloguePostViewController.swift in Sources */,
				81A3B9112C74EBBA009AD659 /* RunningInvitationCreateViewModel.swift in Sources */,
				81A3B99A2C7B78B1009AD659 /* QnaDetailView.swift in Sources */,
				81A3B98F2C7B20B5009AD659 /* ProductEpiloguePostViewController.swift in Sources */,
				811D37802C73912D0017E17C /* BaseTextFieldRounded.swift in Sources */,
				81A3B98D2C7B209C009AD659 /* ProductEpiloguePostView.swift in Sources */,
				811D37782C7382420017E17C /* RunningGroupCreateViewController.swift in Sources */,
				813549052C80BDBE00F975FB /* ImageTestVC.swift in Sources */,
				81A3B9942C7B2C69009AD659 /* QnaPostViewController.swift in Sources */,
				81A3B9162C74EE19009AD659 /* Extension+UIButton.swift in Sources */,
				81A3B96F2C784B69009AD659 /* RunningCommunityViewModel.swift in Sources */,
				8157F17F2C7CC6C300661BB6 /* InvitationDetailViewController.swift in Sources */,
				811D37732C737DCB0017E17C /* BaseTableViewCell.swift in Sources */,
				81E7FF5D2C6D8F9B00200CF2 /* TokenErrors.swift in Sources */,
				81E7FF242C6C6C2700200CF2 /* Extension+UIView.swift in Sources */,
				81A3B9652C784772009AD659 /* BaseTabBar.swift in Sources */,
				8157F1672C7C3A3E00661BB6 /* BaseCommentsView.swift in Sources */,
				81E7FF262C6C6C2700200CF2 /* AppDelegate.swift in Sources */,
				81E7FFA12C6F311E00200CF2 /* LoginViewController.swift in Sources */,
				8157F1722C7CA4EF00661BB6 /* RunningGroupDetailInfoViewController.swift in Sources */,
				81E7FF632C6EDF8800200CF2 /* PostEndPoint.swift in Sources */,
				81A3B96D2C784B4D009AD659 /* RunningCommunityView.swift in Sources */,
				8157F1982C7DC88000661BB6 /* RunningEpilogueDetailViewController.swift in Sources */,
				81A3B8F72C74B77E009AD659 /* Extension+UIImage.swift in Sources */,
				81E7FF712C6EF67300200CF2 /* PostsCommunityType.swift in Sources */,
				81E7FF6B2C6EE7AD00200CF2 /* PostsDTO.swift in Sources */,
				81E7FF372C6C736100200CF2 /* Network.swift in Sources */,
				81A3B99C2C7B7A55009AD659 /* BaseCreatorView.swift in Sources */,
				81E7FFA42C6F405300200CF2 /* BaseLabel.swift in Sources */,
				81A3B9822C7866B2009AD659 /* SelfMarathonPostViewModel.swift in Sources */,
				81E7FF882C6F21AF00200CF2 /* QnaInput.swift in Sources */,
				81E7FFBE2C7019B300200CF2 /* JoinViewController.swift in Sources */,
				81A3B9552C773955009AD659 /* TestViewController.swift in Sources */,
				8157F1702C7C796800661BB6 /* RunningGroupDetailViewController.swift in Sources */,
				81E7FFAB2C6F6EF400200CF2 /* BaseView.swift in Sources */,
				81A3B9A62C7C00A8009AD659 /* BaseScrollView.swift in Sources */,
				8157F16E2C7C791100661BB6 /* RunningGroupDetailViewModel.swift in Sources */,
				818533A22C7F3C5200647F97 /* CommunityMenuCell.swift in Sources */,
				81E7FF352C6C723E00200CF2 /* UserEndPoint.swift in Sources */,
				81A3B9182C7565D2009AD659 /* RoundedDatePickerView.swift in Sources */,
				81A3B95E2C7824A9009AD659 /* SearchUserDTO.swift in Sources */,
				81E7FF592C6CB25900200CF2 /* AuthEndPoint.swift in Sources */,
				813FC4DA2C7DE7A0003E23B3 /* EpilogueImageCollectionCell.swift in Sources */,
				81A3B98A2C798E18009AD659 /* BaseWithImageCollectionViewCell.swift in Sources */,
				81E7FFA62C6F413400200CF2 /* InputWithTitleView.swift in Sources */,
				81E7FF862C6F215E00200CF2 /* PostInputType.swift in Sources */,
				8157F16C2C7C78F200661BB6 /* RunningGroupDetailView.swift in Sources */,
				81A3B9452C75E077009AD659 /* ProfileView.swift in Sources */,
				81E7FF8A2C6F21E100200CF2 /* OpenMarathonInput.swift in Sources */,
				81E7FF782C6EFE2100200CF2 /* GetPostDTO.swift in Sources */,
				81E7FF3F2C6C769D00200CF2 /* LoginDTO.swift in Sources */,
				81E7FF232C6C6C2700200CF2 /* Enum+Text.swift in Sources */,
				8157F1762C7CA8E500661BB6 /* RunnigGroupDetailInfoViewModel.swift in Sources */,
				81E7FF6F2C6EF55A00200CF2 /* ProductIds.swift in Sources */,
				81E7FF842C6F1CBC00200CF2 /* RunningProductType.swift in Sources */,
				81A3B9742C7855CB009AD659 /* MainTabbarController.swift in Sources */,
				81A3B9A42C7B7C00009AD659 /* QnaDetailViewModel.swift in Sources */,
				8157F1912C7DB84300661BB6 /* PostLikeDTO.swift in Sources */,
				81A3B9382C759B4C009AD659 /* RoundedAddUserView.swift in Sources */,
			);
			runOnlyForDeploymentPostprocessing = 0;
		};
/* End PBXSourcesBuildPhase section */

/* Begin PBXVariantGroup section */
		81E7FF1B2C6C6C2700200CF2 /* LaunchScreen.storyboard */ = {
			isa = PBXVariantGroup;
			children = (
				81E7FF1A2C6C6C2700200CF2 /* Base */,
			);
			name = LaunchScreen.storyboard;
			sourceTree = "<group>";
		};
/* End PBXVariantGroup section */

/* Begin XCBuildConfiguration section */
		81E7FF0C2C6C6BBE00200CF2 /* Debug */ = {
			isa = XCBuildConfiguration;
			buildSettings = {
				ALWAYS_SEARCH_USER_PATHS = NO;
				ASSETCATALOG_COMPILER_GENERATE_SWIFT_ASSET_SYMBOL_EXTENSIONS = YES;
				CLANG_ANALYZER_NONNULL = YES;
				CLANG_ANALYZER_NUMBER_OBJECT_CONVERSION = YES_AGGRESSIVE;
				CLANG_CXX_LANGUAGE_STANDARD = "gnu++20";
				CLANG_ENABLE_MODULES = YES;
				CLANG_ENABLE_OBJC_ARC = YES;
				CLANG_ENABLE_OBJC_WEAK = YES;
				CLANG_WARN_BLOCK_CAPTURE_AUTORELEASING = YES;
				CLANG_WARN_BOOL_CONVERSION = YES;
				CLANG_WARN_COMMA = YES;
				CLANG_WARN_CONSTANT_CONVERSION = YES;
				CLANG_WARN_DEPRECATED_OBJC_IMPLEMENTATIONS = YES;
				CLANG_WARN_DIRECT_OBJC_ISA_USAGE = YES_ERROR;
				CLANG_WARN_DOCUMENTATION_COMMENTS = YES;
				CLANG_WARN_EMPTY_BODY = YES;
				CLANG_WARN_ENUM_CONVERSION = YES;
				CLANG_WARN_INFINITE_RECURSION = YES;
				CLANG_WARN_INT_CONVERSION = YES;
				CLANG_WARN_NON_LITERAL_NULL_CONVERSION = YES;
				CLANG_WARN_OBJC_IMPLICIT_RETAIN_SELF = YES;
				CLANG_WARN_OBJC_LITERAL_CONVERSION = YES;
				CLANG_WARN_OBJC_ROOT_CLASS = YES_ERROR;
				CLANG_WARN_QUOTED_INCLUDE_IN_FRAMEWORK_HEADER = YES;
				CLANG_WARN_RANGE_LOOP_ANALYSIS = YES;
				CLANG_WARN_STRICT_PROTOTYPES = YES;
				CLANG_WARN_SUSPICIOUS_MOVE = YES;
				CLANG_WARN_UNGUARDED_AVAILABILITY = YES_AGGRESSIVE;
				CLANG_WARN_UNREACHABLE_CODE = YES;
				CLANG_WARN__DUPLICATE_METHOD_MATCH = YES;
				COPY_PHASE_STRIP = NO;
				DEBUG_INFORMATION_FORMAT = dwarf;
				ENABLE_STRICT_OBJC_MSGSEND = YES;
				ENABLE_TESTABILITY = YES;
				ENABLE_USER_SCRIPT_SANDBOXING = YES;
				GCC_C_LANGUAGE_STANDARD = gnu17;
				GCC_DYNAMIC_NO_PIC = NO;
				GCC_NO_COMMON_BLOCKS = YES;
				GCC_OPTIMIZATION_LEVEL = 0;
				GCC_PREPROCESSOR_DEFINITIONS = (
					"DEBUG=1",
					"$(inherited)",
				);
				GCC_WARN_64_TO_32_BIT_CONVERSION = YES;
				GCC_WARN_ABOUT_RETURN_TYPE = YES_ERROR;
				GCC_WARN_UNDECLARED_SELECTOR = YES;
				GCC_WARN_UNINITIALIZED_AUTOS = YES_AGGRESSIVE;
				GCC_WARN_UNUSED_FUNCTION = YES;
				GCC_WARN_UNUSED_VARIABLE = YES;
				IPHONEOS_DEPLOYMENT_TARGET = 16.0;
				LOCALIZATION_PREFERS_STRING_CATALOGS = YES;
				MTL_ENABLE_DEBUG_INFO = INCLUDE_SOURCE;
				MTL_FAST_MATH = YES;
				ONLY_ACTIVE_ARCH = YES;
				SDKROOT = iphoneos;
				SWIFT_ACTIVE_COMPILATION_CONDITIONS = "DEBUG $(inherited)";
				SWIFT_OPTIMIZATION_LEVEL = "-Onone";
			};
			name = Debug;
		};
		81E7FF0D2C6C6BBE00200CF2 /* Release */ = {
			isa = XCBuildConfiguration;
			buildSettings = {
				ALWAYS_SEARCH_USER_PATHS = NO;
				ASSETCATALOG_COMPILER_GENERATE_SWIFT_ASSET_SYMBOL_EXTENSIONS = YES;
				CLANG_ANALYZER_NONNULL = YES;
				CLANG_ANALYZER_NUMBER_OBJECT_CONVERSION = YES_AGGRESSIVE;
				CLANG_CXX_LANGUAGE_STANDARD = "gnu++20";
				CLANG_ENABLE_MODULES = YES;
				CLANG_ENABLE_OBJC_ARC = YES;
				CLANG_ENABLE_OBJC_WEAK = YES;
				CLANG_WARN_BLOCK_CAPTURE_AUTORELEASING = YES;
				CLANG_WARN_BOOL_CONVERSION = YES;
				CLANG_WARN_COMMA = YES;
				CLANG_WARN_CONSTANT_CONVERSION = YES;
				CLANG_WARN_DEPRECATED_OBJC_IMPLEMENTATIONS = YES;
				CLANG_WARN_DIRECT_OBJC_ISA_USAGE = YES_ERROR;
				CLANG_WARN_DOCUMENTATION_COMMENTS = YES;
				CLANG_WARN_EMPTY_BODY = YES;
				CLANG_WARN_ENUM_CONVERSION = YES;
				CLANG_WARN_INFINITE_RECURSION = YES;
				CLANG_WARN_INT_CONVERSION = YES;
				CLANG_WARN_NON_LITERAL_NULL_CONVERSION = YES;
				CLANG_WARN_OBJC_IMPLICIT_RETAIN_SELF = YES;
				CLANG_WARN_OBJC_LITERAL_CONVERSION = YES;
				CLANG_WARN_OBJC_ROOT_CLASS = YES_ERROR;
				CLANG_WARN_QUOTED_INCLUDE_IN_FRAMEWORK_HEADER = YES;
				CLANG_WARN_RANGE_LOOP_ANALYSIS = YES;
				CLANG_WARN_STRICT_PROTOTYPES = YES;
				CLANG_WARN_SUSPICIOUS_MOVE = YES;
				CLANG_WARN_UNGUARDED_AVAILABILITY = YES_AGGRESSIVE;
				CLANG_WARN_UNREACHABLE_CODE = YES;
				CLANG_WARN__DUPLICATE_METHOD_MATCH = YES;
				COPY_PHASE_STRIP = NO;
				DEBUG_INFORMATION_FORMAT = "dwarf-with-dsym";
				ENABLE_NS_ASSERTIONS = NO;
				ENABLE_STRICT_OBJC_MSGSEND = YES;
				ENABLE_USER_SCRIPT_SANDBOXING = YES;
				GCC_C_LANGUAGE_STANDARD = gnu17;
				GCC_NO_COMMON_BLOCKS = YES;
				GCC_WARN_64_TO_32_BIT_CONVERSION = YES;
				GCC_WARN_ABOUT_RETURN_TYPE = YES_ERROR;
				GCC_WARN_UNDECLARED_SELECTOR = YES;
				GCC_WARN_UNINITIALIZED_AUTOS = YES_AGGRESSIVE;
				GCC_WARN_UNUSED_FUNCTION = YES;
				GCC_WARN_UNUSED_VARIABLE = YES;
				IPHONEOS_DEPLOYMENT_TARGET = 16.0;
				LOCALIZATION_PREFERS_STRING_CATALOGS = YES;
				MTL_ENABLE_DEBUG_INFO = NO;
				MTL_FAST_MATH = YES;
				SDKROOT = iphoneos;
				SWIFT_COMPILATION_MODE = wholemodule;
				VALIDATE_PRODUCT = YES;
			};
			name = Release;
		};
		81E7FF0F2C6C6BBE00200CF2 /* Debug */ = {
			isa = XCBuildConfiguration;
			buildSettings = {
				ASSETCATALOG_COMPILER_APPICON_NAME = AppIcon;
				ASSETCATALOG_COMPILER_GLOBAL_ACCENT_COLOR_NAME = AccentColor;
				CODE_SIGN_ENTITLEMENTS = runwithu/App/runwithu.entitlements;
				CODE_SIGN_STYLE = Automatic;
				CURRENT_PROJECT_VERSION = 1;
				DEVELOPMENT_TEAM = YM49LMS87D;
				GENERATE_INFOPLIST_FILE = YES;
				INFOPLIST_FILE = runwithu/App/Info.plist;
				INFOPLIST_KEY_CFBundleDisplayName = "런윗유 - 함께 달려요";
				INFOPLIST_KEY_NSPhotoLibraryUsageDescription = "러너님의 소중한 러닝 일지, 러닝 용품 후기, 마라톤 개최, 러닝 그룹 생성을 위해 사진 앨범 사용 권한이 필요해요.";
				INFOPLIST_KEY_UIApplicationSupportsIndirectInputEvents = YES;
				INFOPLIST_KEY_UILaunchStoryboardName = LaunchScreen;
				INFOPLIST_KEY_UISupportedInterfaceOrientations = UIInterfaceOrientationPortrait;
				INFOPLIST_KEY_UISupportedInterfaceOrientations_iPad = UIInterfaceOrientationPortrait;
				IPHONEOS_DEPLOYMENT_TARGET = 16.0;
				LD_RUNPATH_SEARCH_PATHS = (
					"$(inherited)",
					"@executable_path/Frameworks",
				);
				MARKETING_VERSION = 0.0.1;
				PRODUCT_BUNDLE_IDENTIFIER = teamhk.runwithu;
				PRODUCT_NAME = "$(TARGET_NAME)";
				SUPPORTED_PLATFORMS = "iphoneos iphonesimulator";
				SUPPORTS_MACCATALYST = NO;
				SUPPORTS_MAC_DESIGNED_FOR_IPHONE_IPAD = NO;
				SUPPORTS_XR_DESIGNED_FOR_IPHONE_IPAD = NO;
				SWIFT_EMIT_LOC_STRINGS = YES;
				SWIFT_VERSION = 5.0;
				TARGETED_DEVICE_FAMILY = 1;
			};
			name = Debug;
		};
		81E7FF102C6C6BBE00200CF2 /* Release */ = {
			isa = XCBuildConfiguration;
			buildSettings = {
				ASSETCATALOG_COMPILER_APPICON_NAME = AppIcon;
				ASSETCATALOG_COMPILER_GLOBAL_ACCENT_COLOR_NAME = AccentColor;
				CODE_SIGN_ENTITLEMENTS = runwithu/App/runwithu.entitlements;
				CODE_SIGN_STYLE = Automatic;
				CURRENT_PROJECT_VERSION = 1;
				DEVELOPMENT_TEAM = YM49LMS87D;
				GENERATE_INFOPLIST_FILE = YES;
				INFOPLIST_FILE = runwithu/App/Info.plist;
				INFOPLIST_KEY_CFBundleDisplayName = "런윗유 - 함께 달려요";
				INFOPLIST_KEY_NSPhotoLibraryUsageDescription = "러너님의 소중한 러닝 일지, 러닝 용품 후기, 마라톤 개최, 러닝 그룹 생성을 위해 사진 앨범 사용 권한이 필요해요.";
				INFOPLIST_KEY_UIApplicationSupportsIndirectInputEvents = YES;
				INFOPLIST_KEY_UILaunchStoryboardName = LaunchScreen;
				INFOPLIST_KEY_UISupportedInterfaceOrientations = UIInterfaceOrientationPortrait;
				INFOPLIST_KEY_UISupportedInterfaceOrientations_iPad = UIInterfaceOrientationPortrait;
				IPHONEOS_DEPLOYMENT_TARGET = 16.0;
				LD_RUNPATH_SEARCH_PATHS = (
					"$(inherited)",
					"@executable_path/Frameworks",
				);
				MARKETING_VERSION = 0.0.1;
				PRODUCT_BUNDLE_IDENTIFIER = teamhk.runwithu;
				PRODUCT_NAME = "$(TARGET_NAME)";
				SUPPORTED_PLATFORMS = "iphoneos iphonesimulator";
				SUPPORTS_MACCATALYST = NO;
				SUPPORTS_MAC_DESIGNED_FOR_IPHONE_IPAD = NO;
				SUPPORTS_XR_DESIGNED_FOR_IPHONE_IPAD = NO;
				SWIFT_EMIT_LOC_STRINGS = YES;
				SWIFT_VERSION = 5.0;
				TARGETED_DEVICE_FAMILY = 1;
			};
			name = Release;
		};
/* End XCBuildConfiguration section */

/* Begin XCConfigurationList section */
		81E7FEF52C6C6BBD00200CF2 /* Build configuration list for PBXProject "runwithu" */ = {
			isa = XCConfigurationList;
			buildConfigurations = (
				81E7FF0C2C6C6BBE00200CF2 /* Debug */,
				81E7FF0D2C6C6BBE00200CF2 /* Release */,
			);
			defaultConfigurationIsVisible = 0;
			defaultConfigurationName = Release;
		};
		81E7FF0E2C6C6BBE00200CF2 /* Build configuration list for PBXNativeTarget "runwithu" */ = {
			isa = XCConfigurationList;
			buildConfigurations = (
				81E7FF0F2C6C6BBE00200CF2 /* Debug */,
				81E7FF102C6C6BBE00200CF2 /* Release */,
			);
			defaultConfigurationIsVisible = 0;
			defaultConfigurationName = Release;
		};
/* End XCConfigurationList section */

/* Begin XCRemoteSwiftPackageReference section */
		813549002C8062D300F975FB /* XCRemoteSwiftPackageReference "MCEmojiPicker" */ = {
			isa = XCRemoteSwiftPackageReference;
			repositoryURL = "https://github.com/izyumkin/MCEmojiPicker.git";
			requirement = {
				kind = upToNextMajorVersion;
				minimumVersion = 1.2.3;
			};
		};
		8157F18B2C7D9EFB00661BB6 /* XCRemoteSwiftPackageReference "iamport-ios" */ = {
			isa = XCRemoteSwiftPackageReference;
			repositoryURL = "https://github.com/iamport/iamport-ios.git";
			requirement = {
				kind = upToNextMajorVersion;
				minimumVersion = 1.1.0;
			};
		};
		81876E572C80C84B00381427 /* XCRemoteSwiftPackageReference "RxDataSources" */ = {
			isa = XCRemoteSwiftPackageReference;
			repositoryURL = "https://github.com/RxSwiftCommunity/RxDataSources.git";
			requirement = {
				kind = upToNextMajorVersion;
				minimumVersion = 5.0.2;
			};
		};
		81A3B9662C7847E3009AD659 /* XCRemoteSwiftPackageReference "RxGesture" */ = {
			isa = XCRemoteSwiftPackageReference;
			repositoryURL = "https://github.com/RxSwiftCommunity/RxGesture.git";
			requirement = {
				kind = upToNextMajorVersion;
				minimumVersion = 4.0.4;
			};
		};
		81A3B99D2C7B7A9D009AD659 /* XCRemoteSwiftPackageReference "Kingfisher" */ = {
			isa = XCRemoteSwiftPackageReference;
			repositoryURL = "https://github.com/onevcat/Kingfisher.git";
			requirement = {
				kind = upToNextMajorVersion;
				minimumVersion = 7.12.0;
			};
		};
		81E7FF8F2C6F2B5300200CF2 /* XCRemoteSwiftPackageReference "SnapKit" */ = {
			isa = XCRemoteSwiftPackageReference;
			repositoryURL = "https://github.com/SnapKit/SnapKit.git";
			requirement = {
				kind = upToNextMajorVersion;
				minimumVersion = 5.7.1;
			};
		};
		81E7FF922C6F2B6200200CF2 /* XCRemoteSwiftPackageReference "RxSwift" */ = {
			isa = XCRemoteSwiftPackageReference;
			repositoryURL = "https://github.com/ReactiveX/RxSwift.git";
			requirement = {
				kind = upToNextMajorVersion;
				minimumVersion = 6.7.1;
			};
		};
		81E7FF972C6F304500200CF2 /* XCRemoteSwiftPackageReference "PinLayout" */ = {
			isa = XCRemoteSwiftPackageReference;
			repositoryURL = "https://github.com/layoutBox/PinLayout.git";
			requirement = {
				kind = upToNextMajorVersion;
				minimumVersion = 1.10.5;
			};
		};
		81E7FF9A2C6F308600200CF2 /* XCRemoteSwiftPackageReference "FlexLayout" */ = {
			isa = XCRemoteSwiftPackageReference;
			repositoryURL = "https://github.com/layoutBox/FlexLayout.git";
			requirement = {
				kind = upToNextMajorVersion;
				minimumVersion = 2.0.10;
			};
		};
		81E7FFAC2C6F701400200CF2 /* XCRemoteSwiftPackageReference "IQKeyboardManager" */ = {
			isa = XCRemoteSwiftPackageReference;
			repositoryURL = "https://github.com/hackiftekhar/IQKeyboardManager.git";
			requirement = {
				kind = upToNextMajorVersion;
				minimumVersion = 7.1.1;
			};
		};
/* End XCRemoteSwiftPackageReference section */

/* Begin XCSwiftPackageProductDependency section */
		813549012C8062D300F975FB /* MCEmojiPicker */ = {
			isa = XCSwiftPackageProductDependency;
			package = 813549002C8062D300F975FB /* XCRemoteSwiftPackageReference "MCEmojiPicker" */;
			productName = MCEmojiPicker;
		};
		8157F18C2C7D9EFB00661BB6 /* iamport-ios */ = {
			isa = XCSwiftPackageProductDependency;
			package = 8157F18B2C7D9EFB00661BB6 /* XCRemoteSwiftPackageReference "iamport-ios" */;
			productName = "iamport-ios";
		};
		81876E582C80C84B00381427 /* RxDataSources */ = {
			isa = XCSwiftPackageProductDependency;
			package = 81876E572C80C84B00381427 /* XCRemoteSwiftPackageReference "RxDataSources" */;
			productName = RxDataSources;
		};
		81A3B9672C7847E3009AD659 /* RxGesture */ = {
			isa = XCSwiftPackageProductDependency;
			package = 81A3B9662C7847E3009AD659 /* XCRemoteSwiftPackageReference "RxGesture" */;
			productName = RxGesture;
		};
		81A3B99E2C7B7A9D009AD659 /* Kingfisher */ = {
			isa = XCSwiftPackageProductDependency;
			package = 81A3B99D2C7B7A9D009AD659 /* XCRemoteSwiftPackageReference "Kingfisher" */;
			productName = Kingfisher;
		};
		81E7FF902C6F2B5300200CF2 /* SnapKit */ = {
			isa = XCSwiftPackageProductDependency;
			package = 81E7FF8F2C6F2B5300200CF2 /* XCRemoteSwiftPackageReference "SnapKit" */;
			productName = SnapKit;
		};
		81E7FF932C6F2B6200200CF2 /* RxCocoa */ = {
			isa = XCSwiftPackageProductDependency;
			package = 81E7FF922C6F2B6200200CF2 /* XCRemoteSwiftPackageReference "RxSwift" */;
			productName = RxCocoa;
		};
		81E7FF952C6F2B6200200CF2 /* RxSwift */ = {
			isa = XCSwiftPackageProductDependency;
			package = 81E7FF922C6F2B6200200CF2 /* XCRemoteSwiftPackageReference "RxSwift" */;
			productName = RxSwift;
		};
		81E7FF982C6F304500200CF2 /* PinLayout */ = {
			isa = XCSwiftPackageProductDependency;
			package = 81E7FF972C6F304500200CF2 /* XCRemoteSwiftPackageReference "PinLayout" */;
			productName = PinLayout;
		};
		81E7FF9B2C6F308600200CF2 /* FlexLayout */ = {
			isa = XCSwiftPackageProductDependency;
			package = 81E7FF9A2C6F308600200CF2 /* XCRemoteSwiftPackageReference "FlexLayout" */;
			productName = FlexLayout;
		};
		81E7FFAD2C6F701400200CF2 /* IQKeyboardManagerSwift */ = {
			isa = XCSwiftPackageProductDependency;
			package = 81E7FFAC2C6F701400200CF2 /* XCRemoteSwiftPackageReference "IQKeyboardManager" */;
			productName = IQKeyboardManagerSwift;
		};
/* End XCSwiftPackageProductDependency section */
	};
	rootObject = 81E7FEF22C6C6BBD00200CF2 /* Project object */;
}
