// !$*UTF8*$!
{
	archiveVersion = 1;
	classes = {
	};
	objectVersion = 56;
	objects = {

/* Begin PBXBuildFile section */
		81E7FF232C6C6C2700200CF2 /* Enum+Text.swift in Sources */ = {isa = PBXBuildFile; fileRef = 81E7FF112C6C6C2700200CF2 /* Enum+Text.swift */; };
		81E7FF242C6C6C2700200CF2 /* Extension+UIView.swift in Sources */ = {isa = PBXBuildFile; fileRef = 81E7FF132C6C6C2700200CF2 /* Extension+UIView.swift */; };
		81E7FF252C6C6C2700200CF2 /* ViewController.swift in Sources */ = {isa = PBXBuildFile; fileRef = 81E7FF152C6C6C2700200CF2 /* ViewController.swift */; };
		81E7FF262C6C6C2700200CF2 /* AppDelegate.swift in Sources */ = {isa = PBXBuildFile; fileRef = 81E7FF172C6C6C2700200CF2 /* AppDelegate.swift */; };
		81E7FF272C6C6C2700200CF2 /* Assets.xcassets in Resources */ = {isa = PBXBuildFile; fileRef = 81E7FF182C6C6C2700200CF2 /* Assets.xcassets */; };
		81E7FF292C6C6C2700200CF2 /* LaunchScreen.storyboard in Resources */ = {isa = PBXBuildFile; fileRef = 81E7FF1B2C6C6C2700200CF2 /* LaunchScreen.storyboard */; };
		81E7FF2A2C6C6C2700200CF2 /* SceneDelegate.swift in Sources */ = {isa = PBXBuildFile; fileRef = 81E7FF1C2C6C6C2700200CF2 /* SceneDelegate.swift */; };
		81E7FF2D2C6C6C4D00200CF2 /* README.md in Resources */ = {isa = PBXBuildFile; fileRef = 81E7FF2C2C6C6C4D00200CF2 /* README.md */; };
		81E7FF2F2C6C6C9800200CF2 /* .gitignore in Resources */ = {isa = PBXBuildFile; fileRef = 81E7FF2E2C6C6C9800200CF2 /* .gitignore */; };
		81E7FF312C6C6CA200200CF2 /* ENV.swift in Sources */ = {isa = PBXBuildFile; fileRef = 81E7FF302C6C6CA200200CF2 /* ENV.swift */; };
		81E7FF352C6C723E00200CF2 /* UserEndPoint.swift in Sources */ = {isa = PBXBuildFile; fileRef = 81E7FF342C6C723E00200CF2 /* UserEndPoint.swift */; };
		81E7FF372C6C736100200CF2 /* Network.swift in Sources */ = {isa = PBXBuildFile; fileRef = 81E7FF362C6C736100200CF2 /* Network.swift */; };
		81E7FF392C6C738B00200CF2 /* EndPoint.swift in Sources */ = {isa = PBXBuildFile; fileRef = 81E7FF382C6C738B00200CF2 /* EndPoint.swift */; };
		81E7FF3B2C6C743400200CF2 /* NetworkMethod.swift in Sources */ = {isa = PBXBuildFile; fileRef = 81E7FF3A2C6C743400200CF2 /* NetworkMethod.swift */; };
		81E7FF3D2C6C762F00200CF2 /* JoinDTO.swift in Sources */ = {isa = PBXBuildFile; fileRef = 81E7FF3C2C6C762F00200CF2 /* JoinDTO.swift */; };
		81E7FF3F2C6C769D00200CF2 /* LoginDTO.swift in Sources */ = {isa = PBXBuildFile; fileRef = 81E7FF3E2C6C769D00200CF2 /* LoginDTO.swift */; };
		81E7FF412C6C76E100200CF2 /* ValidEmailDTO.swift in Sources */ = {isa = PBXBuildFile; fileRef = 81E7FF402C6C76E100200CF2 /* ValidEmailDTO.swift */; };
		81E7FF442C6C7B6D00200CF2 /* NetworkErrors.swift in Sources */ = {isa = PBXBuildFile; fileRef = 81E7FF432C6C7B6D00200CF2 /* NetworkErrors.swift */; };
		81E7FF462C6C7C0100200CF2 /* Extension+Encodable.swift in Sources */ = {isa = PBXBuildFile; fileRef = 81E7FF452C6C7C0100200CF2 /* Extension+Encodable.swift */; };
		81E7FF4B2C6CA4FD00200CF2 /* SnapKit in Frameworks */ = {isa = PBXBuildFile; productRef = 81E7FF4A2C6CA4FD00200CF2 /* SnapKit */; };
		81E7FF4E2C6CA58E00200CF2 /* RxCocoa in Frameworks */ = {isa = PBXBuildFile; productRef = 81E7FF4D2C6CA58E00200CF2 /* RxCocoa */; };
		81E7FF502C6CA58E00200CF2 /* RxSwift in Frameworks */ = {isa = PBXBuildFile; productRef = 81E7FF4F2C6CA58E00200CF2 /* RxSwift */; };
		81E7FF552C6CAD0700200CF2 /* RefreshTokenDTO.swift in Sources */ = {isa = PBXBuildFile; fileRef = 81E7FF542C6CAD0700200CF2 /* RefreshTokenDTO.swift */; };
		81E7FF592C6CB25900200CF2 /* AuthEndPoint.swift in Sources */ = {isa = PBXBuildFile; fileRef = 81E7FF582C6CB25900200CF2 /* AuthEndPoint.swift */; };
		81E7FF5B2C6D7FF400200CF2 /* TokenManager.swift in Sources */ = {isa = PBXBuildFile; fileRef = 81E7FF5A2C6D7FF400200CF2 /* TokenManager.swift */; };
		81E7FF5D2C6D8F9B00200CF2 /* TokenErrors.swift in Sources */ = {isa = PBXBuildFile; fileRef = 81E7FF5C2C6D8F9B00200CF2 /* TokenErrors.swift */; };
		81E7FF612C6DB8F000200CF2 /* ProfileDTO.swift in Sources */ = {isa = PBXBuildFile; fileRef = 81E7FF602C6DB8F000200CF2 /* ProfileDTO.swift */; };
		81E7FF632C6EDF8800200CF2 /* PostEndPoint.swift in Sources */ = {isa = PBXBuildFile; fileRef = 81E7FF622C6EDF8800200CF2 /* PostEndPoint.swift */; };
		81E7FF672C6EDFEB00200CF2 /* ImageUploadDTO.swift in Sources */ = {isa = PBXBuildFile; fileRef = 81E7FF662C6EDFEB00200CF2 /* ImageUploadDTO.swift */; };
		81E7FF6B2C6EE7AD00200CF2 /* PostsDTO.swift in Sources */ = {isa = PBXBuildFile; fileRef = 81E7FF6A2C6EE7AD00200CF2 /* PostsDTO.swift */; };
		81E7FF6F2C6EF55A00200CF2 /* ProductIds.swift in Sources */ = {isa = PBXBuildFile; fileRef = 81E7FF6E2C6EF55A00200CF2 /* ProductIds.swift */; };
		81E7FF712C6EF67300200CF2 /* PostsCommunityType.swift in Sources */ = {isa = PBXBuildFile; fileRef = 81E7FF702C6EF67300200CF2 /* PostsCommunityType.swift */; };
		81E7FF732C6EF74E00200CF2 /* RunningInfo.swift in Sources */ = {isa = PBXBuildFile; fileRef = 81E7FF722C6EF74E00200CF2 /* RunningInfo.swift */; };
		81E7FF762C6EF86000200CF2 /* RunningHardType.swift in Sources */ = {isa = PBXBuildFile; fileRef = 81E7FF752C6EF86000200CF2 /* RunningHardType.swift */; };
		81E7FF782C6EFE2100200CF2 /* GetPostDTO.swift in Sources */ = {isa = PBXBuildFile; fileRef = 81E7FF772C6EFE2100200CF2 /* GetPostDTO.swift */; };
		81E7FF7A2C6F07E600200CF2 /* UpdatePostDTO.swift in Sources */ = {isa = PBXBuildFile; fileRef = 81E7FF792C6F07E600200CF2 /* UpdatePostDTO.swift */; };
		81E7FF7E2C6F16F400200CF2 /* EpilogueInput.swift in Sources */ = {isa = PBXBuildFile; fileRef = 81E7FF7D2C6F16F400200CF2 /* EpilogueInput.swift */; };
		81E7FF802C6F183700200CF2 /* Extension+Date.swift in Sources */ = {isa = PBXBuildFile; fileRef = 81E7FF7F2C6F183700200CF2 /* Extension+Date.swift */; };
		81E7FF822C6F1C8700200CF2 /* ProductEpilogueInput.swift in Sources */ = {isa = PBXBuildFile; fileRef = 81E7FF812C6F1C8700200CF2 /* ProductEpilogueInput.swift */; };
		81E7FF842C6F1CBC00200CF2 /* RunningProductType.swift in Sources */ = {isa = PBXBuildFile; fileRef = 81E7FF832C6F1CBC00200CF2 /* RunningProductType.swift */; };
		81E7FF862C6F215E00200CF2 /* PostInputType.swift in Sources */ = {isa = PBXBuildFile; fileRef = 81E7FF852C6F215E00200CF2 /* PostInputType.swift */; };
		81E7FF882C6F21AF00200CF2 /* QnaInput.swift in Sources */ = {isa = PBXBuildFile; fileRef = 81E7FF872C6F21AF00200CF2 /* QnaInput.swift */; };
		81E7FF8A2C6F21E100200CF2 /* OpenMarathonInput.swift in Sources */ = {isa = PBXBuildFile; fileRef = 81E7FF892C6F21E100200CF2 /* OpenMarathonInput.swift */; };
		81E7FF8C2C6F22BE00200CF2 /* CreateRunningGroupInput.swift in Sources */ = {isa = PBXBuildFile; fileRef = 81E7FF8B2C6F22BE00200CF2 /* CreateRunningGroupInput.swift */; };
		81E7FF8E2C6F249000200CF2 /* CreateInvitationInput.swift in Sources */ = {isa = PBXBuildFile; fileRef = 81E7FF8D2C6F249000200CF2 /* CreateInvitationInput.swift */; };
/* End PBXBuildFile section */

/* Begin PBXFileReference section */
		81E7FEFA2C6C6BBD00200CF2 /* runwithu.app */ = {isa = PBXFileReference; explicitFileType = wrapper.application; includeInIndex = 0; path = runwithu.app; sourceTree = BUILT_PRODUCTS_DIR; };
		81E7FF0B2C6C6BBE00200CF2 /* Info.plist */ = {isa = PBXFileReference; lastKnownFileType = text.plist.xml; path = Info.plist; sourceTree = "<group>"; };
		81E7FF112C6C6C2700200CF2 /* Enum+Text.swift */ = {isa = PBXFileReference; fileEncoding = 4; lastKnownFileType = sourcecode.swift; path = "Enum+Text.swift"; sourceTree = "<group>"; };
		81E7FF132C6C6C2700200CF2 /* Extension+UIView.swift */ = {isa = PBXFileReference; fileEncoding = 4; lastKnownFileType = sourcecode.swift; path = "Extension+UIView.swift"; sourceTree = "<group>"; };
		81E7FF152C6C6C2700200CF2 /* ViewController.swift */ = {isa = PBXFileReference; fileEncoding = 4; lastKnownFileType = sourcecode.swift; path = ViewController.swift; sourceTree = "<group>"; };
		81E7FF172C6C6C2700200CF2 /* AppDelegate.swift */ = {isa = PBXFileReference; fileEncoding = 4; lastKnownFileType = sourcecode.swift; path = AppDelegate.swift; sourceTree = "<group>"; };
		81E7FF182C6C6C2700200CF2 /* Assets.xcassets */ = {isa = PBXFileReference; lastKnownFileType = folder.assetcatalog; path = Assets.xcassets; sourceTree = "<group>"; };
		81E7FF1A2C6C6C2700200CF2 /* Base */ = {isa = PBXFileReference; lastKnownFileType = file.storyboard; name = Base; path = Base.lproj/LaunchScreen.storyboard; sourceTree = "<group>"; };
		81E7FF1C2C6C6C2700200CF2 /* SceneDelegate.swift */ = {isa = PBXFileReference; fileEncoding = 4; lastKnownFileType = sourcecode.swift; path = SceneDelegate.swift; sourceTree = "<group>"; };
		81E7FF2C2C6C6C4D00200CF2 /* README.md */ = {isa = PBXFileReference; fileEncoding = 4; lastKnownFileType = net.daringfireball.markdown; path = README.md; sourceTree = "<group>"; };
		81E7FF2E2C6C6C9800200CF2 /* .gitignore */ = {isa = PBXFileReference; lastKnownFileType = text; path = .gitignore; sourceTree = "<group>"; };
		81E7FF302C6C6CA200200CF2 /* ENV.swift */ = {isa = PBXFileReference; lastKnownFileType = sourcecode.swift; path = ENV.swift; sourceTree = "<group>"; };
		81E7FF342C6C723E00200CF2 /* UserEndPoint.swift */ = {isa = PBXFileReference; lastKnownFileType = sourcecode.swift; path = UserEndPoint.swift; sourceTree = "<group>"; };
		81E7FF362C6C736100200CF2 /* Network.swift */ = {isa = PBXFileReference; lastKnownFileType = sourcecode.swift; path = Network.swift; sourceTree = "<group>"; };
		81E7FF382C6C738B00200CF2 /* EndPoint.swift */ = {isa = PBXFileReference; lastKnownFileType = sourcecode.swift; path = EndPoint.swift; sourceTree = "<group>"; };
		81E7FF3A2C6C743400200CF2 /* NetworkMethod.swift */ = {isa = PBXFileReference; lastKnownFileType = sourcecode.swift; path = NetworkMethod.swift; sourceTree = "<group>"; };
		81E7FF3C2C6C762F00200CF2 /* JoinDTO.swift */ = {isa = PBXFileReference; lastKnownFileType = sourcecode.swift; path = JoinDTO.swift; sourceTree = "<group>"; };
		81E7FF3E2C6C769D00200CF2 /* LoginDTO.swift */ = {isa = PBXFileReference; lastKnownFileType = sourcecode.swift; path = LoginDTO.swift; sourceTree = "<group>"; };
		81E7FF402C6C76E100200CF2 /* ValidEmailDTO.swift */ = {isa = PBXFileReference; lastKnownFileType = sourcecode.swift; path = ValidEmailDTO.swift; sourceTree = "<group>"; };
		81E7FF432C6C7B6D00200CF2 /* NetworkErrors.swift */ = {isa = PBXFileReference; lastKnownFileType = sourcecode.swift; path = NetworkErrors.swift; sourceTree = "<group>"; };
		81E7FF452C6C7C0100200CF2 /* Extension+Encodable.swift */ = {isa = PBXFileReference; lastKnownFileType = sourcecode.swift; path = "Extension+Encodable.swift"; sourceTree = "<group>"; };
		81E7FF542C6CAD0700200CF2 /* RefreshTokenDTO.swift */ = {isa = PBXFileReference; lastKnownFileType = sourcecode.swift; path = RefreshTokenDTO.swift; sourceTree = "<group>"; };
		81E7FF582C6CB25900200CF2 /* AuthEndPoint.swift */ = {isa = PBXFileReference; lastKnownFileType = sourcecode.swift; path = AuthEndPoint.swift; sourceTree = "<group>"; };
		81E7FF5A2C6D7FF400200CF2 /* TokenManager.swift */ = {isa = PBXFileReference; lastKnownFileType = sourcecode.swift; path = TokenManager.swift; sourceTree = "<group>"; };
		81E7FF5C2C6D8F9B00200CF2 /* TokenErrors.swift */ = {isa = PBXFileReference; lastKnownFileType = sourcecode.swift; path = TokenErrors.swift; sourceTree = "<group>"; };
		81E7FF602C6DB8F000200CF2 /* ProfileDTO.swift */ = {isa = PBXFileReference; lastKnownFileType = sourcecode.swift; path = ProfileDTO.swift; sourceTree = "<group>"; };
		81E7FF622C6EDF8800200CF2 /* PostEndPoint.swift */ = {isa = PBXFileReference; lastKnownFileType = sourcecode.swift; path = PostEndPoint.swift; sourceTree = "<group>"; };
		81E7FF662C6EDFEB00200CF2 /* ImageUploadDTO.swift */ = {isa = PBXFileReference; lastKnownFileType = sourcecode.swift; path = ImageUploadDTO.swift; sourceTree = "<group>"; };
		81E7FF6A2C6EE7AD00200CF2 /* PostsDTO.swift */ = {isa = PBXFileReference; lastKnownFileType = sourcecode.swift; path = PostsDTO.swift; sourceTree = "<group>"; };
		81E7FF6E2C6EF55A00200CF2 /* ProductIds.swift */ = {isa = PBXFileReference; lastKnownFileType = sourcecode.swift; path = ProductIds.swift; sourceTree = "<group>"; };
		81E7FF702C6EF67300200CF2 /* PostsCommunityType.swift */ = {isa = PBXFileReference; lastKnownFileType = sourcecode.swift; path = PostsCommunityType.swift; sourceTree = "<group>"; };
		81E7FF722C6EF74E00200CF2 /* RunningInfo.swift */ = {isa = PBXFileReference; lastKnownFileType = sourcecode.swift; path = RunningInfo.swift; sourceTree = "<group>"; };
		81E7FF752C6EF86000200CF2 /* RunningHardType.swift */ = {isa = PBXFileReference; lastKnownFileType = sourcecode.swift; path = RunningHardType.swift; sourceTree = "<group>"; };
		81E7FF772C6EFE2100200CF2 /* GetPostDTO.swift */ = {isa = PBXFileReference; lastKnownFileType = sourcecode.swift; path = GetPostDTO.swift; sourceTree = "<group>"; };
		81E7FF792C6F07E600200CF2 /* UpdatePostDTO.swift */ = {isa = PBXFileReference; lastKnownFileType = sourcecode.swift; path = UpdatePostDTO.swift; sourceTree = "<group>"; };
		81E7FF7D2C6F16F400200CF2 /* EpilogueInput.swift */ = {isa = PBXFileReference; lastKnownFileType = sourcecode.swift; path = EpilogueInput.swift; sourceTree = "<group>"; };
		81E7FF7F2C6F183700200CF2 /* Extension+Date.swift */ = {isa = PBXFileReference; lastKnownFileType = sourcecode.swift; path = "Extension+Date.swift"; sourceTree = "<group>"; };
		81E7FF812C6F1C8700200CF2 /* ProductEpilogueInput.swift */ = {isa = PBXFileReference; lastKnownFileType = sourcecode.swift; path = ProductEpilogueInput.swift; sourceTree = "<group>"; };
		81E7FF832C6F1CBC00200CF2 /* RunningProductType.swift */ = {isa = PBXFileReference; lastKnownFileType = sourcecode.swift; path = RunningProductType.swift; sourceTree = "<group>"; };
		81E7FF852C6F215E00200CF2 /* PostInputType.swift */ = {isa = PBXFileReference; lastKnownFileType = sourcecode.swift; path = PostInputType.swift; sourceTree = "<group>"; };
		81E7FF872C6F21AF00200CF2 /* QnaInput.swift */ = {isa = PBXFileReference; lastKnownFileType = sourcecode.swift; path = QnaInput.swift; sourceTree = "<group>"; };
		81E7FF892C6F21E100200CF2 /* OpenMarathonInput.swift */ = {isa = PBXFileReference; lastKnownFileType = sourcecode.swift; path = OpenMarathonInput.swift; sourceTree = "<group>"; };
		81E7FF8B2C6F22BE00200CF2 /* CreateRunningGroupInput.swift */ = {isa = PBXFileReference; lastKnownFileType = sourcecode.swift; path = CreateRunningGroupInput.swift; sourceTree = "<group>"; };
		81E7FF8D2C6F249000200CF2 /* CreateInvitationInput.swift */ = {isa = PBXFileReference; lastKnownFileType = sourcecode.swift; path = CreateInvitationInput.swift; sourceTree = "<group>"; };
/* End PBXFileReference section */

/* Begin PBXFrameworksBuildPhase section */
		81E7FEF72C6C6BBD00200CF2 /* Frameworks */ = {
			isa = PBXFrameworksBuildPhase;
			buildActionMask = 2147483647;
			files = (
				81E7FF502C6CA58E00200CF2 /* RxSwift in Frameworks */,
				81E7FF4E2C6CA58E00200CF2 /* RxCocoa in Frameworks */,
				81E7FF4B2C6CA4FD00200CF2 /* SnapKit in Frameworks */,
			);
			runOnlyForDeploymentPostprocessing = 0;
		};
/* End PBXFrameworksBuildPhase section */

/* Begin PBXGroup section */
		81E7FEF12C6C6BBD00200CF2 = {
			isa = PBXGroup;
			children = (
				81E7FF2E2C6C6C9800200CF2 /* .gitignore */,
				81E7FF2C2C6C6C4D00200CF2 /* README.md */,
				81E7FEFC2C6C6BBD00200CF2 /* runwithu */,
				81E7FEFB2C6C6BBD00200CF2 /* Products */,
			);
			sourceTree = "<group>";
		};
		81E7FEFB2C6C6BBD00200CF2 /* Products */ = {
			isa = PBXGroup;
			children = (
				81E7FEFA2C6C6BBD00200CF2 /* runwithu.app */,
			);
			name = Products;
			sourceTree = "<group>";
		};
		81E7FEFC2C6C6BBD00200CF2 /* runwithu */ = {
			isa = PBXGroup;
			children = (
				81E7FF1D2C6C6C2700200CF2 /* App */,
				81E7FF122C6C6C2700200CF2 /* Constant */,
				81E7FF422C6C7B4E00200CF2 /* Enum */,
				81E7FF142C6C6C2700200CF2 /* Extension */,
				81E7FF222C6C6C2700200CF2 /* Model */,
				81E7FF162C6C6C2700200CF2 /* Presentation */,
				81E7FF1F2C6C6C2700200CF2 /* Protocol */,
				81E7FF322C6C722B00200CF2 /* Service */,
				81E7FF0B2C6C6BBE00200CF2 /* Info.plist */,
			);
			path = runwithu;
			sourceTree = "<group>";
		};
		81E7FF122C6C6C2700200CF2 /* Constant */ = {
			isa = PBXGroup;
			children = (
				81E7FF112C6C6C2700200CF2 /* Enum+Text.swift */,
			);
			path = Constant;
			sourceTree = "<group>";
		};
		81E7FF142C6C6C2700200CF2 /* Extension */ = {
			isa = PBXGroup;
			children = (
				81E7FF132C6C6C2700200CF2 /* Extension+UIView.swift */,
				81E7FF452C6C7C0100200CF2 /* Extension+Encodable.swift */,
				81E7FF7F2C6F183700200CF2 /* Extension+Date.swift */,
			);
			path = Extension;
			sourceTree = "<group>";
		};
		81E7FF162C6C6C2700200CF2 /* Presentation */ = {
			isa = PBXGroup;
			children = (
				81E7FF152C6C6C2700200CF2 /* ViewController.swift */,
			);
			path = Presentation;
			sourceTree = "<group>";
		};
		81E7FF1D2C6C6C2700200CF2 /* App */ = {
			isa = PBXGroup;
			children = (
				81E7FF172C6C6C2700200CF2 /* AppDelegate.swift */,
				81E7FF182C6C6C2700200CF2 /* Assets.xcassets */,
				81E7FF1B2C6C6C2700200CF2 /* LaunchScreen.storyboard */,
				81E7FF1C2C6C6C2700200CF2 /* SceneDelegate.swift */,
				81E7FF302C6C6CA200200CF2 /* ENV.swift */,
			);
			path = App;
			sourceTree = "<group>";
		};
		81E7FF1F2C6C6C2700200CF2 /* Protocol */ = {
			isa = PBXGroup;
			children = (
				81E7FF382C6C738B00200CF2 /* EndPoint.swift */,
				81E7FF852C6F215E00200CF2 /* PostInputType.swift */,
			);
			path = Protocol;
			sourceTree = "<group>";
		};
		81E7FF222C6C6C2700200CF2 /* Model */ = {
			isa = PBXGroup;
			children = (
				81E7FF6C2C6EF46A00200CF2 /* Posts */,
				81E7FF532C6CA7D800200CF2 /* DTO */,
			);
			path = Model;
			sourceTree = "<group>";
		};
		81E7FF322C6C722B00200CF2 /* Service */ = {
			isa = PBXGroup;
			children = (
				81E7FF642C6EDF9800200CF2 /* Auth */,
				81E7FF332C6C723700200CF2 /* API */,
			);
			path = Service;
			sourceTree = "<group>";
		};
		81E7FF332C6C723700200CF2 /* API */ = {
			isa = PBXGroup;
			children = (
				81E7FF582C6CB25900200CF2 /* AuthEndPoint.swift */,
				81E7FF622C6EDF8800200CF2 /* PostEndPoint.swift */,
				81E7FF342C6C723E00200CF2 /* UserEndPoint.swift */,
				81E7FF362C6C736100200CF2 /* Network.swift */,
			);
			path = API;
			sourceTree = "<group>";
		};
		81E7FF422C6C7B4E00200CF2 /* Enum */ = {
			isa = PBXGroup;
			children = (
				81E7FF742C6EF85400200CF2 /* Posts */,
				81E7FF3A2C6C743400200CF2 /* NetworkMethod.swift */,
				81E7FF432C6C7B6D00200CF2 /* NetworkErrors.swift */,
				81E7FF5C2C6D8F9B00200CF2 /* TokenErrors.swift */,
			);
			path = Enum;
			sourceTree = "<group>";
		};
		81E7FF532C6CA7D800200CF2 /* DTO */ = {
			isa = PBXGroup;
			children = (
				81E7FF5F2C6DB8DC00200CF2 /* Auth */,
				81E7FF652C6EDFCF00200CF2 /* Post */,
				81E7FF5E2C6DB8D300200CF2 /* User */,
			);
			path = DTO;
			sourceTree = "<group>";
		};
		81E7FF5E2C6DB8D300200CF2 /* User */ = {
			isa = PBXGroup;
			children = (
				81E7FF3C2C6C762F00200CF2 /* JoinDTO.swift */,
				81E7FF3E2C6C769D00200CF2 /* LoginDTO.swift */,
				81E7FF402C6C76E100200CF2 /* ValidEmailDTO.swift */,
				81E7FF602C6DB8F000200CF2 /* ProfileDTO.swift */,
			);
			path = User;
			sourceTree = "<group>";
		};
		81E7FF5F2C6DB8DC00200CF2 /* Auth */ = {
			isa = PBXGroup;
			children = (
				81E7FF542C6CAD0700200CF2 /* RefreshTokenDTO.swift */,
			);
			path = Auth;
			sourceTree = "<group>";
		};
		81E7FF642C6EDF9800200CF2 /* Auth */ = {
			isa = PBXGroup;
			children = (
				81E7FF5A2C6D7FF400200CF2 /* TokenManager.swift */,
			);
			path = Auth;
			sourceTree = "<group>";
		};
		81E7FF652C6EDFCF00200CF2 /* Post */ = {
			isa = PBXGroup;
			children = (
				81E7FF662C6EDFEB00200CF2 /* ImageUploadDTO.swift */,
				81E7FF6A2C6EE7AD00200CF2 /* PostsDTO.swift */,
				81E7FF772C6EFE2100200CF2 /* GetPostDTO.swift */,
				81E7FF792C6F07E600200CF2 /* UpdatePostDTO.swift */,
			);
			path = Post;
			sourceTree = "<group>";
		};
		81E7FF6C2C6EF46A00200CF2 /* Posts */ = {
			isa = PBXGroup;
			children = (
				81E7FF722C6EF74E00200CF2 /* RunningInfo.swift */,
				81E7FF7D2C6F16F400200CF2 /* EpilogueInput.swift */,
				81E7FF812C6F1C8700200CF2 /* ProductEpilogueInput.swift */,
				81E7FF872C6F21AF00200CF2 /* QnaInput.swift */,
				81E7FF892C6F21E100200CF2 /* OpenMarathonInput.swift */,
				81E7FF8B2C6F22BE00200CF2 /* CreateRunningGroupInput.swift */,
				81E7FF8D2C6F249000200CF2 /* CreateInvitationInput.swift */,
			);
			path = Posts;
			sourceTree = "<group>";
		};
		81E7FF742C6EF85400200CF2 /* Posts */ = {
			isa = PBXGroup;
			children = (
				81E7FF6E2C6EF55A00200CF2 /* ProductIds.swift */,
				81E7FF702C6EF67300200CF2 /* PostsCommunityType.swift */,
				81E7FF752C6EF86000200CF2 /* RunningHardType.swift */,
				81E7FF832C6F1CBC00200CF2 /* RunningProductType.swift */,
			);
			path = Posts;
			sourceTree = "<group>";
		};
/* End PBXGroup section */

/* Begin PBXNativeTarget section */
		81E7FEF92C6C6BBD00200CF2 /* runwithu */ = {
			isa = PBXNativeTarget;
			buildConfigurationList = 81E7FF0E2C6C6BBE00200CF2 /* Build configuration list for PBXNativeTarget "runwithu" */;
			buildPhases = (
				81E7FEF62C6C6BBD00200CF2 /* Sources */,
				81E7FEF72C6C6BBD00200CF2 /* Frameworks */,
				81E7FEF82C6C6BBD00200CF2 /* Resources */,
			);
			buildRules = (
			);
			dependencies = (
			);
			name = runwithu;
			packageProductDependencies = (
				81E7FF4A2C6CA4FD00200CF2 /* SnapKit */,
				81E7FF4D2C6CA58E00200CF2 /* RxCocoa */,
				81E7FF4F2C6CA58E00200CF2 /* RxSwift */,
			);
			productName = runwithu;
			productReference = 81E7FEFA2C6C6BBD00200CF2 /* runwithu.app */;
			productType = "com.apple.product-type.application";
		};
/* End PBXNativeTarget section */

/* Begin PBXProject section */
		81E7FEF22C6C6BBD00200CF2 /* Project object */ = {
			isa = PBXProject;
			attributes = {
				BuildIndependentTargetsInParallel = 1;
				LastSwiftUpdateCheck = 1540;
				LastUpgradeCheck = 1540;
				TargetAttributes = {
					81E7FEF92C6C6BBD00200CF2 = {
						CreatedOnToolsVersion = 15.4;
					};
				};
			};
			buildConfigurationList = 81E7FEF52C6C6BBD00200CF2 /* Build configuration list for PBXProject "runwithu" */;
			compatibilityVersion = "Xcode 14.0";
			developmentRegion = en;
			hasScannedForEncodings = 0;
			knownRegions = (
				en,
				Base,
			);
			mainGroup = 81E7FEF12C6C6BBD00200CF2;
			packageReferences = (
				81E7FF492C6CA4FD00200CF2 /* XCRemoteSwiftPackageReference "SnapKit" */,
				81E7FF4C2C6CA58E00200CF2 /* XCRemoteSwiftPackageReference "RxSwift" */,
			);
			productRefGroup = 81E7FEFB2C6C6BBD00200CF2 /* Products */;
			projectDirPath = "";
			projectRoot = "";
			targets = (
				81E7FEF92C6C6BBD00200CF2 /* runwithu */,
			);
		};
/* End PBXProject section */

/* Begin PBXResourcesBuildPhase section */
		81E7FEF82C6C6BBD00200CF2 /* Resources */ = {
			isa = PBXResourcesBuildPhase;
			buildActionMask = 2147483647;
			files = (
				81E7FF2F2C6C6C9800200CF2 /* .gitignore in Resources */,
				81E7FF2D2C6C6C4D00200CF2 /* README.md in Resources */,
				81E7FF272C6C6C2700200CF2 /* Assets.xcassets in Resources */,
				81E7FF292C6C6C2700200CF2 /* LaunchScreen.storyboard in Resources */,
			);
			runOnlyForDeploymentPostprocessing = 0;
		};
/* End PBXResourcesBuildPhase section */

/* Begin PBXSourcesBuildPhase section */
		81E7FEF62C6C6BBD00200CF2 /* Sources */ = {
			isa = PBXSourcesBuildPhase;
			buildActionMask = 2147483647;
			files = (
				81E7FF822C6F1C8700200CF2 /* ProductEpilogueInput.swift in Sources */,
				81E7FF3B2C6C743400200CF2 /* NetworkMethod.swift in Sources */,
				81E7FF5B2C6D7FF400200CF2 /* TokenManager.swift in Sources */,
				81E7FF762C6EF86000200CF2 /* RunningHardType.swift in Sources */,
				81E7FF312C6C6CA200200CF2 /* ENV.swift in Sources */,
				81E7FF7E2C6F16F400200CF2 /* EpilogueInput.swift in Sources */,
				81E7FF462C6C7C0100200CF2 /* Extension+Encodable.swift in Sources */,
				81E7FF672C6EDFEB00200CF2 /* ImageUploadDTO.swift in Sources */,
				81E7FF252C6C6C2700200CF2 /* ViewController.swift in Sources */,
				81E7FF802C6F183700200CF2 /* Extension+Date.swift in Sources */,
				81E7FF442C6C7B6D00200CF2 /* NetworkErrors.swift in Sources */,
				81E7FF7A2C6F07E600200CF2 /* UpdatePostDTO.swift in Sources */,
				81E7FF392C6C738B00200CF2 /* EndPoint.swift in Sources */,
				81E7FF612C6DB8F000200CF2 /* ProfileDTO.swift in Sources */,
				81E7FF2A2C6C6C2700200CF2 /* SceneDelegate.swift in Sources */,
				81E7FF552C6CAD0700200CF2 /* RefreshTokenDTO.swift in Sources */,
				81E7FF732C6EF74E00200CF2 /* RunningInfo.swift in Sources */,
				81E7FF3D2C6C762F00200CF2 /* JoinDTO.swift in Sources */,
				81E7FF412C6C76E100200CF2 /* ValidEmailDTO.swift in Sources */,
				81E7FF8E2C6F249000200CF2 /* CreateInvitationInput.swift in Sources */,
				81E7FF8C2C6F22BE00200CF2 /* CreateRunningGroupInput.swift in Sources */,
				81E7FF5D2C6D8F9B00200CF2 /* TokenErrors.swift in Sources */,
				81E7FF242C6C6C2700200CF2 /* Extension+UIView.swift in Sources */,
				81E7FF262C6C6C2700200CF2 /* AppDelegate.swift in Sources */,
				81E7FF632C6EDF8800200CF2 /* PostEndPoint.swift in Sources */,
				81E7FF712C6EF67300200CF2 /* PostsCommunityType.swift in Sources */,
				81E7FF6B2C6EE7AD00200CF2 /* PostsDTO.swift in Sources */,
				81E7FF372C6C736100200CF2 /* Network.swift in Sources */,
				81E7FF882C6F21AF00200CF2 /* QnaInput.swift in Sources */,
				81E7FF352C6C723E00200CF2 /* UserEndPoint.swift in Sources */,
				81E7FF592C6CB25900200CF2 /* AuthEndPoint.swift in Sources */,
				81E7FF862C6F215E00200CF2 /* PostInputType.swift in Sources */,
				81E7FF8A2C6F21E100200CF2 /* OpenMarathonInput.swift in Sources */,
				81E7FF782C6EFE2100200CF2 /* GetPostDTO.swift in Sources */,
				81E7FF3F2C6C769D00200CF2 /* LoginDTO.swift in Sources */,
				81E7FF232C6C6C2700200CF2 /* Enum+Text.swift in Sources */,
				81E7FF6F2C6EF55A00200CF2 /* ProductIds.swift in Sources */,
				81E7FF842C6F1CBC00200CF2 /* RunningProductType.swift in Sources */,
			);
			runOnlyForDeploymentPostprocessing = 0;
		};
/* End PBXSourcesBuildPhase section */

/* Begin PBXVariantGroup section */
		81E7FF1B2C6C6C2700200CF2 /* LaunchScreen.storyboard */ = {
			isa = PBXVariantGroup;
			children = (
				81E7FF1A2C6C6C2700200CF2 /* Base */,
			);
			name = LaunchScreen.storyboard;
			sourceTree = "<group>";
		};
/* End PBXVariantGroup section */

/* Begin XCBuildConfiguration section */
		81E7FF0C2C6C6BBE00200CF2 /* Debug */ = {
			isa = XCBuildConfiguration;
			buildSettings = {
				ALWAYS_SEARCH_USER_PATHS = NO;
				ASSETCATALOG_COMPILER_GENERATE_SWIFT_ASSET_SYMBOL_EXTENSIONS = YES;
				CLANG_ANALYZER_NONNULL = YES;
				CLANG_ANALYZER_NUMBER_OBJECT_CONVERSION = YES_AGGRESSIVE;
				CLANG_CXX_LANGUAGE_STANDARD = "gnu++20";
				CLANG_ENABLE_MODULES = YES;
				CLANG_ENABLE_OBJC_ARC = YES;
				CLANG_ENABLE_OBJC_WEAK = YES;
				CLANG_WARN_BLOCK_CAPTURE_AUTORELEASING = YES;
				CLANG_WARN_BOOL_CONVERSION = YES;
				CLANG_WARN_COMMA = YES;
				CLANG_WARN_CONSTANT_CONVERSION = YES;
				CLANG_WARN_DEPRECATED_OBJC_IMPLEMENTATIONS = YES;
				CLANG_WARN_DIRECT_OBJC_ISA_USAGE = YES_ERROR;
				CLANG_WARN_DOCUMENTATION_COMMENTS = YES;
				CLANG_WARN_EMPTY_BODY = YES;
				CLANG_WARN_ENUM_CONVERSION = YES;
				CLANG_WARN_INFINITE_RECURSION = YES;
				CLANG_WARN_INT_CONVERSION = YES;
				CLANG_WARN_NON_LITERAL_NULL_CONVERSION = YES;
				CLANG_WARN_OBJC_IMPLICIT_RETAIN_SELF = YES;
				CLANG_WARN_OBJC_LITERAL_CONVERSION = YES;
				CLANG_WARN_OBJC_ROOT_CLASS = YES_ERROR;
				CLANG_WARN_QUOTED_INCLUDE_IN_FRAMEWORK_HEADER = YES;
				CLANG_WARN_RANGE_LOOP_ANALYSIS = YES;
				CLANG_WARN_STRICT_PROTOTYPES = YES;
				CLANG_WARN_SUSPICIOUS_MOVE = YES;
				CLANG_WARN_UNGUARDED_AVAILABILITY = YES_AGGRESSIVE;
				CLANG_WARN_UNREACHABLE_CODE = YES;
				CLANG_WARN__DUPLICATE_METHOD_MATCH = YES;
				COPY_PHASE_STRIP = NO;
				DEBUG_INFORMATION_FORMAT = dwarf;
				ENABLE_STRICT_OBJC_MSGSEND = YES;
				ENABLE_TESTABILITY = YES;
				ENABLE_USER_SCRIPT_SANDBOXING = YES;
				GCC_C_LANGUAGE_STANDARD = gnu17;
				GCC_DYNAMIC_NO_PIC = NO;
				GCC_NO_COMMON_BLOCKS = YES;
				GCC_OPTIMIZATION_LEVEL = 0;
				GCC_PREPROCESSOR_DEFINITIONS = (
					"DEBUG=1",
					"$(inherited)",
				);
				GCC_WARN_64_TO_32_BIT_CONVERSION = YES;
				GCC_WARN_ABOUT_RETURN_TYPE = YES_ERROR;
				GCC_WARN_UNDECLARED_SELECTOR = YES;
				GCC_WARN_UNINITIALIZED_AUTOS = YES_AGGRESSIVE;
				GCC_WARN_UNUSED_FUNCTION = YES;
				GCC_WARN_UNUSED_VARIABLE = YES;
				IPHONEOS_DEPLOYMENT_TARGET = 16.0;
				LOCALIZATION_PREFERS_STRING_CATALOGS = YES;
				MTL_ENABLE_DEBUG_INFO = INCLUDE_SOURCE;
				MTL_FAST_MATH = YES;
				ONLY_ACTIVE_ARCH = YES;
				SDKROOT = iphoneos;
				SWIFT_ACTIVE_COMPILATION_CONDITIONS = "DEBUG $(inherited)";
				SWIFT_OPTIMIZATION_LEVEL = "-Onone";
			};
			name = Debug;
		};
		81E7FF0D2C6C6BBE00200CF2 /* Release */ = {
			isa = XCBuildConfiguration;
			buildSettings = {
				ALWAYS_SEARCH_USER_PATHS = NO;
				ASSETCATALOG_COMPILER_GENERATE_SWIFT_ASSET_SYMBOL_EXTENSIONS = YES;
				CLANG_ANALYZER_NONNULL = YES;
				CLANG_ANALYZER_NUMBER_OBJECT_CONVERSION = YES_AGGRESSIVE;
				CLANG_CXX_LANGUAGE_STANDARD = "gnu++20";
				CLANG_ENABLE_MODULES = YES;
				CLANG_ENABLE_OBJC_ARC = YES;
				CLANG_ENABLE_OBJC_WEAK = YES;
				CLANG_WARN_BLOCK_CAPTURE_AUTORELEASING = YES;
				CLANG_WARN_BOOL_CONVERSION = YES;
				CLANG_WARN_COMMA = YES;
				CLANG_WARN_CONSTANT_CONVERSION = YES;
				CLANG_WARN_DEPRECATED_OBJC_IMPLEMENTATIONS = YES;
				CLANG_WARN_DIRECT_OBJC_ISA_USAGE = YES_ERROR;
				CLANG_WARN_DOCUMENTATION_COMMENTS = YES;
				CLANG_WARN_EMPTY_BODY = YES;
				CLANG_WARN_ENUM_CONVERSION = YES;
				CLANG_WARN_INFINITE_RECURSION = YES;
				CLANG_WARN_INT_CONVERSION = YES;
				CLANG_WARN_NON_LITERAL_NULL_CONVERSION = YES;
				CLANG_WARN_OBJC_IMPLICIT_RETAIN_SELF = YES;
				CLANG_WARN_OBJC_LITERAL_CONVERSION = YES;
				CLANG_WARN_OBJC_ROOT_CLASS = YES_ERROR;
				CLANG_WARN_QUOTED_INCLUDE_IN_FRAMEWORK_HEADER = YES;
				CLANG_WARN_RANGE_LOOP_ANALYSIS = YES;
				CLANG_WARN_STRICT_PROTOTYPES = YES;
				CLANG_WARN_SUSPICIOUS_MOVE = YES;
				CLANG_WARN_UNGUARDED_AVAILABILITY = YES_AGGRESSIVE;
				CLANG_WARN_UNREACHABLE_CODE = YES;
				CLANG_WARN__DUPLICATE_METHOD_MATCH = YES;
				COPY_PHASE_STRIP = NO;
				DEBUG_INFORMATION_FORMAT = "dwarf-with-dsym";
				ENABLE_NS_ASSERTIONS = NO;
				ENABLE_STRICT_OBJC_MSGSEND = YES;
				ENABLE_USER_SCRIPT_SANDBOXING = YES;
				GCC_C_LANGUAGE_STANDARD = gnu17;
				GCC_NO_COMMON_BLOCKS = YES;
				GCC_WARN_64_TO_32_BIT_CONVERSION = YES;
				GCC_WARN_ABOUT_RETURN_TYPE = YES_ERROR;
				GCC_WARN_UNDECLARED_SELECTOR = YES;
				GCC_WARN_UNINITIALIZED_AUTOS = YES_AGGRESSIVE;
				GCC_WARN_UNUSED_FUNCTION = YES;
				GCC_WARN_UNUSED_VARIABLE = YES;
				IPHONEOS_DEPLOYMENT_TARGET = 16.0;
				LOCALIZATION_PREFERS_STRING_CATALOGS = YES;
				MTL_ENABLE_DEBUG_INFO = NO;
				MTL_FAST_MATH = YES;
				SDKROOT = iphoneos;
				SWIFT_COMPILATION_MODE = wholemodule;
				VALIDATE_PRODUCT = YES;
			};
			name = Release;
		};
		81E7FF0F2C6C6BBE00200CF2 /* Debug */ = {
			isa = XCBuildConfiguration;
			buildSettings = {
				ASSETCATALOG_COMPILER_APPICON_NAME = AppIcon;
				ASSETCATALOG_COMPILER_GLOBAL_ACCENT_COLOR_NAME = AccentColor;
				CODE_SIGN_STYLE = Automatic;
				CURRENT_PROJECT_VERSION = 1;
				DEVELOPMENT_TEAM = YM49LMS87D;
				GENERATE_INFOPLIST_FILE = YES;
				INFOPLIST_FILE = runwithu/Info.plist;
				INFOPLIST_KEY_CFBundleDisplayName = "런윗유 - 함께 달려요";
				INFOPLIST_KEY_UIApplicationSupportsIndirectInputEvents = YES;
				INFOPLIST_KEY_UILaunchStoryboardName = LaunchScreen;
				INFOPLIST_KEY_UISupportedInterfaceOrientations = UIInterfaceOrientationPortrait;
				INFOPLIST_KEY_UISupportedInterfaceOrientations_iPad = UIInterfaceOrientationPortrait;
				IPHONEOS_DEPLOYMENT_TARGET = 16.0;
				LD_RUNPATH_SEARCH_PATHS = (
					"$(inherited)",
					"@executable_path/Frameworks",
				);
				MARKETING_VERSION = 0.0.1;
				PRODUCT_BUNDLE_IDENTIFIER = teamhk.runwithu;
				PRODUCT_NAME = "$(TARGET_NAME)";
				SUPPORTED_PLATFORMS = "iphoneos iphonesimulator";
				SUPPORTS_MACCATALYST = NO;
				SUPPORTS_MAC_DESIGNED_FOR_IPHONE_IPAD = NO;
				SUPPORTS_XR_DESIGNED_FOR_IPHONE_IPAD = NO;
				SWIFT_EMIT_LOC_STRINGS = YES;
				SWIFT_VERSION = 5.0;
				TARGETED_DEVICE_FAMILY = 1;
			};
			name = Debug;
		};
		81E7FF102C6C6BBE00200CF2 /* Release */ = {
			isa = XCBuildConfiguration;
			buildSettings = {
				ASSETCATALOG_COMPILER_APPICON_NAME = AppIcon;
				ASSETCATALOG_COMPILER_GLOBAL_ACCENT_COLOR_NAME = AccentColor;
				CODE_SIGN_STYLE = Automatic;
				CURRENT_PROJECT_VERSION = 1;
				DEVELOPMENT_TEAM = YM49LMS87D;
				GENERATE_INFOPLIST_FILE = YES;
				INFOPLIST_FILE = runwithu/Info.plist;
				INFOPLIST_KEY_CFBundleDisplayName = "런윗유 - 함께 달려요";
				INFOPLIST_KEY_UIApplicationSupportsIndirectInputEvents = YES;
				INFOPLIST_KEY_UILaunchStoryboardName = LaunchScreen;
				INFOPLIST_KEY_UISupportedInterfaceOrientations = UIInterfaceOrientationPortrait;
				INFOPLIST_KEY_UISupportedInterfaceOrientations_iPad = UIInterfaceOrientationPortrait;
				IPHONEOS_DEPLOYMENT_TARGET = 16.0;
				LD_RUNPATH_SEARCH_PATHS = (
					"$(inherited)",
					"@executable_path/Frameworks",
				);
				MARKETING_VERSION = 0.0.1;
				PRODUCT_BUNDLE_IDENTIFIER = teamhk.runwithu;
				PRODUCT_NAME = "$(TARGET_NAME)";
				SUPPORTED_PLATFORMS = "iphoneos iphonesimulator";
				SUPPORTS_MACCATALYST = NO;
				SUPPORTS_MAC_DESIGNED_FOR_IPHONE_IPAD = NO;
				SUPPORTS_XR_DESIGNED_FOR_IPHONE_IPAD = NO;
				SWIFT_EMIT_LOC_STRINGS = YES;
				SWIFT_VERSION = 5.0;
				TARGETED_DEVICE_FAMILY = 1;
			};
			name = Release;
		};
/* End XCBuildConfiguration section */

/* Begin XCConfigurationList section */
		81E7FEF52C6C6BBD00200CF2 /* Build configuration list for PBXProject "runwithu" */ = {
			isa = XCConfigurationList;
			buildConfigurations = (
				81E7FF0C2C6C6BBE00200CF2 /* Debug */,
				81E7FF0D2C6C6BBE00200CF2 /* Release */,
			);
			defaultConfigurationIsVisible = 0;
			defaultConfigurationName = Release;
		};
		81E7FF0E2C6C6BBE00200CF2 /* Build configuration list for PBXNativeTarget "runwithu" */ = {
			isa = XCConfigurationList;
			buildConfigurations = (
				81E7FF0F2C6C6BBE00200CF2 /* Debug */,
				81E7FF102C6C6BBE00200CF2 /* Release */,
			);
			defaultConfigurationIsVisible = 0;
			defaultConfigurationName = Release;
		};
/* End XCConfigurationList section */

/* Begin XCRemoteSwiftPackageReference section */
		81E7FF492C6CA4FD00200CF2 /* XCRemoteSwiftPackageReference "SnapKit" */ = {
			isa = XCRemoteSwiftPackageReference;
			repositoryURL = "https://github.com/SnapKit/SnapKit.git";
			requirement = {
				kind = upToNextMajorVersion;
				minimumVersion = 5.7.1;
			};
		};
		81E7FF4C2C6CA58E00200CF2 /* XCRemoteSwiftPackageReference "RxSwift" */ = {
			isa = XCRemoteSwiftPackageReference;
			repositoryURL = "https://github.com/ReactiveX/RxSwift.git";
			requirement = {
				kind = upToNextMajorVersion;
				minimumVersion = 6.7.1;
			};
		};
/* End XCRemoteSwiftPackageReference section */

/* Begin XCSwiftPackageProductDependency section */
		81E7FF4A2C6CA4FD00200CF2 /* SnapKit */ = {
			isa = XCSwiftPackageProductDependency;
			package = 81E7FF492C6CA4FD00200CF2 /* XCRemoteSwiftPackageReference "SnapKit" */;
			productName = SnapKit;
		};
		81E7FF4D2C6CA58E00200CF2 /* RxCocoa */ = {
			isa = XCSwiftPackageProductDependency;
			package = 81E7FF4C2C6CA58E00200CF2 /* XCRemoteSwiftPackageReference "RxSwift" */;
			productName = RxCocoa;
		};
		81E7FF4F2C6CA58E00200CF2 /* RxSwift */ = {
			isa = XCSwiftPackageProductDependency;
			package = 81E7FF4C2C6CA58E00200CF2 /* XCRemoteSwiftPackageReference "RxSwift" */;
			productName = RxSwift;
		};
/* End XCSwiftPackageProductDependency section */
	};
	rootObject = 81E7FEF22C6C6BBD00200CF2 /* Project object */;
}
